{
  "nodes": {
    "disko": {
      "inputs": {
        "nixpkgs": [
          "nixpkgs"
        ]
      },
      "locked": {
        "lastModified": 1718008439,
        "narHash": "sha256-nlh/2uD5p2SAdkn6Zuey20yaR5FFWvhL3poapDGNE4Y=",
        "owner": "nix-community",
        "repo": "disko",
        "rev": "c1cfbfad7cb45f0c177b35b59ba67d1b5fc7ca82",
        "type": "github"
      },
      "original": {
        "owner": "nix-community",
        "repo": "disko",
        "type": "github"
      }
    },
    "nixpkgs": {
      "locked": {
        "lastModified": 1718086528,
        "narHash": "sha256-hoB7B7oPgypePz16cKWawPfhVvMSXj4G/qLsfFuhFjw=",
        "owner": "nixos",
        "repo": "nixpkgs",
        "rev": "47b604b07d1e8146d5398b42d3306fdebd343986",
        "type": "github"
      },
      "original": {
        "owner": "nixos",
        "ref": "nixos-24.05",
        "repo": "nixpkgs",
        "type": "github"
      }
    },
    "root": {
      "inputs": {
        "disko": "disko",
        "nixpkgs": "nixpkgs"
      }
    }
  },
  "root": "root",
  "version": 7
}
