{
  "version": 4,
  "terraform_version": "1.3.9",
  "serial": 113,
  "lineage": "79f2839f-31ff-cee9-6bda-47caa45e4882",
  "outputs": {
    "bastion_hcloud_link": {
      "value": "https://console.hetzner.cloud/projects/1461749/servers/29563586/overview",
      "type": "string"
    }
  },
  "resources": [
    {
      "mode": "managed",
      "type": "hcloud_network",
      "name": "finn-net",
      "provider": "provider[\"registry.terraform.io/hetznercloud/hcloud\"]",
      "instances": [
        {
          "schema_version": 0,
          "attributes": {
            "delete_protection": true,
            "id": "2591619",
            "ip_range": "10.0.0.0/16",
            "labels": {},
            "name": "finn-net"
          },
          "sensitive_attributes": [],
          "private": "bnVsbA=="
        }
      ]
    },
    {
      "mode": "managed",
      "type": "hcloud_network_subnet",
      "name": "vm-net",
      "provider": "provider[\"registry.terraform.io/hetznercloud/hcloud\"]",
      "instances": [
        {
          "schema_version": 0,
          "attributes": {
            "gateway": "10.0.0.1",
            "id": "2591619-10.0.0.0/24",
            "ip_range": "10.0.0.0/24",
            "network_id": 2591619,
            "network_zone": "eu-central",
            "type": "cloud",
            "vswitch_id": null
          },
          "sensitive_attributes": [],
          "private": "bnVsbA==",
          "dependencies": [
            "hcloud_network.finn-net"
          ]
        }
      ]
    },
    {
      "mode": "managed",
      "type": "hcloud_ssh_key",
      "name": "ftsell",
      "provider": "provider[\"registry.terraform.io/hetznercloud/hcloud\"]",
      "instances": [
        {
          "schema_version": 0,
          "attributes": {
            "fingerprint": "48:ea:0c:c5:e4:99:85:2b:e0:9f:91:f3:87:3a:65:65",
            "id": "10347734",
            "labels": {},
            "name": "ftsell",
            "public_key": "ssh-rsa AAAAB3NzaC1yc2EAAAADAQABAAABAQCcUOGV3tEfudXOX3JciEmyaGowgGu85OKvmmTPMMcjshh1laHAFnGBjQgizl5jA1wTs0offX9A4Z47RJq7q3PG0OmHeobs4lpPzInMPVKmjoLu9bsllvXgKttGk5I4Epdc2wp7C1T9cfwNAqQOU+H2prC95nbiFPLpFUcQ1R7HEssGkhnyV5zAOQUjsbj1jgyMVCKAPL+Lcc282Auy7qcCk42YnOZSvGJ0Fz3WGOZ2YtL/83OOkbTIXQpGkOYEsOo2pVxd5MjOrebF5XudM4n07w+mBi3PejJnfppDY6AZUwctqcGPXAV2k99ltaakaoZ8kt1QhR/BjpQ6Rw8N99JH\n"
          },
          "sensitive_attributes": [],
          "private": "bnVsbA=="
        }
      ]
    },
    {
      "module": "module.bastion-server",
      "mode": "data",
      "type": "hetznerdns_zone",
      "name": "dns_zone",
      "provider": "provider[\"registry.terraform.io/timohirt/hetznerdns\"]",
      "instances": [
        {
          "schema_version": 0,
          "attributes": {
            "id": "CbSKDWuVhnJzokDvskSk2d",
            "name": "ftsell.de",
            "ttl": 86400
          },
          "sensitive_attributes": []
        }
      ]
    },
    {
      "module": "module.bastion-server",
      "mode": "data",
      "type": "template_file",
      "name": "cloud-config",
      "provider": "provider[\"registry.terraform.io/hashicorp/template\"]",
      "instances": [
        {
          "schema_version": 0,
          "attributes": {
            "filename": null,
            "id": "a792b1ba28a589b2d44e7b98b9597bee0d911317fe691ddc44fef9348dd35980",
            "rendered": "#cloud-config\nssh_pwauth: false\npackage_update: true\npackages:\n  - \"zsh\"\n  - \"git\"\nusers:\n  - name: \"ftsell\"\n    sudo: \"ALL=(ALL) ALL\"\n    shell: \"/usr/bin/zsh\"\n    lock_passwd: false\n    passwd: \"$2b$05$Z/9WYtvTdoTh4uf.6BAqLue65tOTTWzR9Ut50Io9FJ8KvmfWtVIga\"\n    ssh_authorized_keys:\n      - \"ssh-rsa AAAAB3NzaC1yc2EAAAADAQABAAABAQCcUOGV3tEfudXOX3JciEmyaGowgGu85OKvmmTPMMcjshh1laHAFnGBjQgizl5jA1wTs0offX9A4Z47RJq7q3PG0OmHeobs4lpPzInMPVKmjoLu9bsllvXgKttGk5I4Epdc2wp7C1T9cfwNAqQOU+H2prC95nbiFPLpFUcQ1R7HEssGkhnyV5zAOQUjsbj1jgyMVCKAPL+Lcc282Auy7qcCk42YnOZSvGJ0Fz3WGOZ2YtL/83OOkbTIXQpGkOYEsOo2pVxd5MjOrebF5XudM4n07w+mBi3PejJnfppDY6AZUwctqcGPXAV2k99ltaakaoZ8kt1QhR/BjpQ6Rw8N99JH\n\"\n",
            "template": "#cloud-config\nssh_pwauth: false\npackage_update: true\npackages:\n  - \"zsh\"\n  - \"git\"\nusers:\n  - name: \"ftsell\"\n    sudo: \"ALL=(ALL) ALL\"\n    shell: \"/usr/bin/zsh\"\n    lock_passwd: false\n    passwd: \"${ ftsell_pwhash }\"\n    ssh_authorized_keys:\n      - \"${ ftsell_pubkey }\"\n",
            "vars": {
              "ftsell_pubkey": "ssh-rsa AAAAB3NzaC1yc2EAAAADAQABAAABAQCcUOGV3tEfudXOX3JciEmyaGowgGu85OKvmmTPMMcjshh1laHAFnGBjQgizl5jA1wTs0offX9A4Z47RJq7q3PG0OmHeobs4lpPzInMPVKmjoLu9bsllvXgKttGk5I4Epdc2wp7C1T9cfwNAqQOU+H2prC95nbiFPLpFUcQ1R7HEssGkhnyV5zAOQUjsbj1jgyMVCKAPL+Lcc282Auy7qcCk42YnOZSvGJ0Fz3WGOZ2YtL/83OOkbTIXQpGkOYEsOo2pVxd5MjOrebF5XudM4n07w+mBi3PejJnfppDY6AZUwctqcGPXAV2k99ltaakaoZ8kt1QhR/BjpQ6Rw8N99JH\n",
              "ftsell_pwhash": "$2b$05$Z/9WYtvTdoTh4uf.6BAqLue65tOTTWzR9Ut50Io9FJ8KvmfWtVIga"
            }
          },
          "sensitive_attributes": []
        }
      ]
    },
    {
      "module": "module.bastion-server",
      "mode": "managed",
      "type": "hcloud_rdns",
      "name": "server-ipv4",
      "provider": "provider[\"registry.terraform.io/hetznercloud/hcloud\"]",
      "instances": [
        {
          "schema_version": 0,
          "attributes": {
            "dns_ptr": "bastion.srv.ftsell.de",
            "floating_ip_id": null,
            "id": "s-29563586-5.75.238.9",
            "ip_address": "5.75.238.9",
            "load_balancer_id": null,
            "server_id": 29563586
          },
          "sensitive_attributes": [],
          "private": "bnVsbA==",
          "dependencies": [
            "hcloud_network.finn-net",
            "hcloud_network_subnet.vm-net",
            "hcloud_ssh_key.ftsell",
            "module.bastion-server.data.template_file.cloud-config",
            "module.bastion-server.hcloud_server.server"
          ]
        }
      ]
    },
    {
      "module": "module.bastion-server",
      "mode": "managed",
      "type": "hcloud_rdns",
      "name": "server-ipv6",
      "provider": "provider[\"registry.terraform.io/hetznercloud/hcloud\"]",
      "instances": [
        {
          "schema_version": 0,
          "attributes": {
            "dns_ptr": "bastion.srv.ftsell.de",
            "floating_ip_id": null,
            "id": "s-29563586-2a01:4f8:c012:437a::1",
            "ip_address": "2a01:4f8:c012:437a::1",
            "load_balancer_id": null,
            "server_id": 29563586
          },
          "sensitive_attributes": [],
          "private": "bnVsbA==",
          "dependencies": [
            "hcloud_network.finn-net",
            "hcloud_network_subnet.vm-net",
            "hcloud_ssh_key.ftsell",
            "module.bastion-server.data.template_file.cloud-config",
            "module.bastion-server.hcloud_server.server"
          ]
        }
      ]
    },
    {
      "module": "module.bastion-server",
      "mode": "managed",
      "type": "hcloud_server",
      "name": "server",
      "provider": "provider[\"registry.terraform.io/hetznercloud/hcloud\"]",
      "instances": [
        {
          "schema_version": 0,
          "attributes": {
            "allow_deprecated_images": false,
            "backup_window": "14-18",
            "backups": true,
            "datacenter": "fsn1-dc14",
            "delete_protection": true,
            "firewall_ids": [],
            "id": "29563586",
            "ignore_remote_firewall_ids": false,
            "image": "debian-11",
            "ipv4_address": "5.75.238.9",
            "ipv6_address": "2a01:4f8:c012:437a::1",
            "ipv6_network": "2a01:4f8:c012:437a::/64",
            "iso": null,
            "keep_disk": false,
            "labels": {
              "ftsell.de/purpose": "bastion"
            },
            "location": "fsn1",
            "name": "bastion",
            "network": [
              {
                "alias_ips": [],
                "ip": "10.0.0.2",
                "mac_address": "86:00:00:3a:e8:5f",
                "network_id": 2591619
              }
            ],
            "placement_group_id": null,
            "public_net": [],
            "rebuild_protection": true,
            "rescue": null,
            "server_type": "cx21",
            "ssh_keys": [
              "10347734"
            ],
            "status": "running",
            "timeouts": null,
            "user_data": "t2M8w7sJ7Z372W3tabUodnx2JyQ="
          },
          "sensitive_attributes": [],
          "private": "eyJlMmJmYjczMC1lY2FhLTExZTYtOGY4OC0zNDM2M2JjN2M0YzAiOnsiY3JlYXRlIjo1NDAwMDAwMDAwMDAwfX0=",
          "dependencies": [
            "hcloud_network.finn-net",
            "hcloud_network_subnet.vm-net",
            "hcloud_ssh_key.ftsell",
            "module.bastion-server.data.template_file.cloud-config"
          ]
        }
      ]
    },
    {
      "module": "module.bastion-server",
      "mode": "managed",
      "type": "hetznerdns_record",
      "name": "server-ipv4",
      "provider": "provider[\"registry.terraform.io/timohirt/hetznerdns\"]",
      "instances": [
        {
          "schema_version": 0,
          "attributes": {
            "id": "d5d7c09de8b672213806e95ba60370d4",
            "name": "bastion.srv",
            "ttl": 0,
            "type": "A",
            "value": "5.75.238.9",
            "zone_id": "CbSKDWuVhnJzokDvskSk2d"
          },
          "sensitive_attributes": [],
          "private": "bnVsbA==",
          "dependencies": [
            "hcloud_network.finn-net",
            "hcloud_network_subnet.vm-net",
            "hcloud_ssh_key.ftsell",
            "module.bastion-server.data.hetznerdns_zone.dns_zone",
            "module.bastion-server.data.template_file.cloud-config",
            "module.bastion-server.hcloud_server.server"
          ]
        }
      ]
    },
    {
      "module": "module.bastion-server",
      "mode": "managed",
      "type": "hetznerdns_record",
      "name": "server-ipv6",
      "provider": "provider[\"registry.terraform.io/timohirt/hetznerdns\"]",
      "instances": [
        {
          "schema_version": 0,
          "attributes": {
            "id": "2514e374e7816c3578da4b68bc843243",
            "name": "bastion.srv",
            "ttl": 0,
            "type": "AAAA",
            "value": "2a01:4f8:c012:437a::1",
            "zone_id": "CbSKDWuVhnJzokDvskSk2d"
          },
          "sensitive_attributes": [],
          "private": "bnVsbA==",
          "dependencies": [
            "hcloud_network.finn-net",
            "hcloud_network_subnet.vm-net",
            "hcloud_ssh_key.ftsell",
            "module.bastion-server.data.hetznerdns_zone.dns_zone",
            "module.bastion-server.data.template_file.cloud-config",
            "module.bastion-server.hcloud_server.server"
          ]
        }
      ]
    }
  ],
  "check_results": null
}
