{
  "version": 4,
  "terraform_version": "1.4.3",
  "serial": 638,
  "lineage": "443bb6e1-a107-c856-e672-897bd1854a07",
  "outputs": {
    "mail_ip": {
      "value": "116.202.0.235",
      "type": "string"
    },
    "main_ip": {
      "value": "116.202.6.114",
      "type": "string"
    }
  },
  "resources": [
    {
      "mode": "data",
      "type": "hetznerdns_zone",
      "name": "ftsell_de",
      "provider": "provider[\"registry.terraform.io/timohirt/hetznerdns\"]",
      "instances": [
        {
          "schema_version": 0,
          "attributes": {
            "id": "CbSKDWuVhnJzokDvskSk2d",
            "name": "ftsell.de",
            "ttl": 86400
          },
          "sensitive_attributes": []
        }
      ]
    },
    {
      "mode": "data",
      "type": "local_file",
      "name": "ftsell_id_rsa_pub",
      "provider": "provider[\"registry.terraform.io/hashicorp/local\"]",
      "instances": [
        {
          "schema_version": 0,
          "attributes": {
            "content": "ssh-rsa AAAAB3NzaC1yc2EAAAADAQABAAABAQCcUOGV3tEfudXOX3JciEmyaGowgGu85OKvmmTPMMcjshh1laHAFnGBjQgizl5jA1wTs0offX9A4Z47RJq7q3PG0OmHeobs4lpPzInMPVKmjoLu9bsllvXgKttGk5I4Epdc2wp7C1T9cfwNAqQOU+H2prC95nbiFPLpFUcQ1R7HEssGkhnyV5zAOQUjsbj1jgyMVCKAPL+Lcc282Auy7qcCk42YnOZSvGJ0Fz3WGOZ2YtL/83OOkbTIXQpGkOYEsOo2pVxd5MjOrebF5XudM4n07w+mBi3PejJnfppDY6AZUwctqcGPXAV2k99ltaakaoZ8kt1QhR/BjpQ6Rw8N99JH\n",
            "content_base64": "c3NoLXJzYSBBQUFBQjNOemFDMXljMkVBQUFBREFRQUJBQUFCQVFDY1VPR1YzdEVmdWRYT1gzSmNpRW15YUdvd2dHdTg1T0t2bW1UUE1NY2pzaGgxbGFIQUZuR0JqUWdpemw1akExd1RzMG9mZlg5QTRaNDdSSnE3cTNQRzBPbUhlb2JzNGxwUHpJbk1QVkttam9MdTlic2xsdlhnS3R0R2s1STRFcGRjMndwN0MxVDljZndOQXFRT1UrSDJwckM5NW5iaUZQTHBGVWNRMVI3SEVzc0draG55VjV6QU9RVWpzYmoxamd5TVZDS0FQTCtMY2MyODJBdXk3cWNDazQyWW5PWlN2R0owRnozV0dPWjJZdEwvODNPT2tiVElYUXBHa09ZRXNPbzJwVnhkNU1qT3JlYkY1WHVkTTRuMDd3K21CaTNQZWpKbmZwcERZNkFaVXdjdHFjR1BYQVYyazk5bHRhYWthb1o4a3QxUWhSL0JqcFE2Unc4Tjk5SkgK",
            "content_base64sha256": "YECaRbAvxLj/hElo1K9CK0fwUp0WEivBtdfp+t+iMuM=",
            "content_base64sha512": "mLEKEwGYGubztS8jyLhQGxNRy+Rb+7H8lIlF9X9RgOAHH7ZGEmnSbHDzrtSeNNf/efLqNuaSQECsgntxxMBoaw==",
            "content_md5": "a6352aca6b19b6ad81bdaa15bbb370ee",
            "content_sha1": "72d8e98508bfd3ee15f5ab2eafa755dc0337ff31",
            "content_sha256": "60409a45b02fc4b8ff844968d4af422b47f0529d16122bc1b5d7e9fadfa232e3",
            "content_sha512": "98b10a1301981ae6f3b52f23c8b8501b1351cbe45bfbb1fc948945f57f5180e0071fb6461269d26c70f3aed49e34d7ff79f2ea36e6924040ac827b71c4c0686b",
            "filename": "./resources/id_rsa.pub",
            "id": "72d8e98508bfd3ee15f5ab2eafa755dc0337ff31"
          },
          "sensitive_attributes": []
        }
      ]
    },
    {
      "mode": "data",
      "type": "template_file",
      "name": "cloud-init-config",
      "provider": "provider[\"registry.terraform.io/hashicorp/template\"]",
      "instances": [
        {
          "schema_version": 0,
          "attributes": {
            "filename": null,
            "id": "f3bf183c6dbb75f7f4cc54bda11e4418ee48cbf3671aaf2de3a0e8d077862406",
            "rendered": "#cloud-config\nssh_pwauth: false\npackage_update: true\npackages:\n  - \"zsh\"\n  - \"git\"\nusers:\n  - name: \"ftsell\"\n    sudo: \"ALL=(ALL) ALL\"\n    shell: \"/usr/bin/bash\"\n    lock_passwd: false\n    passwd: \"$2b$05$Z/9WYtvTdoTh4uf.6BAqLue65tOTTWzR9Ut50Io9FJ8KvmfWtVIga\"\n    ssh_authorized_keys:\n      - \"ssh-rsa AAAAB3NzaC1yc2EAAAADAQABAAABAQCcUOGV3tEfudXOX3JciEmyaGowgGu85OKvmmTPMMcjshh1laHAFnGBjQgizl5jA1wTs0offX9A4Z47RJq7q3PG0OmHeobs4lpPzInMPVKmjoLu9bsllvXgKttGk5I4Epdc2wp7C1T9cfwNAqQOU+H2prC95nbiFPLpFUcQ1R7HEssGkhnyV5zAOQUjsbj1jgyMVCKAPL+Lcc282Auy7qcCk42YnOZSvGJ0Fz3WGOZ2YtL/83OOkbTIXQpGkOYEsOo2pVxd5MjOrebF5XudM4n07w+mBi3PejJnfppDY6AZUwctqcGPXAV2k99ltaakaoZ8kt1QhR/BjpQ6Rw8N99JH\n\"\n",
            "template": "#cloud-config\nssh_pwauth: false\npackage_update: true\npackages:\n  - \"zsh\"\n  - \"git\"\nusers:\n  - name: \"ftsell\"\n    sudo: \"ALL=(ALL) ALL\"\n    shell: \"/usr/bin/bash\"\n    lock_passwd: false\n    passwd: \"${ ftsell_pwhash }\"\n    ssh_authorized_keys:\n      - \"${ ftsell_pubkey }\"\n",
            "vars": {
              "ftsell_pubkey": "ssh-rsa AAAAB3NzaC1yc2EAAAADAQABAAABAQCcUOGV3tEfudXOX3JciEmyaGowgGu85OKvmmTPMMcjshh1laHAFnGBjQgizl5jA1wTs0offX9A4Z47RJq7q3PG0OmHeobs4lpPzInMPVKmjoLu9bsllvXgKttGk5I4Epdc2wp7C1T9cfwNAqQOU+H2prC95nbiFPLpFUcQ1R7HEssGkhnyV5zAOQUjsbj1jgyMVCKAPL+Lcc282Auy7qcCk42YnOZSvGJ0Fz3WGOZ2YtL/83OOkbTIXQpGkOYEsOo2pVxd5MjOrebF5XudM4n07w+mBi3PejJnfppDY6AZUwctqcGPXAV2k99ltaakaoZ8kt1QhR/BjpQ6Rw8N99JH\n",
              "ftsell_pwhash": "$2b$05$Z/9WYtvTdoTh4uf.6BAqLue65tOTTWzR9Ut50Io9FJ8KvmfWtVIga"
            }
          },
          "sensitive_attributes": []
        }
      ]
    },
    {
      "mode": "managed",
      "type": "hcloud_firewall",
      "name": "k8s-api",
      "provider": "provider[\"registry.terraform.io/hetznercloud/hcloud\"]",
      "instances": [
        {
          "schema_version": 0,
          "attributes": {
            "apply_to": [
              {
                "label_selector": "ftsell.de/purpose=k8s-api-server",
                "server": 0
              }
            ],
            "id": "795976",
            "labels": {},
            "name": "k8s-api",
            "rule": [
              {
                "description": "",
                "destination_ips": [],
                "direction": "in",
                "port": "6443",
                "protocol": "tcp",
                "source_ips": [
                  "0.0.0.0/0",
                  "::/0"
                ]
              }
            ]
          },
          "sensitive_attributes": [],
          "private": "bnVsbA=="
        }
      ]
    },
    {
      "mode": "managed",
      "type": "hcloud_firewall",
      "name": "lb",
      "provider": "provider[\"registry.terraform.io/hetznercloud/hcloud\"]",
      "instances": [
        {
          "schema_version": 0,
          "attributes": {
            "apply_to": [
              {
                "label_selector": "ftsell.de/firewall=load-balancers",
                "server": 0
              }
            ],
            "id": "795975",
            "labels": {},
            "name": "load-balancers",
            "rule": [
              {
                "description": "",
                "destination_ips": [],
                "direction": "in",
                "port": "",
                "protocol": "icmp",
                "source_ips": [
                  "0.0.0.0/0",
                  "::/0"
                ]
              },
              {
                "description": "",
                "destination_ips": [],
                "direction": "in",
                "port": "22",
                "protocol": "tcp",
                "source_ips": [
                  "0.0.0.0/0",
                  "::/0"
                ]
              },
              {
                "description": "",
                "destination_ips": [],
                "direction": "in",
                "port": "443",
                "protocol": "tcp",
                "source_ips": [
                  "0.0.0.0/0",
                  "::/0"
                ]
              },
              {
                "description": "",
                "destination_ips": [],
                "direction": "in",
                "port": "80",
                "protocol": "tcp",
                "source_ips": [
                  "0.0.0.0/0",
                  "::/0"
                ]
              },
              {
                "description": "",
                "destination_ips": [],
                "direction": "in",
                "port": "9876",
                "protocol": "tcp",
                "source_ips": [
                  "0.0.0.0/0",
                  "::/0"
                ]
              },
              {
                "description": "",
                "destination_ips": [],
                "direction": "in",
                "port": "9876",
                "protocol": "udp",
                "source_ips": [
                  "0.0.0.0/0",
                  "::/0"
                ]
              }
            ]
          },
          "sensitive_attributes": [],
          "private": "bnVsbA=="
        }
      ]
    },
    {
      "mode": "managed",
      "type": "hcloud_firewall",
      "name": "monitoring",
      "provider": "provider[\"registry.terraform.io/hetznercloud/hcloud\"]",
      "instances": [
        {
          "schema_version": 0,
          "attributes": {
            "apply_to": [
              {
                "label_selector": "ftsell.de/purpose=monitoring",
                "server": 0
              }
            ],
            "id": "823572",
            "labels": {},
            "name": "monitoring",
            "rule": [
              {
                "description": "",
                "destination_ips": [],
                "direction": "in",
                "port": "22",
                "protocol": "tcp",
                "source_ips": [
                  "0.0.0.0/0",
                  "::/0"
                ]
              },
              {
                "description": "",
                "destination_ips": [],
                "direction": "in",
                "port": "443",
                "protocol": "tcp",
                "source_ips": [
                  "0.0.0.0/0",
                  "::/0"
                ]
              },
              {
                "description": "",
                "destination_ips": [],
                "direction": "in",
                "port": "80",
                "protocol": "tcp",
                "source_ips": [
                  "0.0.0.0/0",
                  "::/0"
                ]
              }
            ]
          },
          "sensitive_attributes": [],
          "private": "bnVsbA=="
        }
      ]
    },
    {
      "mode": "managed",
      "type": "hcloud_firewall",
      "name": "protected_servers",
      "provider": "provider[\"registry.terraform.io/hetznercloud/hcloud\"]",
      "instances": [
        {
          "schema_version": 0,
          "attributes": {
            "apply_to": [
              {
                "label_selector": "ftsell.de/firewall=protected_servers",
                "server": 0
              }
            ],
            "id": "795982",
            "labels": {},
            "name": "protected-servers",
            "rule": [
              {
                "description": "",
                "destination_ips": [],
                "direction": "in",
                "port": "",
                "protocol": "icmp",
                "source_ips": [
                  "0.0.0.0/0",
                  "::/0"
                ]
              },
              {
                "description": "",
                "destination_ips": [],
                "direction": "in",
                "port": "22",
                "protocol": "tcp",
                "source_ips": [
                  "2a01:4f8:c012:437a::1/128",
                  "5.75.238.9/32"
                ]
              }
            ]
          },
          "sensitive_attributes": [],
          "private": "bnVsbA==",
          "dependencies": [
            "data.hetznerdns_zone.ftsell_de",
            "data.local_file.ftsell_id_rsa_pub",
            "data.template_file.cloud-init-config",
            "hcloud_network.main-net",
            "hcloud_network_subnet.vm-net",
            "hcloud_server.lb1",
            "hcloud_ssh_key.ftsell"
          ]
        }
      ]
    },
    {
      "mode": "managed",
      "type": "hcloud_network",
      "name": "main-net",
      "provider": "provider[\"registry.terraform.io/hetznercloud/hcloud\"]",
      "instances": [
        {
          "schema_version": 0,
          "attributes": {
            "delete_protection": true,
            "id": "2685068",
            "ip_range": "10.0.0.0/16",
            "labels": {},
            "name": "main-net"
          },
          "sensitive_attributes": [],
          "private": "bnVsbA=="
        }
      ]
    },
    {
      "mode": "managed",
      "type": "hcloud_network_subnet",
      "name": "vm-net",
      "provider": "provider[\"registry.terraform.io/hetznercloud/hcloud\"]",
      "instances": [
        {
          "schema_version": 0,
          "attributes": {
            "gateway": "10.0.0.1",
            "id": "2685068-10.0.0.0/24",
            "ip_range": "10.0.0.0/24",
            "network_id": 2685068,
            "network_zone": "eu-central",
            "type": "cloud",
            "vswitch_id": null
          },
          "sensitive_attributes": [],
          "private": "bnVsbA==",
          "dependencies": [
            "hcloud_network.main-net"
          ]
        }
      ]
    },
    {
      "mode": "managed",
      "type": "hcloud_rdns",
      "name": "lb1-ipv4",
      "provider": "provider[\"registry.terraform.io/hetznercloud/hcloud\"]",
      "instances": [
        {
          "schema_version": 0,
          "attributes": {
            "dns_ptr": "lb1.srv.ftsell.de",
            "floating_ip_id": null,
            "id": "s-30470309-5.75.238.9",
            "ip_address": "5.75.238.9",
            "load_balancer_id": null,
            "server_id": 30470309
          },
          "sensitive_attributes": [],
          "private": "bnVsbA==",
          "dependencies": [
            "data.hetznerdns_zone.ftsell_de",
            "data.local_file.ftsell_id_rsa_pub",
            "data.template_file.cloud-init-config",
            "hcloud_network.main-net",
            "hcloud_network_subnet.vm-net",
            "hcloud_server.lb1",
            "hcloud_ssh_key.ftsell"
          ]
        }
      ]
    },
    {
      "mode": "managed",
      "type": "hcloud_rdns",
      "name": "lb1-ipv6",
      "provider": "provider[\"registry.terraform.io/hetznercloud/hcloud\"]",
      "instances": [
        {
          "schema_version": 0,
          "attributes": {
            "dns_ptr": "lb1.srv.ftsell.de",
            "floating_ip_id": null,
            "id": "s-30470309-2a01:4f8:c012:437a::1",
            "ip_address": "2a01:4f8:c012:437a::1",
            "load_balancer_id": null,
            "server_id": 30470309
          },
          "sensitive_attributes": [],
          "private": "bnVsbA==",
          "dependencies": [
            "data.hetznerdns_zone.ftsell_de",
            "data.local_file.ftsell_id_rsa_pub",
            "data.template_file.cloud-init-config",
            "hcloud_network.main-net",
            "hcloud_network_subnet.vm-net",
            "hcloud_server.lb1",
            "hcloud_ssh_key.ftsell"
          ]
        }
      ]
    },
    {
      "mode": "managed",
      "type": "hcloud_rdns",
      "name": "monitoring-ipv4",
      "provider": "provider[\"registry.terraform.io/hetznercloud/hcloud\"]",
      "instances": [
        {
          "schema_version": 0,
          "attributes": {
            "dns_ptr": "monitoring.srv.ftsell.de",
            "floating_ip_id": null,
            "id": "s-31006582-135.181.83.215",
            "ip_address": "135.181.83.215",
            "load_balancer_id": null,
            "server_id": 31006582
          },
          "sensitive_attributes": [],
          "private": "bnVsbA==",
          "dependencies": [
            "data.hetznerdns_zone.ftsell_de",
            "data.local_file.ftsell_id_rsa_pub",
            "data.template_file.cloud-init-config",
            "hcloud_network.main-net",
            "hcloud_network_subnet.vm-net",
            "hcloud_server.monitoring",
            "hcloud_ssh_key.ftsell"
          ]
        }
      ]
    },
    {
      "mode": "managed",
      "type": "hcloud_rdns",
      "name": "monitoring-ipv6",
      "provider": "provider[\"registry.terraform.io/hetznercloud/hcloud\"]",
      "instances": [
        {
          "schema_version": 0,
          "attributes": {
            "dns_ptr": "monitoring.srv.ftsell.de",
            "floating_ip_id": null,
            "id": "s-31006582-2a01:4f9:c012:5522::1",
            "ip_address": "2a01:4f9:c012:5522::1",
            "load_balancer_id": null,
            "server_id": 31006582
          },
          "sensitive_attributes": [],
          "private": "bnVsbA==",
          "dependencies": [
            "data.hetznerdns_zone.ftsell_de",
            "data.local_file.ftsell_id_rsa_pub",
            "data.template_file.cloud-init-config",
            "hcloud_network.main-net",
            "hcloud_network_subnet.vm-net",
            "hcloud_server.monitoring",
            "hcloud_ssh_key.ftsell"
          ]
        }
      ]
    },
    {
      "mode": "managed",
      "type": "hcloud_server",
      "name": "lb1",
      "provider": "provider[\"registry.terraform.io/hetznercloud/hcloud\"]",
      "instances": [
        {
          "schema_version": 0,
          "attributes": {
            "allow_deprecated_images": false,
            "backup_window": "10-14",
            "backups": true,
            "datacenter": "fsn1-dc14",
            "delete_protection": true,
            "firewall_ids": [
              795975
            ],
            "id": "30470309",
            "ignore_remote_firewall_ids": false,
            "image": "104768873",
            "ipv4_address": "5.75.238.9",
            "ipv6_address": "2a01:4f8:c012:437a::1",
            "ipv6_network": "2a01:4f8:c012:437a::/64",
            "iso": null,
            "keep_disk": false,
            "labels": {
              "ftsell.de/firewall": "load-balancers",
              "ftsell.de/public_dns": "lb1.srv.ftsell.de",
              "ftsell.de/purpose": "load_balancer"
            },
            "location": "fsn1",
            "name": "lb1",
            "network": [
              {
                "alias_ips": [],
                "ip": "10.0.0.2",
                "mac_address": "86:00:00:3e:dc:05",
                "network_id": 2685068
              }
            ],
            "placement_group_id": null,
            "public_net": [],
            "rebuild_protection": true,
            "rescue": null,
            "server_type": "cpx11",
            "ssh_keys": [
              "10621152"
            ],
            "status": "running",
            "timeouts": null,
            "user_data": ""
          },
          "sensitive_attributes": [],
          "private": "eyJlMmJmYjczMC1lY2FhLTExZTYtOGY4OC0zNDM2M2JjN2M0YzAiOnsiY3JlYXRlIjo1NDAwMDAwMDAwMDAwfX0=",
          "dependencies": [
            "data.hetznerdns_zone.ftsell_de",
            "data.local_file.ftsell_id_rsa_pub",
            "data.template_file.cloud-init-config",
            "hcloud_network.main-net",
            "hcloud_network_subnet.vm-net",
            "hcloud_ssh_key.ftsell"
          ]
        }
      ]
    },
    {
      "mode": "managed",
      "type": "hcloud_server",
      "name": "monitoring",
      "provider": "provider[\"registry.terraform.io/hetznercloud/hcloud\"]",
      "instances": [
        {
          "schema_version": 0,
          "attributes": {
            "allow_deprecated_images": false,
            "backup_window": "06-10",
            "backups": true,
            "datacenter": "hel1-dc2",
            "delete_protection": true,
            "firewall_ids": [
              823572
            ],
            "id": "31006582",
            "ignore_remote_firewall_ids": false,
            "image": "debian-11",
            "ipv4_address": "135.181.83.215",
            "ipv6_address": "2a01:4f9:c012:5522::1",
            "ipv6_network": "2a01:4f9:c012:5522::/64",
            "iso": null,
            "keep_disk": false,
            "labels": {
              "ftsell.de/firewall": "monitoring",
              "ftsell.de/public_dns": "monitoring.srv.ftsell.de",
              "ftsell.de/purpose": "monitoring"
            },
            "location": "hel1",
            "name": "monitoring",
            "network": [
              {
                "alias_ips": [],
                "ip": "10.0.0.3",
                "mac_address": "86:00:00:41:38:07",
                "network_id": 2685068
              }
            ],
            "placement_group_id": null,
            "public_net": [],
            "rebuild_protection": true,
            "rescue": null,
            "server_type": "cpx11",
            "ssh_keys": [
              "10621152"
            ],
            "status": "running",
            "timeouts": null,
            "user_data": "BqiHjwl7OXs9flYc6fYaPlFqB8M="
          },
          "sensitive_attributes": [],
          "private": "eyJlMmJmYjczMC1lY2FhLTExZTYtOGY4OC0zNDM2M2JjN2M0YzAiOnsiY3JlYXRlIjo1NDAwMDAwMDAwMDAwfX0=",
          "dependencies": [
            "data.hetznerdns_zone.ftsell_de",
            "data.local_file.ftsell_id_rsa_pub",
            "data.template_file.cloud-init-config",
            "hcloud_network.main-net",
            "hcloud_network_subnet.vm-net",
            "hcloud_ssh_key.ftsell"
          ]
        }
      ]
    },
    {
      "mode": "managed",
      "type": "hcloud_ssh_key",
      "name": "ftsell",
      "provider": "provider[\"registry.terraform.io/hetznercloud/hcloud\"]",
      "instances": [
        {
          "schema_version": 0,
          "attributes": {
            "fingerprint": "48:ea:0c:c5:e4:99:85:2b:e0:9f:91:f3:87:3a:65:65",
            "id": "10621152",
            "labels": {},
            "name": "ftsell",
            "public_key": "ssh-rsa AAAAB3NzaC1yc2EAAAADAQABAAABAQCcUOGV3tEfudXOX3JciEmyaGowgGu85OKvmmTPMMcjshh1laHAFnGBjQgizl5jA1wTs0offX9A4Z47RJq7q3PG0OmHeobs4lpPzInMPVKmjoLu9bsllvXgKttGk5I4Epdc2wp7C1T9cfwNAqQOU+H2prC95nbiFPLpFUcQ1R7HEssGkhnyV5zAOQUjsbj1jgyMVCKAPL+Lcc282Auy7qcCk42YnOZSvGJ0Fz3WGOZ2YtL/83OOkbTIXQpGkOYEsOo2pVxd5MjOrebF5XudM4n07w+mBi3PejJnfppDY6AZUwctqcGPXAV2k99ltaakaoZ8kt1QhR/BjpQ6Rw8N99JH\n"
          },
          "sensitive_attributes": [],
          "private": "bnVsbA=="
        }
      ]
    },
    {
      "mode": "managed",
      "type": "hetznerdns_record",
      "name": "lb1-ipv4",
      "provider": "provider[\"registry.terraform.io/timohirt/hetznerdns\"]",
      "instances": [
        {
          "schema_version": 0,
          "attributes": {
            "id": "3426560c3e3f1b2a31aa4766b248d073",
            "name": "lb1.srv",
            "ttl": 0,
            "type": "A",
            "value": "5.75.238.9",
            "zone_id": "CbSKDWuVhnJzokDvskSk2d"
          },
          "sensitive_attributes": [],
          "private": "bnVsbA==",
          "dependencies": [
            "data.hetznerdns_zone.ftsell_de",
            "data.local_file.ftsell_id_rsa_pub",
            "data.template_file.cloud-init-config",
            "hcloud_network.main-net",
            "hcloud_network_subnet.vm-net",
            "hcloud_server.lb1",
            "hcloud_ssh_key.ftsell"
          ]
        }
      ]
    },
    {
      "mode": "managed",
      "type": "hetznerdns_record",
      "name": "lb1-ipv6",
      "provider": "provider[\"registry.terraform.io/timohirt/hetznerdns\"]",
      "instances": [
        {
          "schema_version": 0,
          "attributes": {
            "id": "4646272eb7aca41f645e5f12fd988bb6",
            "name": "lb1.srv",
            "ttl": 0,
            "type": "AAAA",
            "value": "2a01:4f8:c012:437a::1",
            "zone_id": "CbSKDWuVhnJzokDvskSk2d"
          },
          "sensitive_attributes": [],
          "private": "bnVsbA==",
          "dependencies": [
            "data.hetznerdns_zone.ftsell_de",
            "data.local_file.ftsell_id_rsa_pub",
            "data.template_file.cloud-init-config",
            "hcloud_network.main-net",
            "hcloud_network_subnet.vm-net",
            "hcloud_server.lb1",
            "hcloud_ssh_key.ftsell"
          ]
        }
      ]
    },
    {
      "mode": "managed",
      "type": "hetznerdns_record",
      "name": "monitoring-ipv4",
      "provider": "provider[\"registry.terraform.io/timohirt/hetznerdns\"]",
      "instances": [
        {
          "schema_version": 0,
          "attributes": {
            "id": "05f4b675d6ecda5db6a6b63700e7f9a5",
            "name": "monitoring.srv",
            "ttl": 0,
            "type": "A",
            "value": "135.181.83.215",
            "zone_id": "CbSKDWuVhnJzokDvskSk2d"
          },
          "sensitive_attributes": [],
          "private": "bnVsbA==",
          "dependencies": [
            "data.hetznerdns_zone.ftsell_de",
            "data.local_file.ftsell_id_rsa_pub",
            "data.template_file.cloud-init-config",
            "hcloud_network.main-net",
            "hcloud_network_subnet.vm-net",
            "hcloud_server.monitoring",
            "hcloud_ssh_key.ftsell"
          ]
        }
      ]
    },
    {
      "mode": "managed",
      "type": "hetznerdns_record",
      "name": "monitoring-ipv6",
      "provider": "provider[\"registry.terraform.io/timohirt/hetznerdns\"]",
      "instances": [
        {
          "schema_version": 0,
          "attributes": {
            "id": "bc7de757eaf124e07933376634d0e575",
            "name": "monitoring.srv",
            "ttl": 0,
            "type": "AAAA",
            "value": "2a01:4f9:c012:5522::1",
            "zone_id": "CbSKDWuVhnJzokDvskSk2d"
          },
          "sensitive_attributes": [],
          "private": "bnVsbA==",
          "dependencies": [
            "data.hetznerdns_zone.ftsell_de",
            "data.local_file.ftsell_id_rsa_pub",
            "data.template_file.cloud-init-config",
            "hcloud_network.main-net",
            "hcloud_network_subnet.vm-net",
            "hcloud_server.monitoring",
            "hcloud_ssh_key.ftsell"
          ]
        }
      ]
    },
    {
      "module": "module.k8s-api",
      "mode": "data",
      "type": "cloudinit_config",
      "name": "cloud-config",
      "provider": "provider[\"registry.terraform.io/hashicorp/cloudinit\"]",
      "instances": [
        {
          "schema_version": 0,
          "attributes": {
            "base64_encode": false,
            "boundary": "MIMEBOUNDARY",
            "gzip": false,
            "id": "1636021902",
            "part": [
              {
                "content": "#cloud-config\nssh_pwauth: false\npackage_update: true\npackages:\n  - \"zsh\"\n  - \"git\"\nusers:\n  - name: \"ftsell\"\n    sudo: \"ALL=(ALL) ALL\"\n    shell: \"/usr/bin/bash\"\n    lock_passwd: false\n    passwd: \"$2b$05$Z/9WYtvTdoTh4uf.6BAqLue65tOTTWzR9Ut50Io9FJ8KvmfWtVIga\"\n    ssh_authorized_keys:\n      - \"ssh-rsa AAAAB3NzaC1yc2EAAAADAQABAAABAQCcUOGV3tEfudXOX3JciEmyaGowgGu85OKvmmTPMMcjshh1laHAFnGBjQgizl5jA1wTs0offX9A4Z47RJq7q3PG0OmHeobs4lpPzInMPVKmjoLu9bsllvXgKttGk5I4Epdc2wp7C1T9cfwNAqQOU+H2prC95nbiFPLpFUcQ1R7HEssGkhnyV5zAOQUjsbj1jgyMVCKAPL+Lcc282Auy7qcCk42YnOZSvGJ0Fz3WGOZ2YtL/83OOkbTIXQpGkOYEsOo2pVxd5MjOrebF5XudM4n07w+mBi3PejJnfppDY6AZUwctqcGPXAV2k99ltaakaoZ8kt1QhR/BjpQ6Rw8N99JH\"\n",
                "content_type": "cloud-config",
                "filename": "basic-config.yml",
                "merge_type": null
              }
            ],
            "rendered": "Content-Type: multipart/mixed; boundary=\"MIMEBOUNDARY\"\nMIME-Version: 1.0\r\n\r\n--MIMEBOUNDARY\r\nContent-Disposition: attachment; filename=\"basic-config.yml\"\r\nContent-Transfer-Encoding: 7bit\r\nContent-Type: cloud-config\r\nMime-Version: 1.0\r\n\r\n#cloud-config\nssh_pwauth: false\npackage_update: true\npackages:\n  - \"zsh\"\n  - \"git\"\nusers:\n  - name: \"ftsell\"\n    sudo: \"ALL=(ALL) ALL\"\n    shell: \"/usr/bin/bash\"\n    lock_passwd: false\n    passwd: \"$2b$05$Z/9WYtvTdoTh4uf.6BAqLue65tOTTWzR9Ut50Io9FJ8KvmfWtVIga\"\n    ssh_authorized_keys:\n      - \"ssh-rsa AAAAB3NzaC1yc2EAAAADAQABAAABAQCcUOGV3tEfudXOX3JciEmyaGowgGu85OKvmmTPMMcjshh1laHAFnGBjQgizl5jA1wTs0offX9A4Z47RJq7q3PG0OmHeobs4lpPzInMPVKmjoLu9bsllvXgKttGk5I4Epdc2wp7C1T9cfwNAqQOU+H2prC95nbiFPLpFUcQ1R7HEssGkhnyV5zAOQUjsbj1jgyMVCKAPL+Lcc282Auy7qcCk42YnOZSvGJ0Fz3WGOZ2YtL/83OOkbTIXQpGkOYEsOo2pVxd5MjOrebF5XudM4n07w+mBi3PejJnfppDY6AZUwctqcGPXAV2k99ltaakaoZ8kt1QhR/BjpQ6Rw8N99JH\"\n\r\n--MIMEBOUNDARY--\r\n"
          },
          "sensitive_attributes": []
        }
      ]
    },
    {
      "module": "module.k8s-api",
      "mode": "data",
      "type": "hetznerdns_zone",
      "name": "ftsell_de",
      "provider": "provider[\"registry.terraform.io/timohirt/hetznerdns\"]",
      "instances": [
        {
          "schema_version": 0,
          "attributes": {
            "id": "CbSKDWuVhnJzokDvskSk2d",
            "name": "ftsell.de",
            "ttl": 86400
          },
          "sensitive_attributes": []
        }
      ]
    },
    {
      "module": "module.k8s-api",
      "mode": "managed",
      "type": "hcloud_rdns",
      "name": "server_ipv4",
      "provider": "provider[\"registry.terraform.io/hetznercloud/hcloud\"]",
      "instances": [
        {
          "schema_version": 0,
          "attributes": {
            "dns_ptr": "k8s-api.srv.ftsell.de",
            "floating_ip_id": null,
            "id": "s-30672881-49.12.215.121",
            "ip_address": "49.12.215.121",
            "load_balancer_id": null,
            "server_id": 30672881
          },
          "sensitive_attributes": [],
          "private": "bnVsbA==",
          "dependencies": [
            "hcloud_network.main-net",
            "hcloud_network_subnet.vm-net",
            "hcloud_ssh_key.ftsell",
            "module.k8s-api.data.cloudinit_config.cloud-config",
            "module.k8s-api.data.hetznerdns_zone.ftsell_de",
            "module.k8s-api.hcloud_server.server"
          ]
        }
      ]
    },
    {
      "module": "module.k8s-api",
      "mode": "managed",
      "type": "hcloud_rdns",
      "name": "server_ipv6",
      "provider": "provider[\"registry.terraform.io/hetznercloud/hcloud\"]",
      "instances": [
        {
          "schema_version": 0,
          "attributes": {
            "dns_ptr": "k8s-api.srv.ftsell.de",
            "floating_ip_id": null,
            "id": "s-30672881-2a01:4f8:c012:6d46::1",
            "ip_address": "2a01:4f8:c012:6d46::1",
            "load_balancer_id": null,
            "server_id": 30672881
          },
          "sensitive_attributes": [],
          "private": "bnVsbA==",
          "dependencies": [
            "hcloud_network.main-net",
            "hcloud_network_subnet.vm-net",
            "hcloud_ssh_key.ftsell",
            "module.k8s-api.data.cloudinit_config.cloud-config",
            "module.k8s-api.data.hetznerdns_zone.ftsell_de",
            "module.k8s-api.hcloud_server.server"
          ]
        }
      ]
    },
    {
      "module": "module.k8s-api",
      "mode": "managed",
      "type": "hcloud_server",
      "name": "server",
      "provider": "provider[\"registry.terraform.io/hetznercloud/hcloud\"]",
      "instances": [
        {
          "schema_version": 0,
          "attributes": {
            "allow_deprecated_images": false,
            "backup_window": "18-22",
            "backups": true,
            "datacenter": "fsn1-dc14",
            "delete_protection": true,
            "firewall_ids": [
              795976,
              795982
            ],
            "id": "30672881",
            "ignore_remote_firewall_ids": false,
            "image": "debian-11",
            "ipv4_address": "49.12.215.121",
            "ipv6_address": "2a01:4f8:c012:6d46::1",
            "ipv6_network": "2a01:4f8:c012:6d46::/64",
            "iso": null,
            "keep_disk": false,
            "labels": {
              "ftsell.de/firewall": "protected_servers",
              "ftsell.de/public_dns": "k8s-api.srv.ftsell.de",
              "ftsell.de/purpose": "k8s-api-server"
            },
            "location": "fsn1",
            "name": "k8s-api",
            "network": [
              {
                "alias_ips": [],
                "ip": "10.0.0.9",
                "mac_address": "86:00:00:3f:db:ee",
                "network_id": 2685068
              }
            ],
            "placement_group_id": null,
            "public_net": [],
            "rebuild_protection": true,
            "rescue": null,
            "server_type": "cpx11",
            "ssh_keys": [
              "10621152"
            ],
            "status": "running",
            "timeouts": null,
            "user_data": "HxxQN+3xGU1wO1MtKpcuo7Locu4="
          },
          "sensitive_attributes": [],
          "private": "eyJlMmJmYjczMC1lY2FhLTExZTYtOGY4OC0zNDM2M2JjN2M0YzAiOnsiY3JlYXRlIjo1NDAwMDAwMDAwMDAwfX0=",
          "dependencies": [
            "hcloud_network.main-net",
            "hcloud_network_subnet.vm-net",
            "hcloud_ssh_key.ftsell",
            "module.k8s-api.data.cloudinit_config.cloud-config",
            "module.k8s-api.data.hetznerdns_zone.ftsell_de"
          ]
        }
      ]
    },
    {
      "module": "module.k8s-api",
      "mode": "managed",
      "type": "hetznerdns_record",
      "name": "server_ipv4",
      "provider": "provider[\"registry.terraform.io/timohirt/hetznerdns\"]",
      "instances": [
        {
          "schema_version": 0,
          "attributes": {
            "id": "e63c884fde57e8baca459cdce19edde2",
            "name": "k8s-api.srv",
            "ttl": 0,
            "type": "A",
            "value": "49.12.215.121",
            "zone_id": "CbSKDWuVhnJzokDvskSk2d"
          },
          "sensitive_attributes": [],
          "private": "bnVsbA==",
          "dependencies": [
            "hcloud_network.main-net",
            "hcloud_network_subnet.vm-net",
            "hcloud_ssh_key.ftsell",
            "module.k8s-api.data.cloudinit_config.cloud-config",
            "module.k8s-api.data.hetznerdns_zone.ftsell_de",
            "module.k8s-api.hcloud_server.server"
          ]
        }
      ]
    },
    {
      "module": "module.k8s-api",
      "mode": "managed",
      "type": "hetznerdns_record",
      "name": "server_ipv6",
      "provider": "provider[\"registry.terraform.io/timohirt/hetznerdns\"]",
      "instances": [
        {
          "schema_version": 0,
          "attributes": {
            "id": "bd568b3d5e5cc077de7522f38b57dde3",
            "name": "k8s-api.srv",
            "ttl": 0,
            "type": "AAAA",
            "value": "2a01:4f8:c012:6d46::1",
            "zone_id": "CbSKDWuVhnJzokDvskSk2d"
          },
          "sensitive_attributes": [],
          "private": "bnVsbA==",
          "dependencies": [
            "hcloud_network.main-net",
            "hcloud_network_subnet.vm-net",
            "hcloud_ssh_key.ftsell",
            "module.k8s-api.data.cloudinit_config.cloud-config",
            "module.k8s-api.data.hetznerdns_zone.ftsell_de",
            "module.k8s-api.hcloud_server.server"
          ]
        }
      ]
    },
    {
      "module": "module.k8s-worker[0]",
      "mode": "data",
      "type": "cloudinit_config",
      "name": "cloud-config",
      "provider": "provider[\"registry.terraform.io/hashicorp/cloudinit\"]",
      "instances": [
        {
          "schema_version": 0,
          "attributes": {
            "base64_encode": false,
            "boundary": "MIMEBOUNDARY",
            "gzip": false,
            "id": "1636021902",
            "part": [
              {
                "content": "#cloud-config\nssh_pwauth: false\npackage_update: true\npackages:\n  - \"zsh\"\n  - \"git\"\nusers:\n  - name: \"ftsell\"\n    sudo: \"ALL=(ALL) ALL\"\n    shell: \"/usr/bin/bash\"\n    lock_passwd: false\n    passwd: \"$2b$05$Z/9WYtvTdoTh4uf.6BAqLue65tOTTWzR9Ut50Io9FJ8KvmfWtVIga\"\n    ssh_authorized_keys:\n      - \"ssh-rsa AAAAB3NzaC1yc2EAAAADAQABAAABAQCcUOGV3tEfudXOX3JciEmyaGowgGu85OKvmmTPMMcjshh1laHAFnGBjQgizl5jA1wTs0offX9A4Z47RJq7q3PG0OmHeobs4lpPzInMPVKmjoLu9bsllvXgKttGk5I4Epdc2wp7C1T9cfwNAqQOU+H2prC95nbiFPLpFUcQ1R7HEssGkhnyV5zAOQUjsbj1jgyMVCKAPL+Lcc282Auy7qcCk42YnOZSvGJ0Fz3WGOZ2YtL/83OOkbTIXQpGkOYEsOo2pVxd5MjOrebF5XudM4n07w+mBi3PejJnfppDY6AZUwctqcGPXAV2k99ltaakaoZ8kt1QhR/BjpQ6Rw8N99JH\"\n",
                "content_type": "cloud-config",
                "filename": "basic-config.yml",
                "merge_type": null
              }
            ],
            "rendered": "Content-Type: multipart/mixed; boundary=\"MIMEBOUNDARY\"\nMIME-Version: 1.0\r\n\r\n--MIMEBOUNDARY\r\nContent-Disposition: attachment; filename=\"basic-config.yml\"\r\nContent-Transfer-Encoding: 7bit\r\nContent-Type: cloud-config\r\nMime-Version: 1.0\r\n\r\n#cloud-config\nssh_pwauth: false\npackage_update: true\npackages:\n  - \"zsh\"\n  - \"git\"\nusers:\n  - name: \"ftsell\"\n    sudo: \"ALL=(ALL) ALL\"\n    shell: \"/usr/bin/bash\"\n    lock_passwd: false\n    passwd: \"$2b$05$Z/9WYtvTdoTh4uf.6BAqLue65tOTTWzR9Ut50Io9FJ8KvmfWtVIga\"\n    ssh_authorized_keys:\n      - \"ssh-rsa AAAAB3NzaC1yc2EAAAADAQABAAABAQCcUOGV3tEfudXOX3JciEmyaGowgGu85OKvmmTPMMcjshh1laHAFnGBjQgizl5jA1wTs0offX9A4Z47RJq7q3PG0OmHeobs4lpPzInMPVKmjoLu9bsllvXgKttGk5I4Epdc2wp7C1T9cfwNAqQOU+H2prC95nbiFPLpFUcQ1R7HEssGkhnyV5zAOQUjsbj1jgyMVCKAPL+Lcc282Auy7qcCk42YnOZSvGJ0Fz3WGOZ2YtL/83OOkbTIXQpGkOYEsOo2pVxd5MjOrebF5XudM4n07w+mBi3PejJnfppDY6AZUwctqcGPXAV2k99ltaakaoZ8kt1QhR/BjpQ6Rw8N99JH\"\n\r\n--MIMEBOUNDARY--\r\n"
          },
          "sensitive_attributes": []
        }
      ]
    },
    {
      "module": "module.k8s-worker[0]",
      "mode": "data",
      "type": "hetznerdns_zone",
      "name": "ftsell_de",
      "provider": "provider[\"registry.terraform.io/timohirt/hetznerdns\"]",
      "instances": [
        {
          "schema_version": 0,
          "attributes": {
            "id": "CbSKDWuVhnJzokDvskSk2d",
            "name": "ftsell.de",
            "ttl": 86400
          },
          "sensitive_attributes": []
        }
      ]
    },
    {
      "module": "module.k8s-worker[0]",
      "mode": "managed",
      "type": "hcloud_rdns",
      "name": "server_ipv4",
      "provider": "provider[\"registry.terraform.io/hetznercloud/hcloud\"]",
      "instances": [
        {
          "schema_version": 0,
          "attributes": {
            "dns_ptr": "k8s-worker1.srv.ftsell.de",
            "floating_ip_id": null,
            "id": "s-30672882-138.201.157.248",
            "ip_address": "138.201.157.248",
            "load_balancer_id": null,
            "server_id": 30672882
          },
          "sensitive_attributes": [],
          "private": "bnVsbA==",
          "dependencies": [
            "hcloud_network.main-net",
            "hcloud_network_subnet.vm-net",
            "hcloud_ssh_key.ftsell",
            "module.k8s-worker.data.cloudinit_config.cloud-config",
            "module.k8s-worker.data.hetznerdns_zone.ftsell_de",
            "module.k8s-worker.hcloud_server.server"
          ]
        }
      ]
    },
    {
      "module": "module.k8s-worker[0]",
      "mode": "managed",
      "type": "hcloud_rdns",
      "name": "server_ipv6",
      "provider": "provider[\"registry.terraform.io/hetznercloud/hcloud\"]",
      "instances": [
        {
          "schema_version": 0,
          "attributes": {
            "dns_ptr": "k8s-worker1.srv.ftsell.de",
            "floating_ip_id": null,
            "id": "s-30672882-2a01:4f8:c17:24e4::1",
            "ip_address": "2a01:4f8:c17:24e4::1",
            "load_balancer_id": null,
            "server_id": 30672882
          },
          "sensitive_attributes": [],
          "private": "bnVsbA==",
          "dependencies": [
            "hcloud_network.main-net",
            "hcloud_network_subnet.vm-net",
            "hcloud_ssh_key.ftsell",
            "module.k8s-worker.data.cloudinit_config.cloud-config",
            "module.k8s-worker.data.hetznerdns_zone.ftsell_de",
            "module.k8s-worker.hcloud_server.server"
          ]
        }
      ]
    },
    {
      "module": "module.k8s-worker[0]",
      "mode": "managed",
      "type": "hcloud_server",
      "name": "server",
      "provider": "provider[\"registry.terraform.io/hetznercloud/hcloud\"]",
      "instances": [
        {
          "schema_version": 0,
          "attributes": {
            "allow_deprecated_images": false,
            "backup_window": "18-22",
            "backups": true,
            "datacenter": "fsn1-dc14",
            "delete_protection": true,
            "firewall_ids": [
              795982
            ],
            "id": "30672882",
            "ignore_remote_firewall_ids": false,
            "image": "debian-11",
            "ipv4_address": "138.201.157.248",
            "ipv6_address": "2a01:4f8:c17:24e4::1",
            "ipv6_network": "2a01:4f8:c17:24e4::/64",
            "iso": null,
            "keep_disk": false,
            "labels": {
              "ftsell.de/firewall": "protected_servers",
              "ftsell.de/public_dns": "k8s-worker1.srv.ftsell.de",
              "ftsell.de/purpose": "k8s-worker"
            },
            "location": "fsn1",
            "name": "k8s-worker1",
            "network": [
              {
                "alias_ips": [],
                "ip": "10.0.0.11",
                "mac_address": "86:00:00:3f:db:ef",
                "network_id": 2685068
              }
            ],
            "placement_group_id": null,
            "public_net": [],
            "rebuild_protection": true,
            "rescue": null,
            "server_type": "cpx31",
            "ssh_keys": [
              "10621152"
            ],
            "status": "running",
            "timeouts": null,
            "user_data": "HxxQN+3xGU1wO1MtKpcuo7Locu4="
          },
          "sensitive_attributes": [],
          "private": "eyJlMmJmYjczMC1lY2FhLTExZTYtOGY4OC0zNDM2M2JjN2M0YzAiOnsiY3JlYXRlIjo1NDAwMDAwMDAwMDAwfX0=",
          "dependencies": [
            "hcloud_network.main-net",
            "hcloud_network_subnet.vm-net",
            "hcloud_ssh_key.ftsell",
            "module.k8s-worker.data.cloudinit_config.cloud-config",
            "module.k8s-worker.data.hetznerdns_zone.ftsell_de"
          ]
        }
      ]
    },
    {
      "module": "module.k8s-worker[0]",
      "mode": "managed",
      "type": "hetznerdns_record",
      "name": "server_ipv4",
      "provider": "provider[\"registry.terraform.io/timohirt/hetznerdns\"]",
      "instances": [
        {
          "schema_version": 0,
          "attributes": {
            "id": "16755960ec6ad3cb3dda897939591d3e",
            "name": "k8s-worker1.srv",
            "ttl": 0,
            "type": "A",
            "value": "138.201.157.248",
            "zone_id": "CbSKDWuVhnJzokDvskSk2d"
          },
          "sensitive_attributes": [],
          "private": "bnVsbA==",
          "dependencies": [
            "hcloud_network.main-net",
            "hcloud_network_subnet.vm-net",
            "hcloud_ssh_key.ftsell",
            "module.k8s-worker.data.cloudinit_config.cloud-config",
            "module.k8s-worker.data.hetznerdns_zone.ftsell_de",
            "module.k8s-worker.hcloud_server.server"
          ]
        }
      ]
    },
    {
      "module": "module.k8s-worker[0]",
      "mode": "managed",
      "type": "hetznerdns_record",
      "name": "server_ipv6",
      "provider": "provider[\"registry.terraform.io/timohirt/hetznerdns\"]",
      "instances": [
        {
          "schema_version": 0,
          "attributes": {
            "id": "247e0e61450bb4ca198181696700f977",
            "name": "k8s-worker1.srv",
            "ttl": 0,
            "type": "AAAA",
            "value": "2a01:4f8:c17:24e4::1",
            "zone_id": "CbSKDWuVhnJzokDvskSk2d"
          },
          "sensitive_attributes": [],
          "private": "bnVsbA==",
          "dependencies": [
            "hcloud_network.main-net",
            "hcloud_network_subnet.vm-net",
            "hcloud_ssh_key.ftsell",
            "module.k8s-worker.data.cloudinit_config.cloud-config",
            "module.k8s-worker.data.hetznerdns_zone.ftsell_de",
            "module.k8s-worker.hcloud_server.server"
          ]
        }
      ]
    },
    {
      "module": "module.mail_ip",
      "mode": "data",
      "type": "hetznerdns_zone",
      "name": "ftsell_de",
      "provider": "provider[\"registry.terraform.io/timohirt/hetznerdns\"]",
      "instances": [
        {
          "schema_version": 0,
          "attributes": {
            "id": "CbSKDWuVhnJzokDvskSk2d",
            "name": "ftsell.de",
            "ttl": 86400
          },
          "sensitive_attributes": []
        }
      ]
    },
    {
      "module": "module.mail_ip",
      "mode": "managed",
      "type": "hcloud_floating_ip",
      "name": "main",
      "provider": "provider[\"registry.terraform.io/hetznercloud/hcloud\"]",
      "instances": [
        {
          "schema_version": 0,
          "attributes": {
            "delete_protection": false,
            "description": "",
            "home_location": "fsn1",
            "id": "26063778",
            "ip_address": "116.202.0.235",
            "ip_network": null,
            "labels": {
              "ftsell.de/dns": "mail.svc.ftsell.de"
            },
            "name": "mail",
            "server_id": 30470309,
            "type": "ipv4"
          },
          "sensitive_attributes": [],
          "private": "bnVsbA==",
          "dependencies": [
            "data.hetznerdns_zone.ftsell_de",
            "data.local_file.ftsell_id_rsa_pub",
            "data.template_file.cloud-init-config",
            "hcloud_network.main-net",
            "hcloud_network_subnet.vm-net",
            "hcloud_server.lb1",
            "hcloud_ssh_key.ftsell",
            "module.mail_ip.data.hetznerdns_zone.ftsell_de"
          ]
        }
      ]
    },
    {
      "module": "module.mail_ip",
      "mode": "managed",
      "type": "hcloud_rdns",
      "name": "main",
      "provider": "provider[\"registry.terraform.io/hetznercloud/hcloud\"]",
      "instances": [
        {
          "schema_version": 0,
          "attributes": {
            "dns_ptr": "mail.svc.ftsell.de",
            "floating_ip_id": 26063778,
            "id": "f-26063778-116.202.0.235",
            "ip_address": "116.202.0.235",
            "load_balancer_id": null,
            "server_id": null
          },
          "sensitive_attributes": [],
          "private": "bnVsbA==",
          "dependencies": [
            "data.hetznerdns_zone.ftsell_de",
            "data.local_file.ftsell_id_rsa_pub",
            "data.template_file.cloud-init-config",
            "hcloud_network.main-net",
            "hcloud_network_subnet.vm-net",
            "hcloud_server.lb1",
            "hcloud_ssh_key.ftsell",
            "module.mail_ip.data.hetznerdns_zone.ftsell_de",
            "module.mail_ip.hcloud_floating_ip.main"
          ]
        }
      ]
    },
    {
      "module": "module.mail_ip",
      "mode": "managed",
      "type": "hetznerdns_record",
      "name": "main",
      "provider": "provider[\"registry.terraform.io/timohirt/hetznerdns\"]",
      "instances": [
        {
          "schema_version": 0,
          "attributes": {
            "id": "82f70b69f12dd2f2ed02a72bd306a40f",
            "name": "mail.svc",
            "ttl": 0,
            "type": "A",
            "value": "116.202.0.235",
            "zone_id": "CbSKDWuVhnJzokDvskSk2d"
          },
          "sensitive_attributes": [],
          "private": "bnVsbA==",
          "dependencies": [
            "data.hetznerdns_zone.ftsell_de",
            "data.local_file.ftsell_id_rsa_pub",
            "data.template_file.cloud-init-config",
            "hcloud_network.main-net",
            "hcloud_network_subnet.vm-net",
            "hcloud_server.lb1",
            "hcloud_ssh_key.ftsell",
            "module.mail_ip.data.hetznerdns_zone.ftsell_de",
            "module.mail_ip.hcloud_floating_ip.main"
          ]
        }
      ]
    },
    {
      "module": "module.main_ip",
      "mode": "data",
      "type": "hetznerdns_zone",
      "name": "ftsell_de",
      "provider": "provider[\"registry.terraform.io/timohirt/hetznerdns\"]",
      "instances": [
        {
          "schema_version": 0,
          "attributes": {
            "id": "CbSKDWuVhnJzokDvskSk2d",
            "name": "ftsell.de",
            "ttl": 86400
          },
          "sensitive_attributes": []
        }
      ]
    },
    {
      "module": "module.main_ip",
      "mode": "managed",
      "type": "hcloud_floating_ip",
      "name": "main",
      "provider": "provider[\"registry.terraform.io/hetznercloud/hcloud\"]",
      "instances": [
        {
          "schema_version": 0,
          "attributes": {
            "delete_protection": false,
            "description": "",
            "home_location": "fsn1",
            "id": "26063779",
            "ip_address": "116.202.6.114",
            "ip_network": null,
            "labels": {
              "ftsell.de/dns": "main.svc.ftsell.de"
            },
            "name": "main",
            "server_id": 30470309,
            "type": "ipv4"
          },
          "sensitive_attributes": [],
          "private": "bnVsbA==",
          "dependencies": [
            "data.hetznerdns_zone.ftsell_de",
            "data.local_file.ftsell_id_rsa_pub",
            "data.template_file.cloud-init-config",
            "hcloud_network.main-net",
            "hcloud_network_subnet.vm-net",
            "hcloud_server.lb1",
            "hcloud_ssh_key.ftsell",
            "module.main_ip.data.hetznerdns_zone.ftsell_de"
          ]
        }
      ]
    },
    {
      "module": "module.main_ip",
      "mode": "managed",
      "type": "hcloud_rdns",
      "name": "main",
      "provider": "provider[\"registry.terraform.io/hetznercloud/hcloud\"]",
      "instances": [
        {
          "schema_version": 0,
          "attributes": {
            "dns_ptr": "main.svc.ftsell.de",
            "floating_ip_id": 26063779,
            "id": "f-26063779-116.202.6.114",
            "ip_address": "116.202.6.114",
            "load_balancer_id": null,
            "server_id": null
          },
          "sensitive_attributes": [],
          "private": "bnVsbA==",
          "dependencies": [
            "data.hetznerdns_zone.ftsell_de",
            "data.local_file.ftsell_id_rsa_pub",
            "data.template_file.cloud-init-config",
            "hcloud_network.main-net",
            "hcloud_network_subnet.vm-net",
            "hcloud_server.lb1",
            "hcloud_ssh_key.ftsell",
            "module.main_ip.data.hetznerdns_zone.ftsell_de",
            "module.main_ip.hcloud_floating_ip.main"
          ]
        }
      ]
    },
    {
      "module": "module.main_ip",
      "mode": "managed",
      "type": "hetznerdns_record",
      "name": "main",
      "provider": "provider[\"registry.terraform.io/timohirt/hetznerdns\"]",
      "instances": [
        {
          "schema_version": 0,
          "attributes": {
            "id": "05e7a81f1b5fc9172a3db6bc65da6716",
            "name": "main.svc",
            "ttl": 0,
            "type": "A",
            "value": "116.202.6.114",
            "zone_id": "CbSKDWuVhnJzokDvskSk2d"
          },
          "sensitive_attributes": [],
          "private": "bnVsbA==",
          "dependencies": [
            "data.hetznerdns_zone.ftsell_de",
            "data.local_file.ftsell_id_rsa_pub",
            "data.template_file.cloud-init-config",
            "hcloud_network.main-net",
            "hcloud_network_subnet.vm-net",
            "hcloud_server.lb1",
            "hcloud_ssh_key.ftsell",
            "module.main_ip.data.hetznerdns_zone.ftsell_de",
            "module.main_ip.hcloud_floating_ip.main"
          ]
        }
      ]
    },
    {
      "module": "module.storage-srv",
      "mode": "data",
      "type": "cloudinit_config",
      "name": "cloud-config",
      "provider": "provider[\"registry.terraform.io/hashicorp/cloudinit\"]",
      "instances": [
        {
          "schema_version": 0,
          "attributes": {
            "base64_encode": false,
            "boundary": "MIMEBOUNDARY",
            "gzip": false,
            "id": "1636021902",
            "part": [
              {
                "content": "#cloud-config\nssh_pwauth: false\npackage_update: true\npackages:\n  - \"zsh\"\n  - \"git\"\nusers:\n  - name: \"ftsell\"\n    sudo: \"ALL=(ALL) ALL\"\n    shell: \"/usr/bin/bash\"\n    lock_passwd: false\n    passwd: \"$2b$05$Z/9WYtvTdoTh4uf.6BAqLue65tOTTWzR9Ut50Io9FJ8KvmfWtVIga\"\n    ssh_authorized_keys:\n      - \"ssh-rsa AAAAB3NzaC1yc2EAAAADAQABAAABAQCcUOGV3tEfudXOX3JciEmyaGowgGu85OKvmmTPMMcjshh1laHAFnGBjQgizl5jA1wTs0offX9A4Z47RJq7q3PG0OmHeobs4lpPzInMPVKmjoLu9bsllvXgKttGk5I4Epdc2wp7C1T9cfwNAqQOU+H2prC95nbiFPLpFUcQ1R7HEssGkhnyV5zAOQUjsbj1jgyMVCKAPL+Lcc282Auy7qcCk42YnOZSvGJ0Fz3WGOZ2YtL/83OOkbTIXQpGkOYEsOo2pVxd5MjOrebF5XudM4n07w+mBi3PejJnfppDY6AZUwctqcGPXAV2k99ltaakaoZ8kt1QhR/BjpQ6Rw8N99JH\"\n",
                "content_type": "cloud-config",
                "filename": "basic-config.yml",
                "merge_type": null
              }
            ],
            "rendered": "Content-Type: multipart/mixed; boundary=\"MIMEBOUNDARY\"\nMIME-Version: 1.0\r\n\r\n--MIMEBOUNDARY\r\nContent-Disposition: attachment; filename=\"basic-config.yml\"\r\nContent-Transfer-Encoding: 7bit\r\nContent-Type: cloud-config\r\nMime-Version: 1.0\r\n\r\n#cloud-config\nssh_pwauth: false\npackage_update: true\npackages:\n  - \"zsh\"\n  - \"git\"\nusers:\n  - name: \"ftsell\"\n    sudo: \"ALL=(ALL) ALL\"\n    shell: \"/usr/bin/bash\"\n    lock_passwd: false\n    passwd: \"$2b$05$Z/9WYtvTdoTh4uf.6BAqLue65tOTTWzR9Ut50Io9FJ8KvmfWtVIga\"\n    ssh_authorized_keys:\n      - \"ssh-rsa AAAAB3NzaC1yc2EAAAADAQABAAABAQCcUOGV3tEfudXOX3JciEmyaGowgGu85OKvmmTPMMcjshh1laHAFnGBjQgizl5jA1wTs0offX9A4Z47RJq7q3PG0OmHeobs4lpPzInMPVKmjoLu9bsllvXgKttGk5I4Epdc2wp7C1T9cfwNAqQOU+H2prC95nbiFPLpFUcQ1R7HEssGkhnyV5zAOQUjsbj1jgyMVCKAPL+Lcc282Auy7qcCk42YnOZSvGJ0Fz3WGOZ2YtL/83OOkbTIXQpGkOYEsOo2pVxd5MjOrebF5XudM4n07w+mBi3PejJnfppDY6AZUwctqcGPXAV2k99ltaakaoZ8kt1QhR/BjpQ6Rw8N99JH\"\n\r\n--MIMEBOUNDARY--\r\n"
          },
          "sensitive_attributes": []
        }
      ]
    },
    {
      "module": "module.storage-srv",
      "mode": "data",
      "type": "hetznerdns_zone",
      "name": "ftsell_de",
      "provider": "provider[\"registry.terraform.io/timohirt/hetznerdns\"]",
      "instances": [
        {
          "schema_version": 0,
          "attributes": {
            "id": "CbSKDWuVhnJzokDvskSk2d",
            "name": "ftsell.de",
            "ttl": 86400
          },
          "sensitive_attributes": []
        }
      ]
    },
    {
      "module": "module.storage-srv",
      "mode": "managed",
      "type": "hcloud_rdns",
      "name": "server_ipv4",
      "provider": "provider[\"registry.terraform.io/hetznercloud/hcloud\"]",
      "instances": [
        {
          "schema_version": 0,
          "attributes": {
            "dns_ptr": "storage.srv.ftsell.de",
            "floating_ip_id": null,
            "id": "s-30766086-142.132.227.5",
            "ip_address": "142.132.227.5",
            "load_balancer_id": null,
            "server_id": 30766086
          },
          "sensitive_attributes": [],
          "private": "bnVsbA==",
          "dependencies": [
            "hcloud_network.main-net",
            "hcloud_network_subnet.vm-net",
            "hcloud_ssh_key.ftsell",
            "module.storage-srv.data.cloudinit_config.cloud-config",
            "module.storage-srv.data.hetznerdns_zone.ftsell_de",
            "module.storage-srv.hcloud_server.server"
          ]
        }
      ]
    },
    {
      "module": "module.storage-srv",
      "mode": "managed",
      "type": "hcloud_rdns",
      "name": "server_ipv6",
      "provider": "provider[\"registry.terraform.io/hetznercloud/hcloud\"]",
      "instances": [
        {
          "schema_version": 0,
          "attributes": {
            "dns_ptr": "storage.srv.ftsell.de",
            "floating_ip_id": null,
            "id": "s-30766086-2a01:4f8:c012:58f6::1",
            "ip_address": "2a01:4f8:c012:58f6::1",
            "load_balancer_id": null,
            "server_id": 30766086
          },
          "sensitive_attributes": [],
          "private": "bnVsbA==",
          "dependencies": [
            "hcloud_network.main-net",
            "hcloud_network_subnet.vm-net",
            "hcloud_ssh_key.ftsell",
            "module.storage-srv.data.cloudinit_config.cloud-config",
            "module.storage-srv.data.hetznerdns_zone.ftsell_de",
            "module.storage-srv.hcloud_server.server"
          ]
        }
      ]
    },
    {
      "module": "module.storage-srv",
      "mode": "managed",
      "type": "hcloud_server",
      "name": "server",
      "provider": "provider[\"registry.terraform.io/hetznercloud/hcloud\"]",
      "instances": [
        {
          "schema_version": 0,
          "attributes": {
            "allow_deprecated_images": false,
            "backup_window": "18-22",
            "backups": true,
            "datacenter": "fsn1-dc14",
            "delete_protection": true,
            "firewall_ids": [
              795982
            ],
            "id": "30766086",
            "ignore_remote_firewall_ids": false,
            "image": "debian-11",
            "ipv4_address": "142.132.227.5",
            "ipv6_address": "2a01:4f8:c012:58f6::1",
            "ipv6_network": "2a01:4f8:c012:58f6::/64",
            "iso": null,
            "keep_disk": false,
            "labels": {
              "ftsell.de/firewall": "protected_servers",
              "ftsell.de/public_dns": "storage.srv.ftsell.de",
              "ftsell.de/purpose": "storage-server"
            },
            "location": "fsn1",
            "name": "storage",
            "network": [
              {
                "alias_ips": [],
                "ip": "10.0.0.8",
                "mac_address": "86:00:00:40:40:12",
                "network_id": 2685068
              }
            ],
            "placement_group_id": null,
            "public_net": [],
            "rebuild_protection": true,
            "rescue": null,
            "server_type": "cx11",
            "ssh_keys": [
              "10621152"
            ],
            "status": "running",
            "timeouts": null,
            "user_data": "HxxQN+3xGU1wO1MtKpcuo7Locu4="
          },
          "sensitive_attributes": [],
          "private": "eyJlMmJmYjczMC1lY2FhLTExZTYtOGY4OC0zNDM2M2JjN2M0YzAiOnsiY3JlYXRlIjo1NDAwMDAwMDAwMDAwfX0=",
          "dependencies": [
            "hcloud_network.main-net",
            "hcloud_network_subnet.vm-net",
            "hcloud_ssh_key.ftsell",
            "module.storage-srv.data.cloudinit_config.cloud-config",
            "module.storage-srv.data.hetznerdns_zone.ftsell_de"
          ]
        }
      ]
    },
    {
      "module": "module.storage-srv",
      "mode": "managed",
      "type": "hetznerdns_record",
      "name": "server_ipv4",
      "provider": "provider[\"registry.terraform.io/timohirt/hetznerdns\"]",
      "instances": [
        {
          "schema_version": 0,
          "attributes": {
            "id": "1502df5e2d3f9ea5066af66a2f9bfd75",
            "name": "storage.srv",
            "ttl": 0,
            "type": "A",
            "value": "142.132.227.5",
            "zone_id": "CbSKDWuVhnJzokDvskSk2d"
          },
          "sensitive_attributes": [],
          "private": "bnVsbA==",
          "dependencies": [
            "hcloud_network.main-net",
            "hcloud_network_subnet.vm-net",
            "hcloud_ssh_key.ftsell",
            "module.storage-srv.data.cloudinit_config.cloud-config",
            "module.storage-srv.data.hetznerdns_zone.ftsell_de",
            "module.storage-srv.hcloud_server.server"
          ]
        }
      ]
    },
    {
      "module": "module.storage-srv",
      "mode": "managed",
      "type": "hetznerdns_record",
      "name": "server_ipv6",
      "provider": "provider[\"registry.terraform.io/timohirt/hetznerdns\"]",
      "instances": [
        {
          "schema_version": 0,
          "attributes": {
            "id": "c49b1ed7dc75946d46593e0e16878c3f",
            "name": "storage.srv",
            "ttl": 0,
            "type": "AAAA",
            "value": "2a01:4f8:c012:58f6::1",
            "zone_id": "CbSKDWuVhnJzokDvskSk2d"
          },
          "sensitive_attributes": [],
          "private": "bnVsbA==",
          "dependencies": [
            "hcloud_network.main-net",
            "hcloud_network_subnet.vm-net",
            "hcloud_ssh_key.ftsell",
            "module.storage-srv.data.cloudinit_config.cloud-config",
            "module.storage-srv.data.hetznerdns_zone.ftsell_de",
            "module.storage-srv.hcloud_server.server"
          ]
        }
      ]
    }
  ],
  "check_results": null
}
