{
  "version": 4,
  "terraform_version": "1.4.6",
  "serial": 723,
  "lineage": "443bb6e1-a107-c856-e672-897bd1854a07",
  "outputs": {
    "mail_ip": {
      "value": "159.69.100.237",
      "type": "string"
    },
    "main_ip": {
      "value": "116.202.6.114",
      "type": "string"
    }
  },
  "resources": [
    {
      "mode": "data",
      "type": "hcloud_image",
      "name": "debian_arm",
      "provider": "provider[\"registry.terraform.io/hetznercloud/hcloud\"]",
      "instances": [
        {
          "schema_version": 0,
          "attributes": {
            "architecture": "arm",
            "created": "2023-03-20T10:06:43Z",
            "deprecated": null,
            "description": "Debian 11",
            "id": 103907373,
            "labels": {},
            "most_recent": true,
            "name": "debian-11",
            "os_flavor": "debian",
            "os_version": "11",
            "rapid_deploy": true,
            "selector": null,
            "type": "system",
            "with_architecture": "arm",
            "with_selector": null,
            "with_status": [
              "available"
            ]
          },
          "sensitive_attributes": []
        }
      ]
    },
    {
      "mode": "data",
      "type": "hcloud_image",
      "name": "debian_x86",
      "provider": "provider[\"registry.terraform.io/hetznercloud/hcloud\"]",
      "instances": [
        {
          "schema_version": 0,
          "attributes": {
            "architecture": "x86",
            "created": "2021-08-16T11:12:01Z",
            "deprecated": null,
            "description": "Debian 11",
            "id": 45557056,
            "labels": {},
            "most_recent": true,
            "name": "debian-11",
            "os_flavor": "debian",
            "os_version": "11",
            "rapid_deploy": true,
            "selector": null,
            "type": "system",
            "with_architecture": "x86",
            "with_selector": null,
            "with_status": [
              "available"
            ]
          },
          "sensitive_attributes": []
        }
      ]
    },
    {
      "mode": "data",
      "type": "hetznerdns_zone",
      "name": "ftsell_de",
      "provider": "provider[\"registry.terraform.io/timohirt/hetznerdns\"]",
      "instances": [
        {
          "schema_version": 0,
          "attributes": {
            "id": "CbSKDWuVhnJzokDvskSk2d",
            "name": "ftsell.de",
            "ttl": 86400
          },
          "sensitive_attributes": []
        }
      ]
    },
    {
      "mode": "data",
      "type": "local_file",
      "name": "ftsell_id_rsa_pub",
      "provider": "provider[\"registry.terraform.io/hashicorp/local\"]",
      "instances": [
        {
          "schema_version": 0,
          "attributes": {
            "content": "ssh-rsa AAAAB3NzaC1yc2EAAAADAQABAAABAQCcUOGV3tEfudXOX3JciEmyaGowgGu85OKvmmTPMMcjshh1laHAFnGBjQgizl5jA1wTs0offX9A4Z47RJq7q3PG0OmHeobs4lpPzInMPVKmjoLu9bsllvXgKttGk5I4Epdc2wp7C1T9cfwNAqQOU+H2prC95nbiFPLpFUcQ1R7HEssGkhnyV5zAOQUjsbj1jgyMVCKAPL+Lcc282Auy7qcCk42YnOZSvGJ0Fz3WGOZ2YtL/83OOkbTIXQpGkOYEsOo2pVxd5MjOrebF5XudM4n07w+mBi3PejJnfppDY6AZUwctqcGPXAV2k99ltaakaoZ8kt1QhR/BjpQ6Rw8N99JH\n",
            "content_base64": "c3NoLXJzYSBBQUFBQjNOemFDMXljMkVBQUFBREFRQUJBQUFCQVFDY1VPR1YzdEVmdWRYT1gzSmNpRW15YUdvd2dHdTg1T0t2bW1UUE1NY2pzaGgxbGFIQUZuR0JqUWdpemw1akExd1RzMG9mZlg5QTRaNDdSSnE3cTNQRzBPbUhlb2JzNGxwUHpJbk1QVkttam9MdTlic2xsdlhnS3R0R2s1STRFcGRjMndwN0MxVDljZndOQXFRT1UrSDJwckM5NW5iaUZQTHBGVWNRMVI3SEVzc0draG55VjV6QU9RVWpzYmoxamd5TVZDS0FQTCtMY2MyODJBdXk3cWNDazQyWW5PWlN2R0owRnozV0dPWjJZdEwvODNPT2tiVElYUXBHa09ZRXNPbzJwVnhkNU1qT3JlYkY1WHVkTTRuMDd3K21CaTNQZWpKbmZwcERZNkFaVXdjdHFjR1BYQVYyazk5bHRhYWthb1o4a3QxUWhSL0JqcFE2Unc4Tjk5SkgK",
            "content_base64sha256": "YECaRbAvxLj/hElo1K9CK0fwUp0WEivBtdfp+t+iMuM=",
            "content_base64sha512": "mLEKEwGYGubztS8jyLhQGxNRy+Rb+7H8lIlF9X9RgOAHH7ZGEmnSbHDzrtSeNNf/efLqNuaSQECsgntxxMBoaw==",
            "content_md5": "a6352aca6b19b6ad81bdaa15bbb370ee",
            "content_sha1": "72d8e98508bfd3ee15f5ab2eafa755dc0337ff31",
            "content_sha256": "60409a45b02fc4b8ff844968d4af422b47f0529d16122bc1b5d7e9fadfa232e3",
            "content_sha512": "98b10a1301981ae6f3b52f23c8b8501b1351cbe45bfbb1fc948945f57f5180e0071fb6461269d26c70f3aed49e34d7ff79f2ea36e6924040ac827b71c4c0686b",
            "filename": "./resources/id_rsa.pub",
            "id": "72d8e98508bfd3ee15f5ab2eafa755dc0337ff31"
          },
          "sensitive_attributes": []
        }
      ]
    },
    {
      "mode": "data",
      "type": "template_file",
      "name": "cloud-init-config",
      "provider": "provider[\"registry.terraform.io/hashicorp/template\"]",
      "instances": [
        {
          "schema_version": 0,
          "attributes": {
            "filename": null,
            "id": "f3bf183c6dbb75f7f4cc54bda11e4418ee48cbf3671aaf2de3a0e8d077862406",
            "rendered": "#cloud-config\nssh_pwauth: false\npackage_update: true\npackages:\n  - \"zsh\"\n  - \"git\"\nusers:\n  - name: \"ftsell\"\n    sudo: \"ALL=(ALL) ALL\"\n    shell: \"/usr/bin/bash\"\n    lock_passwd: false\n    passwd: \"$2b$05$Z/9WYtvTdoTh4uf.6BAqLue65tOTTWzR9Ut50Io9FJ8KvmfWtVIga\"\n    ssh_authorized_keys:\n      - \"ssh-rsa AAAAB3NzaC1yc2EAAAADAQABAAABAQCcUOGV3tEfudXOX3JciEmyaGowgGu85OKvmmTPMMcjshh1laHAFnGBjQgizl5jA1wTs0offX9A4Z47RJq7q3PG0OmHeobs4lpPzInMPVKmjoLu9bsllvXgKttGk5I4Epdc2wp7C1T9cfwNAqQOU+H2prC95nbiFPLpFUcQ1R7HEssGkhnyV5zAOQUjsbj1jgyMVCKAPL+Lcc282Auy7qcCk42YnOZSvGJ0Fz3WGOZ2YtL/83OOkbTIXQpGkOYEsOo2pVxd5MjOrebF5XudM4n07w+mBi3PejJnfppDY6AZUwctqcGPXAV2k99ltaakaoZ8kt1QhR/BjpQ6Rw8N99JH\n\"\n",
            "template": "#cloud-config\nssh_pwauth: false\npackage_update: true\npackages:\n  - \"zsh\"\n  - \"git\"\nusers:\n  - name: \"ftsell\"\n    sudo: \"ALL=(ALL) ALL\"\n    shell: \"/usr/bin/bash\"\n    lock_passwd: false\n    passwd: \"${ ftsell_pwhash }\"\n    ssh_authorized_keys:\n      - \"${ ftsell_pubkey }\"\n",
            "vars": {
              "ftsell_pubkey": "ssh-rsa AAAAB3NzaC1yc2EAAAADAQABAAABAQCcUOGV3tEfudXOX3JciEmyaGowgGu85OKvmmTPMMcjshh1laHAFnGBjQgizl5jA1wTs0offX9A4Z47RJq7q3PG0OmHeobs4lpPzInMPVKmjoLu9bsllvXgKttGk5I4Epdc2wp7C1T9cfwNAqQOU+H2prC95nbiFPLpFUcQ1R7HEssGkhnyV5zAOQUjsbj1jgyMVCKAPL+Lcc282Auy7qcCk42YnOZSvGJ0Fz3WGOZ2YtL/83OOkbTIXQpGkOYEsOo2pVxd5MjOrebF5XudM4n07w+mBi3PejJnfppDY6AZUwctqcGPXAV2k99ltaakaoZ8kt1QhR/BjpQ6Rw8N99JH\n",
              "ftsell_pwhash": "$2b$05$Z/9WYtvTdoTh4uf.6BAqLue65tOTTWzR9Ut50Io9FJ8KvmfWtVIga"
            }
          },
          "sensitive_attributes": []
        }
      ]
    },
    {
      "mode": "managed",
      "type": "hcloud_firewall",
      "name": "main",
      "provider": "provider[\"registry.terraform.io/hetznercloud/hcloud\"]",
      "instances": [
        {
          "schema_version": 0,
          "attributes": {
            "apply_to": [
              {
                "label_selector": "ftsell.de/firewall=main_server",
                "server": 0
              }
            ],
            "id": "828269",
            "labels": {},
            "name": "main_server",
            "rule": [
              {
                "description": "",
                "destination_ips": [],
                "direction": "in",
                "port": "",
                "protocol": "icmp",
                "source_ips": [
                  "0.0.0.0/0",
                  "::/0"
                ]
              },
              {
                "description": "HTTP",
                "destination_ips": [],
                "direction": "in",
                "port": "80",
                "protocol": "tcp",
                "source_ips": [
                  "0.0.0.0/0",
                  "::/0"
                ]
              },
              {
                "description": "HTTPS",
                "destination_ips": [],
                "direction": "in",
                "port": "443",
                "protocol": "tcp",
                "source_ips": [
                  "0.0.0.0/0",
                  "::/0"
                ]
              },
              {
                "description": "IMAPs",
                "destination_ips": [],
                "direction": "in",
                "port": "993",
                "protocol": "tcp",
                "source_ips": [
                  "0.0.0.0/0",
                  "::/0"
                ]
              },
              {
                "description": "Kubernetes API-Server",
                "destination_ips": [],
                "direction": "in",
                "port": "6443",
                "protocol": "tcp",
                "source_ips": [
                  "0.0.0.0/0",
                  "::/0"
                ]
              },
              {
                "description": "ManageSieve",
                "destination_ips": [],
                "direction": "in",
                "port": "4190",
                "protocol": "tcp",
                "source_ips": [
                  "0.0.0.0/0",
                  "::/0"
                ]
              },
              {
                "description": "Pixelflut",
                "destination_ips": [],
                "direction": "in",
                "port": "9876",
                "protocol": "tcp",
                "source_ips": [
                  "0.0.0.0/0",
                  "::/0"
                ]
              },
              {
                "description": "Pixelflut",
                "destination_ips": [],
                "direction": "in",
                "port": "9876",
                "protocol": "udp",
                "source_ips": [
                  "0.0.0.0/0",
                  "::/0"
                ]
              },
              {
                "description": "SMTP Submission",
                "destination_ips": [],
                "direction": "in",
                "port": "587",
                "protocol": "tcp",
                "source_ips": [
                  "0.0.0.0/0",
                  "::/0"
                ]
              },
              {
                "description": "SMTP",
                "destination_ips": [],
                "direction": "in",
                "port": "25",
                "protocol": "tcp",
                "source_ips": [
                  "0.0.0.0/0",
                  "::/0"
                ]
              },
              {
                "description": "SSH",
                "destination_ips": [],
                "direction": "in",
                "port": "22",
                "protocol": "tcp",
                "source_ips": [
                  "0.0.0.0/0",
                  "::/0"
                ]
              }
            ]
          },
          "sensitive_attributes": [],
          "private": "bnVsbA=="
        }
      ]
    },
    {
      "mode": "managed",
      "type": "hcloud_firewall",
      "name": "monitoring",
      "provider": "provider[\"registry.terraform.io/hetznercloud/hcloud\"]",
      "instances": [
        {
          "schema_version": 0,
          "attributes": {
            "apply_to": [
              {
                "label_selector": "ftsell.de/firewall=monitoring",
                "server": 0
              }
            ],
            "id": "823572",
            "labels": {},
            "name": "monitoring",
            "rule": [
              {
                "description": "",
                "destination_ips": [],
                "direction": "in",
                "port": "",
                "protocol": "icmp",
                "source_ips": [
                  "0.0.0.0/0",
                  "::/0"
                ]
              },
              {
                "description": "",
                "destination_ips": [],
                "direction": "in",
                "port": "22",
                "protocol": "tcp",
                "source_ips": [
                  "0.0.0.0/0",
                  "::/0"
                ]
              },
              {
                "description": "",
                "destination_ips": [],
                "direction": "in",
                "port": "443",
                "protocol": "tcp",
                "source_ips": [
                  "0.0.0.0/0",
                  "::/0"
                ]
              },
              {
                "description": "",
                "destination_ips": [],
                "direction": "in",
                "port": "80",
                "protocol": "tcp",
                "source_ips": [
                  "0.0.0.0/0",
                  "::/0"
                ]
              }
            ]
          },
          "sensitive_attributes": [],
          "private": "bnVsbA=="
        }
      ]
    },
    {
      "mode": "managed",
      "type": "hcloud_firewall",
      "name": "vpn",
      "provider": "provider[\"registry.terraform.io/hetznercloud/hcloud\"]",
      "instances": [
        {
          "schema_version": 0,
          "attributes": {
            "apply_to": [
              {
                "label_selector": "ftsell.de/firewall=vpn",
                "server": 0
              }
            ],
            "id": "896117",
            "labels": {},
            "name": "vpn",
            "rule": [
              {
                "description": "",
                "destination_ips": [],
                "direction": "in",
                "port": "",
                "protocol": "icmp",
                "source_ips": [
                  "0.0.0.0/0",
                  "::/0"
                ]
              }
            ]
          },
          "sensitive_attributes": [],
          "private": "bnVsbA=="
        }
      ]
    },
    {
      "mode": "managed",
      "type": "hcloud_rdns",
      "name": "lb1-ipv4",
      "provider": "provider[\"registry.terraform.io/hetznercloud/hcloud\"]",
      "instances": [
        {
          "schema_version": 0,
          "attributes": {
            "dns_ptr": "main.srv.ftsell.de",
            "floating_ip_id": null,
            "id": "s-31133542-138.201.157.248",
            "ip_address": "138.201.157.248",
            "load_balancer_id": null,
            "primary_ip_id": null,
            "server_id": 31133542
          },
          "sensitive_attributes": [],
          "private": "bnVsbA==",
          "dependencies": [
            "data.hcloud_image.debian_x86",
            "data.hetznerdns_zone.ftsell_de",
            "data.local_file.ftsell_id_rsa_pub",
            "data.template_file.cloud-init-config",
            "hcloud_server.main",
            "hcloud_ssh_key.ftsell"
          ]
        }
      ]
    },
    {
      "mode": "managed",
      "type": "hcloud_rdns",
      "name": "lb1-ipv6",
      "provider": "provider[\"registry.terraform.io/hetznercloud/hcloud\"]",
      "instances": [
        {
          "schema_version": 0,
          "attributes": {
            "dns_ptr": "main.srv.ftsell.de",
            "floating_ip_id": null,
            "id": "s-31133542-2a01:4f8:c17:24e4::1",
            "ip_address": "2a01:4f8:c17:24e4::1",
            "load_balancer_id": null,
            "primary_ip_id": null,
            "server_id": 31133542
          },
          "sensitive_attributes": [],
          "private": "bnVsbA==",
          "dependencies": [
            "data.hcloud_image.debian_x86",
            "data.hetznerdns_zone.ftsell_de",
            "data.local_file.ftsell_id_rsa_pub",
            "data.template_file.cloud-init-config",
            "hcloud_server.main",
            "hcloud_ssh_key.ftsell"
          ]
        }
      ]
    },
    {
      "mode": "managed",
      "type": "hcloud_rdns",
      "name": "monitoring-ipv4",
      "provider": "provider[\"registry.terraform.io/hetznercloud/hcloud\"]",
      "instances": [
        {
          "schema_version": 0,
          "attributes": {
            "dns_ptr": "monitoring.srv.ftsell.de",
            "floating_ip_id": null,
            "id": "s-31006582-135.181.83.215",
            "ip_address": "135.181.83.215",
            "load_balancer_id": null,
            "primary_ip_id": null,
            "server_id": 31006582
          },
          "sensitive_attributes": [],
          "private": "bnVsbA==",
          "dependencies": [
            "data.hcloud_image.debian_x86",
            "data.hetznerdns_zone.ftsell_de",
            "data.local_file.ftsell_id_rsa_pub",
            "data.template_file.cloud-init-config",
            "hcloud_server.monitoring",
            "hcloud_ssh_key.ftsell"
          ]
        }
      ]
    },
    {
      "mode": "managed",
      "type": "hcloud_rdns",
      "name": "monitoring-ipv6",
      "provider": "provider[\"registry.terraform.io/hetznercloud/hcloud\"]",
      "instances": [
        {
          "schema_version": 0,
          "attributes": {
            "dns_ptr": "monitoring.srv.ftsell.de",
            "floating_ip_id": null,
            "id": "s-31006582-2a01:4f9:c012:5522::1",
            "ip_address": "2a01:4f9:c012:5522::1",
            "load_balancer_id": null,
            "primary_ip_id": null,
            "server_id": 31006582
          },
          "sensitive_attributes": [],
          "private": "bnVsbA==",
          "dependencies": [
            "data.hcloud_image.debian_x86",
            "data.hetznerdns_zone.ftsell_de",
            "data.local_file.ftsell_id_rsa_pub",
            "data.template_file.cloud-init-config",
            "hcloud_server.monitoring",
            "hcloud_ssh_key.ftsell"
          ]
        }
      ]
    },
    {
      "mode": "managed",
      "type": "hcloud_rdns",
      "name": "vpn-ipv4",
      "provider": "provider[\"registry.terraform.io/hetznercloud/hcloud\"]",
      "instances": [
        {
          "schema_version": 0,
          "attributes": {
            "dns_ptr": "vpn.srv.ftsell.de",
            "floating_ip_id": null,
            "id": "s-32977127-128.140.58.78",
            "ip_address": "128.140.58.78",
            "load_balancer_id": null,
            "primary_ip_id": null,
            "server_id": 32977127
          },
          "sensitive_attributes": [],
          "private": "bnVsbA==",
          "dependencies": [
            "data.hcloud_image.debian_arm",
            "data.hetznerdns_zone.ftsell_de",
            "data.local_file.ftsell_id_rsa_pub",
            "data.template_file.cloud-init-config",
            "hcloud_server.vpn",
            "hcloud_ssh_key.ftsell"
          ]
        }
      ]
    },
    {
      "mode": "managed",
      "type": "hcloud_rdns",
      "name": "vpn-ipv6",
      "provider": "provider[\"registry.terraform.io/hetznercloud/hcloud\"]",
      "instances": [
        {
          "schema_version": 0,
          "attributes": {
            "dns_ptr": "vpn.srv.ftsell.de",
            "floating_ip_id": null,
            "id": "s-32977127-2a01:4f8:c012:e8e3::1",
            "ip_address": "2a01:4f8:c012:e8e3::1",
            "load_balancer_id": null,
            "primary_ip_id": null,
            "server_id": 32977127
          },
          "sensitive_attributes": [],
          "private": "bnVsbA==",
          "dependencies": [
            "data.hcloud_image.debian_arm",
            "data.hetznerdns_zone.ftsell_de",
            "data.local_file.ftsell_id_rsa_pub",
            "data.template_file.cloud-init-config",
            "hcloud_server.vpn",
            "hcloud_ssh_key.ftsell"
          ]
        }
      ]
    },
    {
      "mode": "managed",
      "type": "hcloud_server",
      "name": "main",
      "provider": "provider[\"registry.terraform.io/hetznercloud/hcloud\"]",
      "instances": [
        {
          "schema_version": 0,
          "attributes": {
            "allow_deprecated_images": false,
            "backup_window": "18-22",
            "backups": true,
            "datacenter": "fsn1-dc14",
            "delete_protection": true,
            "firewall_ids": [
              828269
            ],
            "id": "31133542",
            "ignore_remote_firewall_ids": false,
            "image": "110894928",
            "ipv4_address": "138.201.157.248",
            "ipv6_address": "2a01:4f8:c17:24e4::1",
            "ipv6_network": "2a01:4f8:c17:24e4::/64",
            "iso": null,
            "keep_disk": false,
            "labels": {
              "ftsell.de/firewall": "main_server",
              "ftsell.de/public_dns": "main.srv.ftsell.de",
              "ftsell.de/purpose": "main_server"
            },
            "location": "fsn1",
            "name": "main",
            "network": [],
            "placement_group_id": null,
            "public_net": [],
            "rebuild_protection": true,
            "rescue": null,
            "server_type": "cpx31",
            "ssh_keys": [
              "10621152"
            ],
            "status": "running",
            "timeouts": null,
            "user_data": "BqiHjwl7OXs9flYc6fYaPlFqB8M="
          },
          "sensitive_attributes": [],
          "private": "eyJlMmJmYjczMC1lY2FhLTExZTYtOGY4OC0zNDM2M2JjN2M0YzAiOnsiY3JlYXRlIjo1NDAwMDAwMDAwMDAwfX0=",
          "dependencies": [
            "data.hcloud_image.debian_x86",
            "data.hetznerdns_zone.ftsell_de",
            "data.local_file.ftsell_id_rsa_pub",
            "data.template_file.cloud-init-config",
            "hcloud_ssh_key.ftsell"
          ]
        }
      ]
    },
    {
      "mode": "managed",
      "type": "hcloud_server",
      "name": "monitoring",
      "provider": "provider[\"registry.terraform.io/hetznercloud/hcloud\"]",
      "instances": [
        {
          "schema_version": 0,
          "attributes": {
            "allow_deprecated_images": false,
            "backup_window": "06-10",
            "backups": true,
            "datacenter": "hel1-dc2",
            "delete_protection": true,
            "firewall_ids": [
              823572
            ],
            "id": "31006582",
            "ignore_remote_firewall_ids": false,
            "image": "debian-11",
            "ipv4_address": "135.181.83.215",
            "ipv6_address": "2a01:4f9:c012:5522::1",
            "ipv6_network": "2a01:4f9:c012:5522::/64",
            "iso": null,
            "keep_disk": false,
            "labels": {
              "ftsell.de/firewall": "monitoring",
              "ftsell.de/public_dns": "monitoring.srv.ftsell.de",
              "ftsell.de/purpose": "monitoring"
            },
            "location": "hel1",
            "name": "monitoring",
            "network": [],
            "placement_group_id": null,
            "public_net": [],
            "rebuild_protection": true,
            "rescue": null,
            "server_type": "cpx11",
            "ssh_keys": [
              "10621152"
            ],
            "status": "running",
            "timeouts": null,
            "user_data": "BqiHjwl7OXs9flYc6fYaPlFqB8M="
          },
          "sensitive_attributes": [],
          "private": "eyJlMmJmYjczMC1lY2FhLTExZTYtOGY4OC0zNDM2M2JjN2M0YzAiOnsiY3JlYXRlIjo1NDAwMDAwMDAwMDAwfX0=",
          "dependencies": [
            "data.hcloud_image.debian_x86",
            "data.hetznerdns_zone.ftsell_de",
            "data.local_file.ftsell_id_rsa_pub",
            "data.template_file.cloud-init-config",
            "hcloud_ssh_key.ftsell"
          ]
        }
      ]
    },
    {
      "mode": "managed",
      "type": "hcloud_server",
      "name": "vpn",
      "provider": "provider[\"registry.terraform.io/hetznercloud/hcloud\"]",
      "instances": [
        {
          "schema_version": 0,
          "attributes": {
            "allow_deprecated_images": false,
            "backup_window": "02-06",
            "backups": true,
            "datacenter": "fsn1-dc14",
            "delete_protection": true,
            "firewall_ids": [
              896117
            ],
            "id": "32977127",
            "ignore_remote_firewall_ids": false,
            "image": "103907373",
            "ipv4_address": "128.140.58.78",
            "ipv6_address": "2a01:4f8:c012:e8e3::1",
            "ipv6_network": "2a01:4f8:c012:e8e3::/64",
            "iso": null,
            "keep_disk": false,
            "labels": {
              "ftsell.de/firewall": "vpn",
              "ftsell.de/public_dns": "vpn.srv.ftsell.de",
              "ftsell.de/purpose": "vpn"
            },
            "location": "fsn1",
            "name": "vpn",
            "network": [],
            "placement_group_id": null,
            "public_net": [],
            "rebuild_protection": true,
            "rescue": null,
            "server_type": "cax11",
            "ssh_keys": [
              "10621152"
            ],
            "status": "running",
            "timeouts": null,
            "user_data": "BqiHjwl7OXs9flYc6fYaPlFqB8M="
          },
          "sensitive_attributes": [],
          "private": "eyJlMmJmYjczMC1lY2FhLTExZTYtOGY4OC0zNDM2M2JjN2M0YzAiOnsiY3JlYXRlIjo1NDAwMDAwMDAwMDAwfX0=",
          "dependencies": [
            "data.hcloud_image.debian_arm",
            "data.hetznerdns_zone.ftsell_de",
            "data.local_file.ftsell_id_rsa_pub",
            "data.template_file.cloud-init-config",
            "hcloud_ssh_key.ftsell"
          ]
        }
      ]
    },
    {
      "mode": "managed",
      "type": "hcloud_ssh_key",
      "name": "ftsell",
      "provider": "provider[\"registry.terraform.io/hetznercloud/hcloud\"]",
      "instances": [
        {
          "schema_version": 0,
          "attributes": {
            "fingerprint": "48:ea:0c:c5:e4:99:85:2b:e0:9f:91:f3:87:3a:65:65",
            "id": "10621152",
            "labels": {},
            "name": "ftsell",
            "public_key": "ssh-rsa AAAAB3NzaC1yc2EAAAADAQABAAABAQCcUOGV3tEfudXOX3JciEmyaGowgGu85OKvmmTPMMcjshh1laHAFnGBjQgizl5jA1wTs0offX9A4Z47RJq7q3PG0OmHeobs4lpPzInMPVKmjoLu9bsllvXgKttGk5I4Epdc2wp7C1T9cfwNAqQOU+H2prC95nbiFPLpFUcQ1R7HEssGkhnyV5zAOQUjsbj1jgyMVCKAPL+Lcc282Auy7qcCk42YnOZSvGJ0Fz3WGOZ2YtL/83OOkbTIXQpGkOYEsOo2pVxd5MjOrebF5XudM4n07w+mBi3PejJnfppDY6AZUwctqcGPXAV2k99ltaakaoZ8kt1QhR/BjpQ6Rw8N99JH\n"
          },
          "sensitive_attributes": [],
          "private": "bnVsbA=="
        }
      ]
    },
    {
      "mode": "managed",
      "type": "hetznerdns_record",
      "name": "lb1-ipv4",
      "provider": "provider[\"registry.terraform.io/timohirt/hetznerdns\"]",
      "instances": [
        {
          "schema_version": 0,
          "attributes": {
            "id": "3426560c3e3f1b2a31aa4766b248d073",
            "name": "main.srv",
            "ttl": 0,
            "type": "A",
            "value": "138.201.157.248",
            "zone_id": "CbSKDWuVhnJzokDvskSk2d"
          },
          "sensitive_attributes": [],
          "private": "bnVsbA==",
          "dependencies": [
            "data.hcloud_image.debian_x86",
            "data.hetznerdns_zone.ftsell_de",
            "data.local_file.ftsell_id_rsa_pub",
            "data.template_file.cloud-init-config",
            "hcloud_server.main",
            "hcloud_ssh_key.ftsell"
          ]
        }
      ]
    },
    {
      "mode": "managed",
      "type": "hetznerdns_record",
      "name": "lb1-ipv6",
      "provider": "provider[\"registry.terraform.io/timohirt/hetznerdns\"]",
      "instances": [
        {
          "schema_version": 0,
          "attributes": {
            "id": "4646272eb7aca41f645e5f12fd988bb6",
            "name": "main.srv",
            "ttl": 0,
            "type": "AAAA",
            "value": "2a01:4f8:c17:24e4::1",
            "zone_id": "CbSKDWuVhnJzokDvskSk2d"
          },
          "sensitive_attributes": [],
          "private": "bnVsbA==",
          "dependencies": [
            "data.hcloud_image.debian_x86",
            "data.hetznerdns_zone.ftsell_de",
            "data.local_file.ftsell_id_rsa_pub",
            "data.template_file.cloud-init-config",
            "hcloud_server.main",
            "hcloud_ssh_key.ftsell"
          ]
        }
      ]
    },
    {
      "mode": "managed",
      "type": "hetznerdns_record",
      "name": "monitoring-ipv4",
      "provider": "provider[\"registry.terraform.io/timohirt/hetznerdns\"]",
      "instances": [
        {
          "schema_version": 0,
          "attributes": {
            "id": "05f4b675d6ecda5db6a6b63700e7f9a5",
            "name": "monitoring.srv",
            "ttl": 0,
            "type": "A",
            "value": "135.181.83.215",
            "zone_id": "CbSKDWuVhnJzokDvskSk2d"
          },
          "sensitive_attributes": [],
          "private": "bnVsbA==",
          "dependencies": [
            "data.hcloud_image.debian_x86",
            "data.hetznerdns_zone.ftsell_de",
            "data.local_file.ftsell_id_rsa_pub",
            "data.template_file.cloud-init-config",
            "hcloud_server.monitoring",
            "hcloud_ssh_key.ftsell"
          ]
        }
      ]
    },
    {
      "mode": "managed",
      "type": "hetznerdns_record",
      "name": "monitoring-ipv6",
      "provider": "provider[\"registry.terraform.io/timohirt/hetznerdns\"]",
      "instances": [
        {
          "schema_version": 0,
          "attributes": {
            "id": "bc7de757eaf124e07933376634d0e575",
            "name": "monitoring.srv",
            "ttl": 0,
            "type": "AAAA",
            "value": "2a01:4f9:c012:5522::1",
            "zone_id": "CbSKDWuVhnJzokDvskSk2d"
          },
          "sensitive_attributes": [],
          "private": "bnVsbA==",
          "dependencies": [
            "data.hcloud_image.debian_x86",
            "data.hetznerdns_zone.ftsell_de",
            "data.local_file.ftsell_id_rsa_pub",
            "data.template_file.cloud-init-config",
            "hcloud_server.monitoring",
            "hcloud_ssh_key.ftsell"
          ]
        }
      ]
    },
    {
      "mode": "managed",
      "type": "hetznerdns_record",
      "name": "vpn-ipv4",
      "provider": "provider[\"registry.terraform.io/timohirt/hetznerdns\"]",
      "instances": [
        {
          "schema_version": 0,
          "attributes": {
            "id": "b331d462546a018b761a72a075d54403",
            "name": "vpn.srv",
            "ttl": 0,
            "type": "A",
            "value": "128.140.58.78",
            "zone_id": "CbSKDWuVhnJzokDvskSk2d"
          },
          "sensitive_attributes": [],
          "private": "bnVsbA==",
          "dependencies": [
            "data.hcloud_image.debian_arm",
            "data.hetznerdns_zone.ftsell_de",
            "data.local_file.ftsell_id_rsa_pub",
            "data.template_file.cloud-init-config",
            "hcloud_server.vpn",
            "hcloud_ssh_key.ftsell"
          ]
        }
      ]
    },
    {
      "mode": "managed",
      "type": "hetznerdns_record",
      "name": "vpn-ipv6",
      "provider": "provider[\"registry.terraform.io/timohirt/hetznerdns\"]",
      "instances": [
        {
          "schema_version": 0,
          "attributes": {
            "id": "97af90fcfbbd3809fad28c309e62985e",
            "name": "vpn.srv",
            "ttl": 0,
            "type": "AAAA",
            "value": "2a01:4f8:c012:e8e3::1",
            "zone_id": "CbSKDWuVhnJzokDvskSk2d"
          },
          "sensitive_attributes": [],
          "private": "bnVsbA==",
          "dependencies": [
            "data.hcloud_image.debian_arm",
            "data.hetznerdns_zone.ftsell_de",
            "data.local_file.ftsell_id_rsa_pub",
            "data.template_file.cloud-init-config",
            "hcloud_server.vpn",
            "hcloud_ssh_key.ftsell"
          ]
        }
      ]
    },
    {
      "module": "module.mail_ip",
      "mode": "data",
      "type": "hetznerdns_zone",
      "name": "ftsell_de",
      "provider": "provider[\"registry.terraform.io/timohirt/hetznerdns\"]",
      "instances": [
        {
          "schema_version": 0,
          "attributes": {
            "id": "CbSKDWuVhnJzokDvskSk2d",
            "name": "ftsell.de",
            "ttl": 86400
          },
          "sensitive_attributes": []
        }
      ]
    },
    {
      "module": "module.mail_ip",
      "mode": "managed",
      "type": "hcloud_floating_ip",
      "name": "main",
      "provider": "provider[\"registry.terraform.io/hetznercloud/hcloud\"]",
      "instances": [
        {
          "schema_version": 0,
          "attributes": {
            "delete_protection": false,
            "description": "",
            "home_location": "fsn1",
            "id": "30729544",
            "ip_address": "159.69.100.237",
            "ip_network": null,
            "labels": {
              "ftsell.de/dns": "mail.svc.ftsell.de"
            },
            "name": "mail",
            "server_id": 31133542,
            "type": "ipv4"
          },
          "sensitive_attributes": [],
          "private": "bnVsbA==",
          "dependencies": [
            "data.hcloud_image.debian_x86",
            "data.hetznerdns_zone.ftsell_de",
            "data.local_file.ftsell_id_rsa_pub",
            "data.template_file.cloud-init-config",
            "hcloud_server.main",
            "hcloud_ssh_key.ftsell",
            "module.mail_ip.data.hetznerdns_zone.ftsell_de"
          ]
        }
      ]
    },
    {
      "module": "module.mail_ip",
      "mode": "managed",
      "type": "hcloud_rdns",
      "name": "main",
      "provider": "provider[\"registry.terraform.io/hetznercloud/hcloud\"]",
      "instances": [
        {
          "schema_version": 0,
          "attributes": {
            "dns_ptr": "mail.svc.ftsell.de",
            "floating_ip_id": 30729544,
            "id": "f-30729544-159.69.100.237",
            "ip_address": "159.69.100.237",
            "load_balancer_id": null,
            "primary_ip_id": null,
            "server_id": null
          },
          "sensitive_attributes": [],
          "private": "bnVsbA==",
          "dependencies": [
            "data.hcloud_image.debian_x86",
            "data.hetznerdns_zone.ftsell_de",
            "data.local_file.ftsell_id_rsa_pub",
            "data.template_file.cloud-init-config",
            "hcloud_server.main",
            "hcloud_ssh_key.ftsell",
            "module.mail_ip.data.hetznerdns_zone.ftsell_de",
            "module.mail_ip.hcloud_floating_ip.main"
          ]
        }
      ]
    },
    {
      "module": "module.mail_ip",
      "mode": "managed",
      "type": "hetznerdns_record",
      "name": "main",
      "provider": "provider[\"registry.terraform.io/timohirt/hetznerdns\"]",
      "instances": [
        {
          "schema_version": 0,
          "attributes": {
            "id": "d57c566ecfce0770aa30f3617605f566",
            "name": "mail.svc",
            "ttl": 0,
            "type": "A",
            "value": "159.69.100.237",
            "zone_id": "CbSKDWuVhnJzokDvskSk2d"
          },
          "sensitive_attributes": [],
          "private": "bnVsbA==",
          "dependencies": [
            "data.hcloud_image.debian_x86",
            "data.hetznerdns_zone.ftsell_de",
            "data.local_file.ftsell_id_rsa_pub",
            "data.template_file.cloud-init-config",
            "hcloud_server.main",
            "hcloud_ssh_key.ftsell",
            "module.mail_ip.data.hetznerdns_zone.ftsell_de",
            "module.mail_ip.hcloud_floating_ip.main"
          ]
        }
      ]
    },
    {
      "module": "module.main_ip",
      "mode": "data",
      "type": "hetznerdns_zone",
      "name": "ftsell_de",
      "provider": "provider[\"registry.terraform.io/timohirt/hetznerdns\"]",
      "instances": [
        {
          "schema_version": 0,
          "attributes": {
            "id": "CbSKDWuVhnJzokDvskSk2d",
            "name": "ftsell.de",
            "ttl": 86400
          },
          "sensitive_attributes": []
        }
      ]
    },
    {
      "module": "module.main_ip",
      "mode": "managed",
      "type": "hcloud_floating_ip",
      "name": "main",
      "provider": "provider[\"registry.terraform.io/hetznercloud/hcloud\"]",
      "instances": [
        {
          "schema_version": 0,
          "attributes": {
            "delete_protection": false,
            "description": "",
            "home_location": "fsn1",
            "id": "26063779",
            "ip_address": "116.202.6.114",
            "ip_network": null,
            "labels": {
              "ftsell.de/dns": "main.svc.ftsell.de"
            },
            "name": "main",
            "server_id": 31133542,
            "type": "ipv4"
          },
          "sensitive_attributes": [],
          "private": "bnVsbA==",
          "dependencies": [
            "data.hcloud_image.debian_x86",
            "data.hetznerdns_zone.ftsell_de",
            "data.local_file.ftsell_id_rsa_pub",
            "data.template_file.cloud-init-config",
            "hcloud_server.main",
            "hcloud_ssh_key.ftsell",
            "module.main_ip.data.hetznerdns_zone.ftsell_de"
          ]
        }
      ]
    },
    {
      "module": "module.main_ip",
      "mode": "managed",
      "type": "hcloud_rdns",
      "name": "main",
      "provider": "provider[\"registry.terraform.io/hetznercloud/hcloud\"]",
      "instances": [
        {
          "schema_version": 0,
          "attributes": {
            "dns_ptr": "main.svc.ftsell.de",
            "floating_ip_id": 26063779,
            "id": "f-26063779-116.202.6.114",
            "ip_address": "116.202.6.114",
            "load_balancer_id": null,
            "primary_ip_id": null,
            "server_id": null
          },
          "sensitive_attributes": [],
          "private": "bnVsbA==",
          "dependencies": [
            "data.hcloud_image.debian_x86",
            "data.hetznerdns_zone.ftsell_de",
            "data.local_file.ftsell_id_rsa_pub",
            "data.template_file.cloud-init-config",
            "hcloud_server.main",
            "hcloud_ssh_key.ftsell",
            "module.main_ip.data.hetznerdns_zone.ftsell_de",
            "module.main_ip.hcloud_floating_ip.main"
          ]
        }
      ]
    },
    {
      "module": "module.main_ip",
      "mode": "managed",
      "type": "hetznerdns_record",
      "name": "main",
      "provider": "provider[\"registry.terraform.io/timohirt/hetznerdns\"]",
      "instances": [
        {
          "schema_version": 0,
          "attributes": {
            "id": "05e7a81f1b5fc9172a3db6bc65da6716",
            "name": "main.svc",
            "ttl": 0,
            "type": "A",
            "value": "116.202.6.114",
            "zone_id": "CbSKDWuVhnJzokDvskSk2d"
          },
          "sensitive_attributes": [],
          "private": "bnVsbA==",
          "dependencies": [
            "data.hcloud_image.debian_x86",
            "data.hetznerdns_zone.ftsell_de",
            "data.local_file.ftsell_id_rsa_pub",
            "data.template_file.cloud-init-config",
            "hcloud_server.main",
            "hcloud_ssh_key.ftsell",
            "module.main_ip.data.hetznerdns_zone.ftsell_de",
            "module.main_ip.hcloud_floating_ip.main"
          ]
        }
      ]
    }
  ],
  "check_results": null
}
