{
  "version": 4,
  "terraform_version": "1.4.2",
  "serial": 30,
  "lineage": "443bb6e1-a107-c856-e672-897bd1854a07",
  "outputs": {
    "mail_ip": {
      "value": "49.12.118.233",
      "type": "string"
    }
  },
  "resources": [
    {
      "mode": "data",
      "type": "hetznerdns_zone",
      "name": "ftsell_de",
      "provider": "provider[\"registry.terraform.io/timohirt/hetznerdns\"]",
      "instances": [
        {
          "schema_version": 0,
          "attributes": {
            "id": "CbSKDWuVhnJzokDvskSk2d",
            "name": "ftsell.de",
            "ttl": 86400
          },
          "sensitive_attributes": []
        }
      ]
    },
    {
      "mode": "data",
      "type": "local_file",
      "name": "ftsell_id_rsa_pub",
      "provider": "provider[\"registry.terraform.io/hashicorp/local\"]",
      "instances": [
        {
          "schema_version": 0,
          "attributes": {
            "content": "ssh-rsa AAAAB3NzaC1yc2EAAAADAQABAAABAQCcUOGV3tEfudXOX3JciEmyaGowgGu85OKvmmTPMMcjshh1laHAFnGBjQgizl5jA1wTs0offX9A4Z47RJq7q3PG0OmHeobs4lpPzInMPVKmjoLu9bsllvXgKttGk5I4Epdc2wp7C1T9cfwNAqQOU+H2prC95nbiFPLpFUcQ1R7HEssGkhnyV5zAOQUjsbj1jgyMVCKAPL+Lcc282Auy7qcCk42YnOZSvGJ0Fz3WGOZ2YtL/83OOkbTIXQpGkOYEsOo2pVxd5MjOrebF5XudM4n07w+mBi3PejJnfppDY6AZUwctqcGPXAV2k99ltaakaoZ8kt1QhR/BjpQ6Rw8N99JH\n",
            "content_base64": "c3NoLXJzYSBBQUFBQjNOemFDMXljMkVBQUFBREFRQUJBQUFCQVFDY1VPR1YzdEVmdWRYT1gzSmNpRW15YUdvd2dHdTg1T0t2bW1UUE1NY2pzaGgxbGFIQUZuR0JqUWdpemw1akExd1RzMG9mZlg5QTRaNDdSSnE3cTNQRzBPbUhlb2JzNGxwUHpJbk1QVkttam9MdTlic2xsdlhnS3R0R2s1STRFcGRjMndwN0MxVDljZndOQXFRT1UrSDJwckM5NW5iaUZQTHBGVWNRMVI3SEVzc0draG55VjV6QU9RVWpzYmoxamd5TVZDS0FQTCtMY2MyODJBdXk3cWNDazQyWW5PWlN2R0owRnozV0dPWjJZdEwvODNPT2tiVElYUXBHa09ZRXNPbzJwVnhkNU1qT3JlYkY1WHVkTTRuMDd3K21CaTNQZWpKbmZwcERZNkFaVXdjdHFjR1BYQVYyazk5bHRhYWthb1o4a3QxUWhSL0JqcFE2Unc4Tjk5SkgK",
            "content_base64sha256": "YECaRbAvxLj/hElo1K9CK0fwUp0WEivBtdfp+t+iMuM=",
            "content_base64sha512": "mLEKEwGYGubztS8jyLhQGxNRy+Rb+7H8lIlF9X9RgOAHH7ZGEmnSbHDzrtSeNNf/efLqNuaSQECsgntxxMBoaw==",
            "content_md5": "a6352aca6b19b6ad81bdaa15bbb370ee",
            "content_sha1": "72d8e98508bfd3ee15f5ab2eafa755dc0337ff31",
            "content_sha256": "60409a45b02fc4b8ff844968d4af422b47f0529d16122bc1b5d7e9fadfa232e3",
            "content_sha512": "98b10a1301981ae6f3b52f23c8b8501b1351cbe45bfbb1fc948945f57f5180e0071fb6461269d26c70f3aed49e34d7ff79f2ea36e6924040ac827b71c4c0686b",
            "filename": "./resources/id_rsa.pub",
            "id": "72d8e98508bfd3ee15f5ab2eafa755dc0337ff31"
          },
          "sensitive_attributes": []
        }
      ]
    },
    {
      "mode": "data",
      "type": "template_file",
      "name": "cloud-init-config",
      "provider": "provider[\"registry.terraform.io/hashicorp/template\"]",
      "instances": [
        {
          "schema_version": 0,
          "attributes": {
            "filename": null,
            "id": "f3bf183c6dbb75f7f4cc54bda11e4418ee48cbf3671aaf2de3a0e8d077862406",
            "rendered": "#cloud-config\nssh_pwauth: false\npackage_update: true\npackages:\n  - \"zsh\"\n  - \"git\"\nusers:\n  - name: \"ftsell\"\n    sudo: \"ALL=(ALL) ALL\"\n    shell: \"/usr/bin/bash\"\n    lock_passwd: false\n    passwd: \"$2b$05$Z/9WYtvTdoTh4uf.6BAqLue65tOTTWzR9Ut50Io9FJ8KvmfWtVIga\"\n    ssh_authorized_keys:\n      - \"ssh-rsa AAAAB3NzaC1yc2EAAAADAQABAAABAQCcUOGV3tEfudXOX3JciEmyaGowgGu85OKvmmTPMMcjshh1laHAFnGBjQgizl5jA1wTs0offX9A4Z47RJq7q3PG0OmHeobs4lpPzInMPVKmjoLu9bsllvXgKttGk5I4Epdc2wp7C1T9cfwNAqQOU+H2prC95nbiFPLpFUcQ1R7HEssGkhnyV5zAOQUjsbj1jgyMVCKAPL+Lcc282Auy7qcCk42YnOZSvGJ0Fz3WGOZ2YtL/83OOkbTIXQpGkOYEsOo2pVxd5MjOrebF5XudM4n07w+mBi3PejJnfppDY6AZUwctqcGPXAV2k99ltaakaoZ8kt1QhR/BjpQ6Rw8N99JH\n\"\n",
            "template": "#cloud-config\nssh_pwauth: false\npackage_update: true\npackages:\n  - \"zsh\"\n  - \"git\"\nusers:\n  - name: \"ftsell\"\n    sudo: \"ALL=(ALL) ALL\"\n    shell: \"/usr/bin/bash\"\n    lock_passwd: false\n    passwd: \"${ ftsell_pwhash }\"\n    ssh_authorized_keys:\n      - \"${ ftsell_pubkey }\"\n",
            "vars": {
              "ftsell_pubkey": "ssh-rsa AAAAB3NzaC1yc2EAAAADAQABAAABAQCcUOGV3tEfudXOX3JciEmyaGowgGu85OKvmmTPMMcjshh1laHAFnGBjQgizl5jA1wTs0offX9A4Z47RJq7q3PG0OmHeobs4lpPzInMPVKmjoLu9bsllvXgKttGk5I4Epdc2wp7C1T9cfwNAqQOU+H2prC95nbiFPLpFUcQ1R7HEssGkhnyV5zAOQUjsbj1jgyMVCKAPL+Lcc282Auy7qcCk42YnOZSvGJ0Fz3WGOZ2YtL/83OOkbTIXQpGkOYEsOo2pVxd5MjOrebF5XudM4n07w+mBi3PejJnfppDY6AZUwctqcGPXAV2k99ltaakaoZ8kt1QhR/BjpQ6Rw8N99JH\n",
              "ftsell_pwhash": "$2b$05$Z/9WYtvTdoTh4uf.6BAqLue65tOTTWzR9Ut50Io9FJ8KvmfWtVIga"
            }
          },
          "sensitive_attributes": []
        }
      ]
    },
    {
      "mode": "managed",
      "type": "hcloud_network",
      "name": "main-net",
      "provider": "provider[\"registry.terraform.io/hetznercloud/hcloud\"]",
      "instances": [
        {
          "schema_version": 0,
          "attributes": {
            "delete_protection": true,
            "id": "2665372",
            "ip_range": "10.0.0.0/16",
            "labels": {},
            "name": "finn-net"
          },
          "sensitive_attributes": [],
          "private": "bnVsbA=="
        }
      ]
    },
    {
      "mode": "managed",
      "type": "hcloud_network_subnet",
      "name": "vm-net",
      "provider": "provider[\"registry.terraform.io/hetznercloud/hcloud\"]",
      "instances": [
        {
          "schema_version": 0,
          "attributes": {
            "gateway": "10.0.0.1",
            "id": "2665372-10.0.0.0/24",
            "ip_range": "10.0.0.0/24",
            "network_id": 2665372,
            "network_zone": "eu-central",
            "type": "cloud",
            "vswitch_id": null
          },
          "sensitive_attributes": [],
          "private": "bnVsbA==",
          "dependencies": [
            "hcloud_network.main-net"
          ]
        }
      ]
    },
    {
      "mode": "managed",
      "type": "hcloud_rdns",
      "name": "bastion-ipv4",
      "provider": "provider[\"registry.terraform.io/hetznercloud/hcloud\"]",
      "instances": [
        {
          "schema_version": 0,
          "attributes": {
            "dns_ptr": "bastion.srv.ftsell.de",
            "floating_ip_id": null,
            "id": "s-30272472-5.75.238.9",
            "ip_address": "5.75.238.9",
            "load_balancer_id": null,
            "server_id": 30272472
          },
          "sensitive_attributes": [],
          "private": "bnVsbA==",
          "dependencies": [
            "data.hetznerdns_zone.ftsell_de",
            "data.local_file.ftsell_id_rsa_pub",
            "data.template_file.cloud-init-config",
            "hcloud_network.main-net",
            "hcloud_network_subnet.vm-net",
            "hcloud_server.bastion-srv",
            "hcloud_ssh_key.ftsell"
          ]
        }
      ]
    },
    {
      "mode": "managed",
      "type": "hcloud_rdns",
      "name": "bastion-ipv6",
      "provider": "provider[\"registry.terraform.io/hetznercloud/hcloud\"]",
      "instances": [
        {
          "schema_version": 0,
          "attributes": {
            "dns_ptr": "bastion.srv.ftsell.de",
            "floating_ip_id": null,
            "id": "s-30272472-2a01:4f8:c012:437a::1",
            "ip_address": "2a01:4f8:c012:437a::1",
            "load_balancer_id": null,
            "server_id": 30272472
          },
          "sensitive_attributes": [],
          "private": "bnVsbA==",
          "dependencies": [
            "data.hetznerdns_zone.ftsell_de",
            "data.local_file.ftsell_id_rsa_pub",
            "data.template_file.cloud-init-config",
            "hcloud_network.main-net",
            "hcloud_network_subnet.vm-net",
            "hcloud_server.bastion-srv",
            "hcloud_ssh_key.ftsell"
          ]
        }
      ]
    },
    {
      "mode": "managed",
      "type": "hcloud_server",
      "name": "bastion-srv",
      "provider": "provider[\"registry.terraform.io/hetznercloud/hcloud\"]",
      "instances": [
        {
          "schema_version": 0,
          "attributes": {
            "allow_deprecated_images": false,
            "backup_window": "14-18",
            "backups": true,
            "datacenter": "fsn1-dc14",
            "delete_protection": true,
            "firewall_ids": [],
            "id": "30272472",
            "ignore_remote_firewall_ids": false,
            "image": "debian-11",
            "ipv4_address": "5.75.238.9",
            "ipv6_address": "2a01:4f8:c012:437a::1",
            "ipv6_network": "2a01:4f8:c012:437a::/64",
            "iso": null,
            "keep_disk": false,
            "labels": {
              "ftsell.de/is_firewalled": "false",
              "ftsell.de/public_dns": "bastion.srv.ftsell.de",
              "ftsell.de/purpose": "firewall"
            },
            "location": "fsn1",
            "name": "bastion",
            "network": [
              {
                "alias_ips": [],
                "ip": "10.0.0.2",
                "mac_address": "86:00:00:3d:ee:c2",
                "network_id": 2665372
              }
            ],
            "placement_group_id": null,
            "public_net": [],
            "rebuild_protection": true,
            "rescue": null,
            "server_type": "cx11",
            "ssh_keys": [
              "10558673"
            ],
            "status": "running",
            "timeouts": null,
            "user_data": "BqiHjwl7OXs9flYc6fYaPlFqB8M="
          },
          "sensitive_attributes": [],
          "private": "eyJlMmJmYjczMC1lY2FhLTExZTYtOGY4OC0zNDM2M2JjN2M0YzAiOnsiY3JlYXRlIjo1NDAwMDAwMDAwMDAwfX0=",
          "dependencies": [
            "data.hetznerdns_zone.ftsell_de",
            "data.local_file.ftsell_id_rsa_pub",
            "data.template_file.cloud-init-config",
            "hcloud_network.main-net",
            "hcloud_network_subnet.vm-net",
            "hcloud_ssh_key.ftsell"
          ]
        }
      ]
    },
    {
      "mode": "managed",
      "type": "hcloud_ssh_key",
      "name": "ftsell",
      "provider": "provider[\"registry.terraform.io/hetznercloud/hcloud\"]",
      "instances": [
        {
          "schema_version": 0,
          "attributes": {
            "fingerprint": "48:ea:0c:c5:e4:99:85:2b:e0:9f:91:f3:87:3a:65:65",
            "id": "10558673",
            "labels": {},
            "name": "ftsell",
            "public_key": "ssh-rsa AAAAB3NzaC1yc2EAAAADAQABAAABAQCcUOGV3tEfudXOX3JciEmyaGowgGu85OKvmmTPMMcjshh1laHAFnGBjQgizl5jA1wTs0offX9A4Z47RJq7q3PG0OmHeobs4lpPzInMPVKmjoLu9bsllvXgKttGk5I4Epdc2wp7C1T9cfwNAqQOU+H2prC95nbiFPLpFUcQ1R7HEssGkhnyV5zAOQUjsbj1jgyMVCKAPL+Lcc282Auy7qcCk42YnOZSvGJ0Fz3WGOZ2YtL/83OOkbTIXQpGkOYEsOo2pVxd5MjOrebF5XudM4n07w+mBi3PejJnfppDY6AZUwctqcGPXAV2k99ltaakaoZ8kt1QhR/BjpQ6Rw8N99JH\n"
          },
          "sensitive_attributes": [],
          "private": "bnVsbA=="
        }
      ]
    },
    {
      "mode": "managed",
      "type": "hetznerdns_record",
      "name": "bastion-ipv4",
      "provider": "provider[\"registry.terraform.io/timohirt/hetznerdns\"]",
      "instances": [
        {
          "schema_version": 0,
          "attributes": {
            "id": "4b8b36ea009d69fa1b63c1a8c5d1ec09",
            "name": "bastion.srv",
            "ttl": 0,
            "type": "A",
            "value": "5.75.238.9",
            "zone_id": "CbSKDWuVhnJzokDvskSk2d"
          },
          "sensitive_attributes": [],
          "private": "bnVsbA==",
          "dependencies": [
            "data.hetznerdns_zone.ftsell_de",
            "data.local_file.ftsell_id_rsa_pub",
            "data.template_file.cloud-init-config",
            "hcloud_network.main-net",
            "hcloud_network_subnet.vm-net",
            "hcloud_server.bastion-srv",
            "hcloud_ssh_key.ftsell"
          ]
        }
      ]
    },
    {
      "mode": "managed",
      "type": "hetznerdns_record",
      "name": "bastion-ipv6",
      "provider": "provider[\"registry.terraform.io/timohirt/hetznerdns\"]",
      "instances": [
        {
          "schema_version": 0,
          "attributes": {
            "id": "0cbf7c2a19ebcbe3a0e09530ff51f66b",
            "name": "bastion.srv",
            "ttl": 0,
            "type": "AAAA",
            "value": "2a01:4f8:c012:437a::1",
            "zone_id": "CbSKDWuVhnJzokDvskSk2d"
          },
          "sensitive_attributes": [],
          "private": "bnVsbA==",
          "dependencies": [
            "data.hetznerdns_zone.ftsell_de",
            "data.local_file.ftsell_id_rsa_pub",
            "data.template_file.cloud-init-config",
            "hcloud_network.main-net",
            "hcloud_network_subnet.vm-net",
            "hcloud_server.bastion-srv",
            "hcloud_ssh_key.ftsell"
          ]
        }
      ]
    },
    {
      "module": "module.k8s-api-srv",
      "mode": "data",
      "type": "cloudinit_config",
      "name": "cloud-config",
      "provider": "provider[\"registry.terraform.io/hashicorp/cloudinit\"]",
      "instances": [
        {
          "schema_version": 0,
          "attributes": {
            "base64_encode": false,
            "boundary": "MIMEBOUNDARY",
            "gzip": false,
            "id": "1636021902",
            "part": [
              {
                "content": "#cloud-config\nssh_pwauth: false\npackage_update: true\npackages:\n  - \"zsh\"\n  - \"git\"\nusers:\n  - name: \"ftsell\"\n    sudo: \"ALL=(ALL) ALL\"\n    shell: \"/usr/bin/bash\"\n    lock_passwd: false\n    passwd: \"$2b$05$Z/9WYtvTdoTh4uf.6BAqLue65tOTTWzR9Ut50Io9FJ8KvmfWtVIga\"\n    ssh_authorized_keys:\n      - \"ssh-rsa AAAAB3NzaC1yc2EAAAADAQABAAABAQCcUOGV3tEfudXOX3JciEmyaGowgGu85OKvmmTPMMcjshh1laHAFnGBjQgizl5jA1wTs0offX9A4Z47RJq7q3PG0OmHeobs4lpPzInMPVKmjoLu9bsllvXgKttGk5I4Epdc2wp7C1T9cfwNAqQOU+H2prC95nbiFPLpFUcQ1R7HEssGkhnyV5zAOQUjsbj1jgyMVCKAPL+Lcc282Auy7qcCk42YnOZSvGJ0Fz3WGOZ2YtL/83OOkbTIXQpGkOYEsOo2pVxd5MjOrebF5XudM4n07w+mBi3PejJnfppDY6AZUwctqcGPXAV2k99ltaakaoZ8kt1QhR/BjpQ6Rw8N99JH\"\n",
                "content_type": "cloud-config",
                "filename": "basic-config.yml",
                "merge_type": null
              }
            ],
            "rendered": "Content-Type: multipart/mixed; boundary=\"MIMEBOUNDARY\"\nMIME-Version: 1.0\r\n\r\n--MIMEBOUNDARY\r\nContent-Disposition: attachment; filename=\"basic-config.yml\"\r\nContent-Transfer-Encoding: 7bit\r\nContent-Type: cloud-config\r\nMime-Version: 1.0\r\n\r\n#cloud-config\nssh_pwauth: false\npackage_update: true\npackages:\n  - \"zsh\"\n  - \"git\"\nusers:\n  - name: \"ftsell\"\n    sudo: \"ALL=(ALL) ALL\"\n    shell: \"/usr/bin/bash\"\n    lock_passwd: false\n    passwd: \"$2b$05$Z/9WYtvTdoTh4uf.6BAqLue65tOTTWzR9Ut50Io9FJ8KvmfWtVIga\"\n    ssh_authorized_keys:\n      - \"ssh-rsa AAAAB3NzaC1yc2EAAAADAQABAAABAQCcUOGV3tEfudXOX3JciEmyaGowgGu85OKvmmTPMMcjshh1laHAFnGBjQgizl5jA1wTs0offX9A4Z47RJq7q3PG0OmHeobs4lpPzInMPVKmjoLu9bsllvXgKttGk5I4Epdc2wp7C1T9cfwNAqQOU+H2prC95nbiFPLpFUcQ1R7HEssGkhnyV5zAOQUjsbj1jgyMVCKAPL+Lcc282Auy7qcCk42YnOZSvGJ0Fz3WGOZ2YtL/83OOkbTIXQpGkOYEsOo2pVxd5MjOrebF5XudM4n07w+mBi3PejJnfppDY6AZUwctqcGPXAV2k99ltaakaoZ8kt1QhR/BjpQ6Rw8N99JH\"\n\r\n--MIMEBOUNDARY--\r\n"
          },
          "sensitive_attributes": []
        }
      ]
    },
    {
      "module": "module.k8s-api-srv",
      "mode": "data",
      "type": "hetznerdns_zone",
      "name": "ftsell_de",
      "provider": "provider[\"registry.terraform.io/timohirt/hetznerdns\"]",
      "instances": [
        {
          "schema_version": 0,
          "attributes": {
            "id": "CbSKDWuVhnJzokDvskSk2d",
            "name": "ftsell.de",
            "ttl": 86400
          },
          "sensitive_attributes": []
        }
      ]
    },
    {
      "module": "module.k8s-api-srv",
      "mode": "managed",
      "type": "hcloud_floating_ip",
      "name": "server_ip",
      "provider": "provider[\"registry.terraform.io/hetznercloud/hcloud\"]",
      "instances": [
        {
          "schema_version": 0,
          "attributes": {
            "delete_protection": false,
            "description": "",
            "home_location": "fsn1",
            "id": "25663192",
            "ip_address": "116.202.0.235",
            "ip_network": null,
            "labels": {
              "ftsell.de/dns": "k8s-api.srv.ftsell.de"
            },
            "name": "k8s-api",
            "server_id": 30272472,
            "type": "ipv4"
          },
          "sensitive_attributes": [],
          "private": "bnVsbA==",
          "dependencies": [
            "module.k8s-api-srv.data.hetznerdns_zone.ftsell_de"
          ]
        }
      ]
    },
    {
      "module": "module.k8s-api-srv",
      "mode": "managed",
      "type": "hcloud_floating_ip_assignment",
      "name": "server_ip",
      "provider": "provider[\"registry.terraform.io/hetznercloud/hcloud\"]",
      "instances": [
        {
          "schema_version": 0,
          "attributes": {
            "floating_ip_id": 25663192,
            "id": "25663192",
            "server_id": 30272472
          },
          "sensitive_attributes": [],
          "private": "bnVsbA==",
          "dependencies": [
            "data.hetznerdns_zone.ftsell_de",
            "data.local_file.ftsell_id_rsa_pub",
            "data.template_file.cloud-init-config",
            "hcloud_network.main-net",
            "hcloud_network_subnet.vm-net",
            "hcloud_server.bastion-srv",
            "hcloud_ssh_key.ftsell",
            "module.k8s-api-srv.data.hetznerdns_zone.ftsell_de",
            "module.k8s-api-srv.hcloud_floating_ip.server_ip"
          ]
        }
      ]
    },
    {
      "module": "module.k8s-api-srv",
      "mode": "managed",
      "type": "hcloud_rdns",
      "name": "server_ipv4",
      "provider": "provider[\"registry.terraform.io/hetznercloud/hcloud\"]",
      "instances": [
        {
          "schema_version": 0,
          "attributes": {
            "dns_ptr": "k8s-api.srv.ftsell.de",
            "floating_ip_id": 25663192,
            "id": "f-25663192-116.202.0.235",
            "ip_address": "116.202.0.235",
            "load_balancer_id": null,
            "server_id": null
          },
          "sensitive_attributes": [],
          "private": "bnVsbA==",
          "dependencies": [
            "hcloud_network.main-net",
            "hcloud_ssh_key.ftsell",
            "module.k8s-api-srv.data.cloudinit_config.cloud-config",
            "module.k8s-api-srv.data.hetznerdns_zone.ftsell_de",
            "module.k8s-api-srv.hcloud_floating_ip.server_ip",
            "module.k8s-api-srv.hcloud_server.server"
          ]
        }
      ]
    },
    {
      "module": "module.k8s-api-srv",
      "mode": "managed",
      "type": "hcloud_server",
      "name": "server",
      "provider": "provider[\"registry.terraform.io/hetznercloud/hcloud\"]",
      "instances": [
        {
          "schema_version": 0,
          "attributes": {
            "allow_deprecated_images": false,
            "backup_window": "02-06",
            "backups": true,
            "datacenter": "fsn1-dc14",
            "delete_protection": false,
            "firewall_ids": [],
            "id": "30272475",
            "ignore_remote_firewall_ids": false,
            "image": "debian-11",
            "ipv4_address": "\u003cnil\u003e",
            "ipv6_address": "\u003cnil\u003e1",
            "ipv6_network": "\u003cnil\u003e",
            "iso": null,
            "keep_disk": false,
            "labels": {
              "ftsell.de/is_firewalled": "true",
              "ftsell.de/public_dns": "k8s-api.srv.ftsell.de",
              "ftsell.de/public_ipv4": "116.202.0.235",
              "ftsell.de/purpose": "k8s-api-server"
            },
            "location": "fsn1",
            "name": "k8s-api",
            "network": [
              {
                "alias_ips": [],
                "ip": "10.0.0.3",
                "mac_address": "86:00:00:3d:ee:c1",
                "network_id": 2665372
              }
            ],
            "placement_group_id": null,
            "public_net": [
              {
                "ipv4": 0,
                "ipv4_enabled": false,
                "ipv6": 0,
                "ipv6_enabled": false
              }
            ],
            "rebuild_protection": false,
            "rescue": null,
            "server_type": "cx11",
            "ssh_keys": [
              "10558673"
            ],
            "status": "running",
            "timeouts": null,
            "user_data": "HxxQN+3xGU1wO1MtKpcuo7Locu4="
          },
          "sensitive_attributes": [],
          "private": "eyJlMmJmYjczMC1lY2FhLTExZTYtOGY4OC0zNDM2M2JjN2M0YzAiOnsiY3JlYXRlIjo1NDAwMDAwMDAwMDAwfX0=",
          "dependencies": [
            "hcloud_network.main-net",
            "hcloud_ssh_key.ftsell",
            "module.k8s-api-srv.data.cloudinit_config.cloud-config",
            "module.k8s-api-srv.data.hetznerdns_zone.ftsell_de",
            "module.k8s-api-srv.hcloud_floating_ip.server_ip"
          ]
        }
      ]
    },
    {
      "module": "module.k8s-api-srv",
      "mode": "managed",
      "type": "hetznerdns_record",
      "name": "server_ipv4",
      "provider": "provider[\"registry.terraform.io/timohirt/hetznerdns\"]",
      "instances": [
        {
          "schema_version": 0,
          "attributes": {
            "id": "37133c96f5bd95d75d4f8ad673ee0419",
            "name": "k8s-api.srv",
            "ttl": 0,
            "type": "A",
            "value": "116.202.0.235",
            "zone_id": "CbSKDWuVhnJzokDvskSk2d"
          },
          "sensitive_attributes": [],
          "private": "bnVsbA==",
          "dependencies": [
            "module.k8s-api-srv.data.hetznerdns_zone.ftsell_de",
            "module.k8s-api-srv.hcloud_floating_ip.server_ip"
          ]
        }
      ]
    },
    {
      "module": "module.k8s-worker[0]",
      "mode": "data",
      "type": "cloudinit_config",
      "name": "cloud-config",
      "provider": "provider[\"registry.terraform.io/hashicorp/cloudinit\"]",
      "instances": [
        {
          "schema_version": 0,
          "attributes": {
            "base64_encode": false,
            "boundary": "MIMEBOUNDARY",
            "gzip": false,
            "id": "1636021902",
            "part": [
              {
                "content": "#cloud-config\nssh_pwauth: false\npackage_update: true\npackages:\n  - \"zsh\"\n  - \"git\"\nusers:\n  - name: \"ftsell\"\n    sudo: \"ALL=(ALL) ALL\"\n    shell: \"/usr/bin/bash\"\n    lock_passwd: false\n    passwd: \"$2b$05$Z/9WYtvTdoTh4uf.6BAqLue65tOTTWzR9Ut50Io9FJ8KvmfWtVIga\"\n    ssh_authorized_keys:\n      - \"ssh-rsa AAAAB3NzaC1yc2EAAAADAQABAAABAQCcUOGV3tEfudXOX3JciEmyaGowgGu85OKvmmTPMMcjshh1laHAFnGBjQgizl5jA1wTs0offX9A4Z47RJq7q3PG0OmHeobs4lpPzInMPVKmjoLu9bsllvXgKttGk5I4Epdc2wp7C1T9cfwNAqQOU+H2prC95nbiFPLpFUcQ1R7HEssGkhnyV5zAOQUjsbj1jgyMVCKAPL+Lcc282Auy7qcCk42YnOZSvGJ0Fz3WGOZ2YtL/83OOkbTIXQpGkOYEsOo2pVxd5MjOrebF5XudM4n07w+mBi3PejJnfppDY6AZUwctqcGPXAV2k99ltaakaoZ8kt1QhR/BjpQ6Rw8N99JH\"\n",
                "content_type": "cloud-config",
                "filename": "basic-config.yml",
                "merge_type": null
              }
            ],
            "rendered": "Content-Type: multipart/mixed; boundary=\"MIMEBOUNDARY\"\nMIME-Version: 1.0\r\n\r\n--MIMEBOUNDARY\r\nContent-Disposition: attachment; filename=\"basic-config.yml\"\r\nContent-Transfer-Encoding: 7bit\r\nContent-Type: cloud-config\r\nMime-Version: 1.0\r\n\r\n#cloud-config\nssh_pwauth: false\npackage_update: true\npackages:\n  - \"zsh\"\n  - \"git\"\nusers:\n  - name: \"ftsell\"\n    sudo: \"ALL=(ALL) ALL\"\n    shell: \"/usr/bin/bash\"\n    lock_passwd: false\n    passwd: \"$2b$05$Z/9WYtvTdoTh4uf.6BAqLue65tOTTWzR9Ut50Io9FJ8KvmfWtVIga\"\n    ssh_authorized_keys:\n      - \"ssh-rsa AAAAB3NzaC1yc2EAAAADAQABAAABAQCcUOGV3tEfudXOX3JciEmyaGowgGu85OKvmmTPMMcjshh1laHAFnGBjQgizl5jA1wTs0offX9A4Z47RJq7q3PG0OmHeobs4lpPzInMPVKmjoLu9bsllvXgKttGk5I4Epdc2wp7C1T9cfwNAqQOU+H2prC95nbiFPLpFUcQ1R7HEssGkhnyV5zAOQUjsbj1jgyMVCKAPL+Lcc282Auy7qcCk42YnOZSvGJ0Fz3WGOZ2YtL/83OOkbTIXQpGkOYEsOo2pVxd5MjOrebF5XudM4n07w+mBi3PejJnfppDY6AZUwctqcGPXAV2k99ltaakaoZ8kt1QhR/BjpQ6Rw8N99JH\"\n\r\n--MIMEBOUNDARY--\r\n"
          },
          "sensitive_attributes": []
        }
      ]
    },
    {
      "module": "module.k8s-worker[0]",
      "mode": "data",
      "type": "hetznerdns_zone",
      "name": "ftsell_de",
      "provider": "provider[\"registry.terraform.io/timohirt/hetznerdns\"]",
      "instances": [
        {
          "schema_version": 0,
          "attributes": {
            "id": "CbSKDWuVhnJzokDvskSk2d",
            "name": "ftsell.de",
            "ttl": 86400
          },
          "sensitive_attributes": []
        }
      ]
    },
    {
      "module": "module.k8s-worker[0]",
      "mode": "managed",
      "type": "hcloud_floating_ip",
      "name": "server_ip",
      "provider": "provider[\"registry.terraform.io/hetznercloud/hcloud\"]",
      "instances": [
        {
          "schema_version": 0,
          "attributes": {
            "delete_protection": false,
            "description": "",
            "home_location": "fsn1",
            "id": "25663191",
            "ip_address": "88.198.152.171",
            "ip_network": null,
            "labels": {
              "ftsell.de/dns": "k8s-worker0.srv.ftsell.de"
            },
            "name": "k8s-worker0",
            "server_id": 30272472,
            "type": "ipv4"
          },
          "sensitive_attributes": [],
          "private": "bnVsbA==",
          "dependencies": [
            "module.k8s-worker.data.hetznerdns_zone.ftsell_de"
          ]
        }
      ]
    },
    {
      "module": "module.k8s-worker[0]",
      "mode": "managed",
      "type": "hcloud_floating_ip_assignment",
      "name": "server_ip",
      "provider": "provider[\"registry.terraform.io/hetznercloud/hcloud\"]",
      "instances": [
        {
          "schema_version": 0,
          "attributes": {
            "floating_ip_id": 25663191,
            "id": "25663191",
            "server_id": 30272472
          },
          "sensitive_attributes": [],
          "private": "bnVsbA==",
          "dependencies": [
            "data.hetznerdns_zone.ftsell_de",
            "data.local_file.ftsell_id_rsa_pub",
            "data.template_file.cloud-init-config",
            "hcloud_network.main-net",
            "hcloud_network_subnet.vm-net",
            "hcloud_server.bastion-srv",
            "hcloud_ssh_key.ftsell",
            "module.k8s-worker.data.hetznerdns_zone.ftsell_de",
            "module.k8s-worker.hcloud_floating_ip.server_ip"
          ]
        }
      ]
    },
    {
      "module": "module.k8s-worker[0]",
      "mode": "managed",
      "type": "hcloud_rdns",
      "name": "server_ipv4",
      "provider": "provider[\"registry.terraform.io/hetznercloud/hcloud\"]",
      "instances": [
        {
          "schema_version": 0,
          "attributes": {
            "dns_ptr": "k8s-worker0.srv.ftsell.de",
            "floating_ip_id": 25663191,
            "id": "f-25663191-88.198.152.171",
            "ip_address": "88.198.152.171",
            "load_balancer_id": null,
            "server_id": null
          },
          "sensitive_attributes": [],
          "private": "bnVsbA==",
          "dependencies": [
            "hcloud_network.main-net",
            "hcloud_ssh_key.ftsell",
            "module.k8s-worker.data.cloudinit_config.cloud-config",
            "module.k8s-worker.data.hetznerdns_zone.ftsell_de",
            "module.k8s-worker.hcloud_floating_ip.server_ip",
            "module.k8s-worker.hcloud_server.server"
          ]
        }
      ]
    },
    {
      "module": "module.k8s-worker[0]",
      "mode": "managed",
      "type": "hcloud_server",
      "name": "server",
      "provider": "provider[\"registry.terraform.io/hetznercloud/hcloud\"]",
      "instances": [
        {
          "schema_version": 0,
          "attributes": {
            "allow_deprecated_images": false,
            "backup_window": "22-02",
            "backups": true,
            "datacenter": "fsn1-dc14",
            "delete_protection": false,
            "firewall_ids": [],
            "id": "30272474",
            "ignore_remote_firewall_ids": false,
            "image": "debian-11",
            "ipv4_address": "\u003cnil\u003e",
            "ipv6_address": "\u003cnil\u003e1",
            "ipv6_network": "\u003cnil\u003e",
            "iso": null,
            "keep_disk": false,
            "labels": {
              "ftsell.de/is_firewalled": "true",
              "ftsell.de/public_dns": "k8s-worker0.srv.ftsell.de",
              "ftsell.de/public_ipv4": "88.198.152.171",
              "ftsell.de/purpose": "k8s-worker"
            },
            "location": "fsn1",
            "name": "k8s-worker0",
            "network": [
              {
                "alias_ips": [],
                "ip": "10.0.0.10",
                "mac_address": "86:00:00:3d:ee:bf",
                "network_id": 2665372
              }
            ],
            "placement_group_id": null,
            "public_net": [
              {
                "ipv4": 0,
                "ipv4_enabled": false,
                "ipv6": 0,
                "ipv6_enabled": false
              }
            ],
            "rebuild_protection": false,
            "rescue": null,
            "server_type": "cx11",
            "ssh_keys": [
              "10558673"
            ],
            "status": "running",
            "timeouts": null,
            "user_data": "HxxQN+3xGU1wO1MtKpcuo7Locu4="
          },
          "sensitive_attributes": [],
          "private": "eyJlMmJmYjczMC1lY2FhLTExZTYtOGY4OC0zNDM2M2JjN2M0YzAiOnsiY3JlYXRlIjo1NDAwMDAwMDAwMDAwfX0=",
          "dependencies": [
            "hcloud_network.main-net",
            "hcloud_ssh_key.ftsell",
            "module.k8s-worker.data.cloudinit_config.cloud-config",
            "module.k8s-worker.data.hetznerdns_zone.ftsell_de",
            "module.k8s-worker.hcloud_floating_ip.server_ip"
          ]
        }
      ]
    },
    {
      "module": "module.k8s-worker[0]",
      "mode": "managed",
      "type": "hetznerdns_record",
      "name": "server_ipv4",
      "provider": "provider[\"registry.terraform.io/timohirt/hetznerdns\"]",
      "instances": [
        {
          "schema_version": 0,
          "attributes": {
            "id": "49d480692f1692abc11e2c44f4a3ffbb",
            "name": "k8s-worker0.srv",
            "ttl": 0,
            "type": "A",
            "value": "88.198.152.171",
            "zone_id": "CbSKDWuVhnJzokDvskSk2d"
          },
          "sensitive_attributes": [],
          "private": "bnVsbA==",
          "dependencies": [
            "module.k8s-worker.data.hetznerdns_zone.ftsell_de",
            "module.k8s-worker.hcloud_floating_ip.server_ip"
          ]
        }
      ]
    },
    {
      "module": "module.k8s-worker[1]",
      "mode": "data",
      "type": "cloudinit_config",
      "name": "cloud-config",
      "provider": "provider[\"registry.terraform.io/hashicorp/cloudinit\"]",
      "instances": [
        {
          "schema_version": 0,
          "attributes": {
            "base64_encode": false,
            "boundary": "MIMEBOUNDARY",
            "gzip": false,
            "id": "1636021902",
            "part": [
              {
                "content": "#cloud-config\nssh_pwauth: false\npackage_update: true\npackages:\n  - \"zsh\"\n  - \"git\"\nusers:\n  - name: \"ftsell\"\n    sudo: \"ALL=(ALL) ALL\"\n    shell: \"/usr/bin/bash\"\n    lock_passwd: false\n    passwd: \"$2b$05$Z/9WYtvTdoTh4uf.6BAqLue65tOTTWzR9Ut50Io9FJ8KvmfWtVIga\"\n    ssh_authorized_keys:\n      - \"ssh-rsa AAAAB3NzaC1yc2EAAAADAQABAAABAQCcUOGV3tEfudXOX3JciEmyaGowgGu85OKvmmTPMMcjshh1laHAFnGBjQgizl5jA1wTs0offX9A4Z47RJq7q3PG0OmHeobs4lpPzInMPVKmjoLu9bsllvXgKttGk5I4Epdc2wp7C1T9cfwNAqQOU+H2prC95nbiFPLpFUcQ1R7HEssGkhnyV5zAOQUjsbj1jgyMVCKAPL+Lcc282Auy7qcCk42YnOZSvGJ0Fz3WGOZ2YtL/83OOkbTIXQpGkOYEsOo2pVxd5MjOrebF5XudM4n07w+mBi3PejJnfppDY6AZUwctqcGPXAV2k99ltaakaoZ8kt1QhR/BjpQ6Rw8N99JH\"\n",
                "content_type": "cloud-config",
                "filename": "basic-config.yml",
                "merge_type": null
              }
            ],
            "rendered": "Content-Type: multipart/mixed; boundary=\"MIMEBOUNDARY\"\nMIME-Version: 1.0\r\n\r\n--MIMEBOUNDARY\r\nContent-Disposition: attachment; filename=\"basic-config.yml\"\r\nContent-Transfer-Encoding: 7bit\r\nContent-Type: cloud-config\r\nMime-Version: 1.0\r\n\r\n#cloud-config\nssh_pwauth: false\npackage_update: true\npackages:\n  - \"zsh\"\n  - \"git\"\nusers:\n  - name: \"ftsell\"\n    sudo: \"ALL=(ALL) ALL\"\n    shell: \"/usr/bin/bash\"\n    lock_passwd: false\n    passwd: \"$2b$05$Z/9WYtvTdoTh4uf.6BAqLue65tOTTWzR9Ut50Io9FJ8KvmfWtVIga\"\n    ssh_authorized_keys:\n      - \"ssh-rsa AAAAB3NzaC1yc2EAAAADAQABAAABAQCcUOGV3tEfudXOX3JciEmyaGowgGu85OKvmmTPMMcjshh1laHAFnGBjQgizl5jA1wTs0offX9A4Z47RJq7q3PG0OmHeobs4lpPzInMPVKmjoLu9bsllvXgKttGk5I4Epdc2wp7C1T9cfwNAqQOU+H2prC95nbiFPLpFUcQ1R7HEssGkhnyV5zAOQUjsbj1jgyMVCKAPL+Lcc282Auy7qcCk42YnOZSvGJ0Fz3WGOZ2YtL/83OOkbTIXQpGkOYEsOo2pVxd5MjOrebF5XudM4n07w+mBi3PejJnfppDY6AZUwctqcGPXAV2k99ltaakaoZ8kt1QhR/BjpQ6Rw8N99JH\"\n\r\n--MIMEBOUNDARY--\r\n"
          },
          "sensitive_attributes": []
        }
      ]
    },
    {
      "module": "module.k8s-worker[1]",
      "mode": "data",
      "type": "hetznerdns_zone",
      "name": "ftsell_de",
      "provider": "provider[\"registry.terraform.io/timohirt/hetznerdns\"]",
      "instances": [
        {
          "schema_version": 0,
          "attributes": {
            "id": "CbSKDWuVhnJzokDvskSk2d",
            "name": "ftsell.de",
            "ttl": 86400
          },
          "sensitive_attributes": []
        }
      ]
    },
    {
      "module": "module.k8s-worker[1]",
      "mode": "managed",
      "type": "hcloud_floating_ip",
      "name": "server_ip",
      "provider": "provider[\"registry.terraform.io/hetznercloud/hcloud\"]",
      "instances": [
        {
          "schema_version": 0,
          "attributes": {
            "delete_protection": false,
            "description": "",
            "home_location": "fsn1",
            "id": "25663193",
            "ip_address": "116.202.6.114",
            "ip_network": null,
            "labels": {
              "ftsell.de/dns": "k8s-worker1.srv.ftsell.de"
            },
            "name": "k8s-worker1",
            "server_id": 30272472,
            "type": "ipv4"
          },
          "sensitive_attributes": [],
          "private": "bnVsbA==",
          "dependencies": [
            "module.k8s-worker.data.hetznerdns_zone.ftsell_de"
          ]
        }
      ]
    },
    {
      "module": "module.k8s-worker[1]",
      "mode": "managed",
      "type": "hcloud_floating_ip_assignment",
      "name": "server_ip",
      "provider": "provider[\"registry.terraform.io/hetznercloud/hcloud\"]",
      "instances": [
        {
          "schema_version": 0,
          "attributes": {
            "floating_ip_id": 25663193,
            "id": "25663193",
            "server_id": 30272472
          },
          "sensitive_attributes": [],
          "private": "bnVsbA==",
          "dependencies": [
            "data.hetznerdns_zone.ftsell_de",
            "data.local_file.ftsell_id_rsa_pub",
            "data.template_file.cloud-init-config",
            "hcloud_network.main-net",
            "hcloud_network_subnet.vm-net",
            "hcloud_server.bastion-srv",
            "hcloud_ssh_key.ftsell",
            "module.k8s-worker.data.hetznerdns_zone.ftsell_de",
            "module.k8s-worker.hcloud_floating_ip.server_ip"
          ]
        }
      ]
    },
    {
      "module": "module.k8s-worker[1]",
      "mode": "managed",
      "type": "hcloud_rdns",
      "name": "server_ipv4",
      "provider": "provider[\"registry.terraform.io/hetznercloud/hcloud\"]",
      "instances": [
        {
          "schema_version": 0,
          "attributes": {
            "dns_ptr": "k8s-worker1.srv.ftsell.de",
            "floating_ip_id": 25663193,
            "id": "f-25663193-116.202.6.114",
            "ip_address": "116.202.6.114",
            "load_balancer_id": null,
            "server_id": null
          },
          "sensitive_attributes": [],
          "private": "bnVsbA==",
          "dependencies": [
            "hcloud_network.main-net",
            "hcloud_ssh_key.ftsell",
            "module.k8s-worker.data.cloudinit_config.cloud-config",
            "module.k8s-worker.data.hetznerdns_zone.ftsell_de",
            "module.k8s-worker.hcloud_floating_ip.server_ip",
            "module.k8s-worker.hcloud_server.server"
          ]
        }
      ]
    },
    {
      "module": "module.k8s-worker[1]",
      "mode": "managed",
      "type": "hcloud_server",
      "name": "server",
      "provider": "provider[\"registry.terraform.io/hetznercloud/hcloud\"]",
      "instances": [
        {
          "schema_version": 0,
          "attributes": {
            "allow_deprecated_images": false,
            "backup_window": "02-06",
            "backups": true,
            "datacenter": "fsn1-dc14",
            "delete_protection": false,
            "firewall_ids": [],
            "id": "30272476",
            "ignore_remote_firewall_ids": false,
            "image": "debian-11",
            "ipv4_address": "\u003cnil\u003e",
            "ipv6_address": "\u003cnil\u003e1",
            "ipv6_network": "\u003cnil\u003e",
            "iso": null,
            "keep_disk": false,
            "labels": {
              "ftsell.de/is_firewalled": "true",
              "ftsell.de/public_dns": "k8s-worker1.srv.ftsell.de",
              "ftsell.de/public_ipv4": "116.202.6.114",
              "ftsell.de/purpose": "k8s-worker"
            },
            "location": "fsn1",
            "name": "k8s-worker1",
            "network": [
              {
                "alias_ips": [],
                "ip": "10.0.0.11",
                "mac_address": "86:00:00:3d:ee:c0",
                "network_id": 2665372
              }
            ],
            "placement_group_id": null,
            "public_net": [
              {
                "ipv4": 0,
                "ipv4_enabled": false,
                "ipv6": 0,
                "ipv6_enabled": false
              }
            ],
            "rebuild_protection": false,
            "rescue": null,
            "server_type": "cx11",
            "ssh_keys": [
              "10558673"
            ],
            "status": "running",
            "timeouts": null,
            "user_data": "HxxQN+3xGU1wO1MtKpcuo7Locu4="
          },
          "sensitive_attributes": [],
          "private": "eyJlMmJmYjczMC1lY2FhLTExZTYtOGY4OC0zNDM2M2JjN2M0YzAiOnsiY3JlYXRlIjo1NDAwMDAwMDAwMDAwfX0=",
          "dependencies": [
            "hcloud_network.main-net",
            "hcloud_ssh_key.ftsell",
            "module.k8s-worker.data.cloudinit_config.cloud-config",
            "module.k8s-worker.data.hetznerdns_zone.ftsell_de",
            "module.k8s-worker.hcloud_floating_ip.server_ip"
          ]
        }
      ]
    },
    {
      "module": "module.k8s-worker[1]",
      "mode": "managed",
      "type": "hetznerdns_record",
      "name": "server_ipv4",
      "provider": "provider[\"registry.terraform.io/timohirt/hetznerdns\"]",
      "instances": [
        {
          "schema_version": 0,
          "attributes": {
            "id": "e072439ec80368f71d6f4d2083e078cd",
            "name": "k8s-worker1.srv",
            "ttl": 0,
            "type": "A",
            "value": "116.202.6.114",
            "zone_id": "CbSKDWuVhnJzokDvskSk2d"
          },
          "sensitive_attributes": [],
          "private": "bnVsbA==",
          "dependencies": [
            "module.k8s-worker.data.hetznerdns_zone.ftsell_de",
            "module.k8s-worker.hcloud_floating_ip.server_ip"
          ]
        }
      ]
    },
    {
      "module": "module.mail_ip",
      "mode": "data",
      "type": "hetznerdns_zone",
      "name": "ftsell_de",
      "provider": "provider[\"registry.terraform.io/timohirt/hetznerdns\"]",
      "instances": [
        {
          "schema_version": 0,
          "attributes": {
            "id": "CbSKDWuVhnJzokDvskSk2d",
            "name": "ftsell.de",
            "ttl": 86400
          },
          "sensitive_attributes": []
        }
      ]
    },
    {
      "module": "module.mail_ip",
      "mode": "managed",
      "type": "hcloud_floating_ip",
      "name": "main",
      "provider": "provider[\"registry.terraform.io/hetznercloud/hcloud\"]",
      "instances": [
        {
          "schema_version": 0,
          "attributes": {
            "delete_protection": false,
            "description": "",
            "home_location": "fsn1",
            "id": "25663315",
            "ip_address": "49.12.118.233",
            "ip_network": null,
            "labels": {
              "ftsell.de/dns": "mail.srv.ftsell.de"
            },
            "name": "mail",
            "server_id": 30272472,
            "type": "ipv4"
          },
          "sensitive_attributes": [],
          "private": "bnVsbA==",
          "dependencies": [
            "hcloud_server.bastion-srv",
            "module.mail_ip.data.hetznerdns_zone.ftsell_de"
          ]
        }
      ]
    },
    {
      "module": "module.mail_ip",
      "mode": "managed",
      "type": "hcloud_rdns",
      "name": "main",
      "provider": "provider[\"registry.terraform.io/hetznercloud/hcloud\"]",
      "instances": [
        {
          "schema_version": 0,
          "attributes": {
            "dns_ptr": "mail.svc.ftsell.de",
            "floating_ip_id": 25663315,
            "id": "f-25663315-49.12.118.233",
            "ip_address": "49.12.118.233",
            "load_balancer_id": null,
            "server_id": null
          },
          "sensitive_attributes": [],
          "private": "bnVsbA==",
          "dependencies": [
            "hcloud_server.bastion-srv",
            "module.mail_ip.data.hetznerdns_zone.ftsell_de",
            "module.mail_ip.hcloud_floating_ip.main"
          ]
        }
      ]
    },
    {
      "module": "module.mail_ip",
      "mode": "managed",
      "type": "hetznerdns_record",
      "name": "main",
      "provider": "provider[\"registry.terraform.io/timohirt/hetznerdns\"]",
      "instances": [
        {
          "schema_version": 0,
          "attributes": {
            "id": "8bd0b616bca405d15da66b92ed490389",
            "name": "mail.srv",
            "ttl": 0,
            "type": "A",
            "value": "49.12.118.233",
            "zone_id": "CbSKDWuVhnJzokDvskSk2d"
          },
          "sensitive_attributes": [],
          "private": "bnVsbA==",
          "dependencies": [
            "hcloud_server.bastion-srv",
            "module.mail_ip.data.hetznerdns_zone.ftsell_de",
            "module.mail_ip.hcloud_floating_ip.main"
          ]
        }
      ]
    }
  ],
  "check_results": null
}
