{
  "version": 4,
  "terraform_version": "1.4.2",
  "serial": 463,
  "lineage": "443bb6e1-a107-c856-e672-897bd1854a07",
  "outputs": {
    "mail_ip": {
      "value": "116.202.6.114",
      "type": "string"
    },
    "main_ip": {
      "value": "116.202.0.235",
      "type": "string"
    }
  },
  "resources": [
    {
      "mode": "data",
      "type": "hetznerdns_zone",
      "name": "ftsell_de",
      "provider": "provider[\"registry.terraform.io/timohirt/hetznerdns\"]",
      "instances": [
        {
          "schema_version": 0,
          "attributes": {
            "id": "CbSKDWuVhnJzokDvskSk2d",
            "name": "ftsell.de",
            "ttl": 86400
          },
          "sensitive_attributes": []
        }
      ]
    },
    {
      "mode": "data",
      "type": "local_file",
      "name": "ftsell_id_rsa_pub",
      "provider": "provider[\"registry.terraform.io/hashicorp/local\"]",
      "instances": [
        {
          "schema_version": 0,
          "attributes": {
            "content": "ssh-rsa AAAAB3NzaC1yc2EAAAADAQABAAABAQCcUOGV3tEfudXOX3JciEmyaGowgGu85OKvmmTPMMcjshh1laHAFnGBjQgizl5jA1wTs0offX9A4Z47RJq7q3PG0OmHeobs4lpPzInMPVKmjoLu9bsllvXgKttGk5I4Epdc2wp7C1T9cfwNAqQOU+H2prC95nbiFPLpFUcQ1R7HEssGkhnyV5zAOQUjsbj1jgyMVCKAPL+Lcc282Auy7qcCk42YnOZSvGJ0Fz3WGOZ2YtL/83OOkbTIXQpGkOYEsOo2pVxd5MjOrebF5XudM4n07w+mBi3PejJnfppDY6AZUwctqcGPXAV2k99ltaakaoZ8kt1QhR/BjpQ6Rw8N99JH\n",
            "content_base64": "c3NoLXJzYSBBQUFBQjNOemFDMXljMkVBQUFBREFRQUJBQUFCQVFDY1VPR1YzdEVmdWRYT1gzSmNpRW15YUdvd2dHdTg1T0t2bW1UUE1NY2pzaGgxbGFIQUZuR0JqUWdpemw1akExd1RzMG9mZlg5QTRaNDdSSnE3cTNQRzBPbUhlb2JzNGxwUHpJbk1QVkttam9MdTlic2xsdlhnS3R0R2s1STRFcGRjMndwN0MxVDljZndOQXFRT1UrSDJwckM5NW5iaUZQTHBGVWNRMVI3SEVzc0draG55VjV6QU9RVWpzYmoxamd5TVZDS0FQTCtMY2MyODJBdXk3cWNDazQyWW5PWlN2R0owRnozV0dPWjJZdEwvODNPT2tiVElYUXBHa09ZRXNPbzJwVnhkNU1qT3JlYkY1WHVkTTRuMDd3K21CaTNQZWpKbmZwcERZNkFaVXdjdHFjR1BYQVYyazk5bHRhYWthb1o4a3QxUWhSL0JqcFE2Unc4Tjk5SkgK",
            "content_base64sha256": "YECaRbAvxLj/hElo1K9CK0fwUp0WEivBtdfp+t+iMuM=",
            "content_base64sha512": "mLEKEwGYGubztS8jyLhQGxNRy+Rb+7H8lIlF9X9RgOAHH7ZGEmnSbHDzrtSeNNf/efLqNuaSQECsgntxxMBoaw==",
            "content_md5": "a6352aca6b19b6ad81bdaa15bbb370ee",
            "content_sha1": "72d8e98508bfd3ee15f5ab2eafa755dc0337ff31",
            "content_sha256": "60409a45b02fc4b8ff844968d4af422b47f0529d16122bc1b5d7e9fadfa232e3",
            "content_sha512": "98b10a1301981ae6f3b52f23c8b8501b1351cbe45bfbb1fc948945f57f5180e0071fb6461269d26c70f3aed49e34d7ff79f2ea36e6924040ac827b71c4c0686b",
            "filename": "./resources/id_rsa.pub",
            "id": "72d8e98508bfd3ee15f5ab2eafa755dc0337ff31"
          },
          "sensitive_attributes": []
        }
      ]
    },
    {
      "mode": "data",
      "type": "template_file",
      "name": "cloud-init-config",
      "provider": "provider[\"registry.terraform.io/hashicorp/template\"]",
      "instances": [
        {
          "schema_version": 0,
          "attributes": {
            "filename": null,
            "id": "f3bf183c6dbb75f7f4cc54bda11e4418ee48cbf3671aaf2de3a0e8d077862406",
            "rendered": "#cloud-config\nssh_pwauth: false\npackage_update: true\npackages:\n  - \"zsh\"\n  - \"git\"\nusers:\n  - name: \"ftsell\"\n    sudo: \"ALL=(ALL) ALL\"\n    shell: \"/usr/bin/bash\"\n    lock_passwd: false\n    passwd: \"$2b$05$Z/9WYtvTdoTh4uf.6BAqLue65tOTTWzR9Ut50Io9FJ8KvmfWtVIga\"\n    ssh_authorized_keys:\n      - \"ssh-rsa AAAAB3NzaC1yc2EAAAADAQABAAABAQCcUOGV3tEfudXOX3JciEmyaGowgGu85OKvmmTPMMcjshh1laHAFnGBjQgizl5jA1wTs0offX9A4Z47RJq7q3PG0OmHeobs4lpPzInMPVKmjoLu9bsllvXgKttGk5I4Epdc2wp7C1T9cfwNAqQOU+H2prC95nbiFPLpFUcQ1R7HEssGkhnyV5zAOQUjsbj1jgyMVCKAPL+Lcc282Auy7qcCk42YnOZSvGJ0Fz3WGOZ2YtL/83OOkbTIXQpGkOYEsOo2pVxd5MjOrebF5XudM4n07w+mBi3PejJnfppDY6AZUwctqcGPXAV2k99ltaakaoZ8kt1QhR/BjpQ6Rw8N99JH\n\"\n",
            "template": "#cloud-config\nssh_pwauth: false\npackage_update: true\npackages:\n  - \"zsh\"\n  - \"git\"\nusers:\n  - name: \"ftsell\"\n    sudo: \"ALL=(ALL) ALL\"\n    shell: \"/usr/bin/bash\"\n    lock_passwd: false\n    passwd: \"${ ftsell_pwhash }\"\n    ssh_authorized_keys:\n      - \"${ ftsell_pubkey }\"\n",
            "vars": {
              "ftsell_pubkey": "ssh-rsa AAAAB3NzaC1yc2EAAAADAQABAAABAQCcUOGV3tEfudXOX3JciEmyaGowgGu85OKvmmTPMMcjshh1laHAFnGBjQgizl5jA1wTs0offX9A4Z47RJq7q3PG0OmHeobs4lpPzInMPVKmjoLu9bsllvXgKttGk5I4Epdc2wp7C1T9cfwNAqQOU+H2prC95nbiFPLpFUcQ1R7HEssGkhnyV5zAOQUjsbj1jgyMVCKAPL+Lcc282Auy7qcCk42YnOZSvGJ0Fz3WGOZ2YtL/83OOkbTIXQpGkOYEsOo2pVxd5MjOrebF5XudM4n07w+mBi3PejJnfppDY6AZUwctqcGPXAV2k99ltaakaoZ8kt1QhR/BjpQ6Rw8N99JH\n",
              "ftsell_pwhash": "$2b$05$Z/9WYtvTdoTh4uf.6BAqLue65tOTTWzR9Ut50Io9FJ8KvmfWtVIga"
            }
          },
          "sensitive_attributes": []
        }
      ]
    },
    {
      "mode": "managed",
      "type": "hcloud_firewall",
      "name": "k8s-api",
      "provider": "provider[\"registry.terraform.io/hetznercloud/hcloud\"]",
      "instances": [
        {
          "schema_version": 0,
          "attributes": {
            "apply_to": [
              {
                "label_selector": "ftsell.de/purpose=k8s-api-server",
                "server": 0
              }
            ],
            "id": "793659",
            "labels": {},
            "name": "k8s-api",
            "rule": [
              {
                "description": "",
                "destination_ips": [],
                "direction": "in",
                "port": "6443",
                "protocol": "tcp",
                "source_ips": [
                  "0.0.0.0/0",
                  "::/0"
                ]
              }
            ]
          },
          "sensitive_attributes": [],
          "private": "bnVsbA=="
        }
      ]
    },
    {
      "mode": "managed",
      "type": "hcloud_firewall",
      "name": "lb",
      "provider": "provider[\"registry.terraform.io/hetznercloud/hcloud\"]",
      "instances": [
        {
          "schema_version": 0,
          "attributes": {
            "apply_to": [
              {
                "label_selector": "ftsell.de/firewall=load-balancers",
                "server": 0
              }
            ],
            "id": "793415",
            "labels": {},
            "name": "load-balancers",
            "rule": [
              {
                "description": "",
                "destination_ips": [],
                "direction": "in",
                "port": "",
                "protocol": "icmp",
                "source_ips": [
                  "0.0.0.0/0",
                  "::/0"
                ]
              },
              {
                "description": "",
                "destination_ips": [],
                "direction": "in",
                "port": "22",
                "protocol": "tcp",
                "source_ips": [
                  "0.0.0.0/0",
                  "::/0"
                ]
              },
              {
                "description": "",
                "destination_ips": [],
                "direction": "in",
                "port": "443",
                "protocol": "tcp",
                "source_ips": [
                  "0.0.0.0/0",
                  "::/0"
                ]
              },
              {
                "description": "",
                "destination_ips": [],
                "direction": "in",
                "port": "80",
                "protocol": "tcp",
                "source_ips": [
                  "0.0.0.0/0",
                  "::/0"
                ]
              }
            ]
          },
          "sensitive_attributes": [],
          "private": "bnVsbA=="
        }
      ]
    },
    {
      "mode": "managed",
      "type": "hcloud_firewall",
      "name": "protected_servers",
      "provider": "provider[\"registry.terraform.io/hetznercloud/hcloud\"]",
      "instances": [
        {
          "schema_version": 0,
          "attributes": {
            "apply_to": [
              {
                "label_selector": "ftsell.de/firewall=protected_servers",
                "server": 0
              }
            ],
            "id": "793416",
            "labels": {},
            "name": "protected-servers",
            "rule": [
              {
                "description": "",
                "destination_ips": [],
                "direction": "in",
                "port": "",
                "protocol": "icmp",
                "source_ips": [
                  "0.0.0.0/0",
                  "::/0"
                ]
              },
              {
                "description": "",
                "destination_ips": [],
                "direction": "in",
                "port": "22",
                "protocol": "tcp",
                "source_ips": [
                  "188.34.188.103/32",
                  "2a01:4f8:c012:6d46::1/128"
                ]
              }
            ]
          },
          "sensitive_attributes": [],
          "private": "bnVsbA==",
          "dependencies": [
            "data.hetznerdns_zone.ftsell_de",
            "data.local_file.ftsell_id_rsa_pub",
            "data.template_file.cloud-init-config",
            "hcloud_network.main-net",
            "hcloud_network_subnet.vm-net",
            "hcloud_server.lb1",
            "hcloud_ssh_key.ftsell"
          ]
        }
      ]
    },
    {
      "mode": "managed",
      "type": "hcloud_network",
      "name": "main-net",
      "provider": "provider[\"registry.terraform.io/hetznercloud/hcloud\"]",
      "instances": [
        {
          "schema_version": 0,
          "attributes": {
            "delete_protection": true,
            "id": "2676074",
            "ip_range": "10.0.0.0/16",
            "labels": {},
            "name": "main-net"
          },
          "sensitive_attributes": [],
          "private": "bnVsbA=="
        }
      ]
    },
    {
      "mode": "managed",
      "type": "hcloud_network_subnet",
      "name": "vm-net",
      "provider": "provider[\"registry.terraform.io/hetznercloud/hcloud\"]",
      "instances": [
        {
          "schema_version": 0,
          "attributes": {
            "gateway": "10.0.0.1",
            "id": "2676074-10.0.0.0/24",
            "ip_range": "10.0.0.0/24",
            "network_id": 2676074,
            "network_zone": "eu-central",
            "type": "cloud",
            "vswitch_id": null
          },
          "sensitive_attributes": [],
          "private": "bnVsbA==",
          "dependencies": [
            "hcloud_network.main-net"
          ]
        }
      ]
    },
    {
      "mode": "managed",
      "type": "hcloud_rdns",
      "name": "lb1-ipv4",
      "provider": "provider[\"registry.terraform.io/hetznercloud/hcloud\"]",
      "instances": [
        {
          "schema_version": 0,
          "attributes": {
            "dns_ptr": "lb1.srv.ftsell.de",
            "floating_ip_id": null,
            "id": "s-30380545-188.34.188.103",
            "ip_address": "188.34.188.103",
            "load_balancer_id": null,
            "server_id": 30380545
          },
          "sensitive_attributes": [],
          "private": "bnVsbA==",
          "dependencies": [
            "data.hetznerdns_zone.ftsell_de",
            "data.local_file.ftsell_id_rsa_pub",
            "data.template_file.cloud-init-config",
            "hcloud_network.main-net",
            "hcloud_network_subnet.vm-net",
            "hcloud_server.lb1",
            "hcloud_ssh_key.ftsell"
          ]
        }
      ]
    },
    {
      "mode": "managed",
      "type": "hcloud_rdns",
      "name": "lb1-ipv6",
      "provider": "provider[\"registry.terraform.io/hetznercloud/hcloud\"]",
      "instances": [
        {
          "schema_version": 0,
          "attributes": {
            "dns_ptr": "lb1.srv.ftsell.de",
            "floating_ip_id": null,
            "id": "s-30380545-2a01:4f8:c012:6d46::1",
            "ip_address": "2a01:4f8:c012:6d46::1",
            "load_balancer_id": null,
            "server_id": 30380545
          },
          "sensitive_attributes": [],
          "private": "bnVsbA==",
          "dependencies": [
            "data.hetznerdns_zone.ftsell_de",
            "data.local_file.ftsell_id_rsa_pub",
            "data.template_file.cloud-init-config",
            "hcloud_network.main-net",
            "hcloud_network_subnet.vm-net",
            "hcloud_server.lb1",
            "hcloud_ssh_key.ftsell"
          ]
        }
      ]
    },
    {
      "mode": "managed",
      "type": "hcloud_server",
      "name": "lb1",
      "provider": "provider[\"registry.terraform.io/hetznercloud/hcloud\"]",
      "instances": [
        {
          "schema_version": 0,
          "attributes": {
            "allow_deprecated_images": false,
            "backup_window": "18-22",
            "backups": true,
            "datacenter": "fsn1-dc14",
            "delete_protection": true,
            "firewall_ids": [
              793415
            ],
            "id": "30380545",
            "ignore_remote_firewall_ids": false,
            "image": "debian-11",
            "ipv4_address": "188.34.188.103",
            "ipv6_address": "2a01:4f8:c012:6d46::1",
            "ipv6_network": "2a01:4f8:c012:6d46::/64",
            "iso": null,
            "keep_disk": false,
            "labels": {
              "ftsell.de/firewall": "load-balancers",
              "ftsell.de/public_dns": "lb1.srv.ftsell.de",
              "ftsell.de/purpose": "load_balancer"
            },
            "location": "fsn1",
            "name": "lb1",
            "network": [
              {
                "alias_ips": [],
                "ip": "10.0.0.2",
                "mac_address": "86:00:00:3e:70:97",
                "network_id": 2676074
              }
            ],
            "placement_group_id": null,
            "public_net": [],
            "rebuild_protection": true,
            "rescue": null,
            "server_type": "cpx11",
            "ssh_keys": [
              "10593850"
            ],
            "status": "running",
            "timeouts": null,
            "user_data": "BqiHjwl7OXs9flYc6fYaPlFqB8M="
          },
          "sensitive_attributes": [],
          "private": "eyJlMmJmYjczMC1lY2FhLTExZTYtOGY4OC0zNDM2M2JjN2M0YzAiOnsiY3JlYXRlIjo1NDAwMDAwMDAwMDAwfX0=",
          "dependencies": [
            "data.hetznerdns_zone.ftsell_de",
            "data.local_file.ftsell_id_rsa_pub",
            "data.template_file.cloud-init-config",
            "hcloud_network.main-net",
            "hcloud_network_subnet.vm-net",
            "hcloud_ssh_key.ftsell"
          ]
        }
      ]
    },
    {
      "mode": "managed",
      "type": "hcloud_ssh_key",
      "name": "ftsell",
      "provider": "provider[\"registry.terraform.io/hetznercloud/hcloud\"]",
      "instances": [
        {
          "schema_version": 0,
          "attributes": {
            "fingerprint": "48:ea:0c:c5:e4:99:85:2b:e0:9f:91:f3:87:3a:65:65",
            "id": "10593850",
            "labels": {},
            "name": "ftsell",
            "public_key": "ssh-rsa AAAAB3NzaC1yc2EAAAADAQABAAABAQCcUOGV3tEfudXOX3JciEmyaGowgGu85OKvmmTPMMcjshh1laHAFnGBjQgizl5jA1wTs0offX9A4Z47RJq7q3PG0OmHeobs4lpPzInMPVKmjoLu9bsllvXgKttGk5I4Epdc2wp7C1T9cfwNAqQOU+H2prC95nbiFPLpFUcQ1R7HEssGkhnyV5zAOQUjsbj1jgyMVCKAPL+Lcc282Auy7qcCk42YnOZSvGJ0Fz3WGOZ2YtL/83OOkbTIXQpGkOYEsOo2pVxd5MjOrebF5XudM4n07w+mBi3PejJnfppDY6AZUwctqcGPXAV2k99ltaakaoZ8kt1QhR/BjpQ6Rw8N99JH\n"
          },
          "sensitive_attributes": [],
          "private": "bnVsbA=="
        }
      ]
    },
    {
      "mode": "managed",
      "type": "hetznerdns_record",
      "name": "lb1-ipv4",
      "provider": "provider[\"registry.terraform.io/timohirt/hetznerdns\"]",
      "instances": [
        {
          "schema_version": 0,
          "attributes": {
            "id": "534dcd3e2af2c66094019537a3b494ba",
            "name": "lb1.srv",
            "ttl": 0,
            "type": "A",
            "value": "188.34.188.103",
            "zone_id": "CbSKDWuVhnJzokDvskSk2d"
          },
          "sensitive_attributes": [],
          "private": "bnVsbA==",
          "dependencies": [
            "data.hetznerdns_zone.ftsell_de",
            "data.local_file.ftsell_id_rsa_pub",
            "data.template_file.cloud-init-config",
            "hcloud_network.main-net",
            "hcloud_network_subnet.vm-net",
            "hcloud_server.lb1",
            "hcloud_ssh_key.ftsell"
          ]
        }
      ]
    },
    {
      "mode": "managed",
      "type": "hetznerdns_record",
      "name": "lb1-ipv6",
      "provider": "provider[\"registry.terraform.io/timohirt/hetznerdns\"]",
      "instances": [
        {
          "schema_version": 0,
          "attributes": {
            "id": "d2d49ba1c6ecd171d8d1fd0504a25907",
            "name": "lb1.srv",
            "ttl": 0,
            "type": "AAAA",
            "value": "2a01:4f8:c012:6d46::1",
            "zone_id": "CbSKDWuVhnJzokDvskSk2d"
          },
          "sensitive_attributes": [],
          "private": "bnVsbA==",
          "dependencies": [
            "data.hetznerdns_zone.ftsell_de",
            "data.local_file.ftsell_id_rsa_pub",
            "data.template_file.cloud-init-config",
            "hcloud_network.main-net",
            "hcloud_network_subnet.vm-net",
            "hcloud_server.lb1",
            "hcloud_ssh_key.ftsell"
          ]
        }
      ]
    },
    {
      "module": "module.k8s-api-srv",
      "mode": "data",
      "type": "cloudinit_config",
      "name": "cloud-config",
      "provider": "provider[\"registry.terraform.io/hashicorp/cloudinit\"]",
      "instances": [
        {
          "schema_version": 0,
          "attributes": {
            "base64_encode": false,
            "boundary": "MIMEBOUNDARY",
            "gzip": false,
            "id": "1636021902",
            "part": [
              {
                "content": "#cloud-config\nssh_pwauth: false\npackage_update: true\npackages:\n  - \"zsh\"\n  - \"git\"\nusers:\n  - name: \"ftsell\"\n    sudo: \"ALL=(ALL) ALL\"\n    shell: \"/usr/bin/bash\"\n    lock_passwd: false\n    passwd: \"$2b$05$Z/9WYtvTdoTh4uf.6BAqLue65tOTTWzR9Ut50Io9FJ8KvmfWtVIga\"\n    ssh_authorized_keys:\n      - \"ssh-rsa AAAAB3NzaC1yc2EAAAADAQABAAABAQCcUOGV3tEfudXOX3JciEmyaGowgGu85OKvmmTPMMcjshh1laHAFnGBjQgizl5jA1wTs0offX9A4Z47RJq7q3PG0OmHeobs4lpPzInMPVKmjoLu9bsllvXgKttGk5I4Epdc2wp7C1T9cfwNAqQOU+H2prC95nbiFPLpFUcQ1R7HEssGkhnyV5zAOQUjsbj1jgyMVCKAPL+Lcc282Auy7qcCk42YnOZSvGJ0Fz3WGOZ2YtL/83OOkbTIXQpGkOYEsOo2pVxd5MjOrebF5XudM4n07w+mBi3PejJnfppDY6AZUwctqcGPXAV2k99ltaakaoZ8kt1QhR/BjpQ6Rw8N99JH\"\n",
                "content_type": "cloud-config",
                "filename": "basic-config.yml",
                "merge_type": null
              }
            ],
            "rendered": "Content-Type: multipart/mixed; boundary=\"MIMEBOUNDARY\"\nMIME-Version: 1.0\r\n\r\n--MIMEBOUNDARY\r\nContent-Disposition: attachment; filename=\"basic-config.yml\"\r\nContent-Transfer-Encoding: 7bit\r\nContent-Type: cloud-config\r\nMime-Version: 1.0\r\n\r\n#cloud-config\nssh_pwauth: false\npackage_update: true\npackages:\n  - \"zsh\"\n  - \"git\"\nusers:\n  - name: \"ftsell\"\n    sudo: \"ALL=(ALL) ALL\"\n    shell: \"/usr/bin/bash\"\n    lock_passwd: false\n    passwd: \"$2b$05$Z/9WYtvTdoTh4uf.6BAqLue65tOTTWzR9Ut50Io9FJ8KvmfWtVIga\"\n    ssh_authorized_keys:\n      - \"ssh-rsa AAAAB3NzaC1yc2EAAAADAQABAAABAQCcUOGV3tEfudXOX3JciEmyaGowgGu85OKvmmTPMMcjshh1laHAFnGBjQgizl5jA1wTs0offX9A4Z47RJq7q3PG0OmHeobs4lpPzInMPVKmjoLu9bsllvXgKttGk5I4Epdc2wp7C1T9cfwNAqQOU+H2prC95nbiFPLpFUcQ1R7HEssGkhnyV5zAOQUjsbj1jgyMVCKAPL+Lcc282Auy7qcCk42YnOZSvGJ0Fz3WGOZ2YtL/83OOkbTIXQpGkOYEsOo2pVxd5MjOrebF5XudM4n07w+mBi3PejJnfppDY6AZUwctqcGPXAV2k99ltaakaoZ8kt1QhR/BjpQ6Rw8N99JH\"\n\r\n--MIMEBOUNDARY--\r\n"
          },
          "sensitive_attributes": []
        }
      ]
    },
    {
      "module": "module.k8s-api-srv",
      "mode": "data",
      "type": "hetznerdns_zone",
      "name": "ftsell_de",
      "provider": "provider[\"registry.terraform.io/timohirt/hetznerdns\"]",
      "instances": [
        {
          "schema_version": 0,
          "attributes": {
            "id": "CbSKDWuVhnJzokDvskSk2d",
            "name": "ftsell.de",
            "ttl": 86400
          },
          "sensitive_attributes": []
        }
      ]
    },
    {
      "module": "module.k8s-api-srv",
      "mode": "managed",
      "type": "hcloud_rdns",
      "name": "server_ipv4",
      "provider": "provider[\"registry.terraform.io/hetznercloud/hcloud\"]",
      "instances": [
        {
          "schema_version": 0,
          "attributes": {
            "dns_ptr": "k8s-api.srv.ftsell.de",
            "floating_ip_id": null,
            "id": "s-30380542-5.75.238.9",
            "ip_address": "5.75.238.9",
            "load_balancer_id": null,
            "server_id": 30380542
          },
          "sensitive_attributes": [],
          "private": "bnVsbA==",
          "dependencies": [
            "hcloud_network.main-net",
            "hcloud_ssh_key.ftsell",
            "module.k8s-api-srv.data.cloudinit_config.cloud-config",
            "module.k8s-api-srv.data.hetznerdns_zone.ftsell_de",
            "module.k8s-api-srv.hcloud_server.server"
          ]
        }
      ]
    },
    {
      "module": "module.k8s-api-srv",
      "mode": "managed",
      "type": "hcloud_rdns",
      "name": "server_ipv6",
      "provider": "provider[\"registry.terraform.io/hetznercloud/hcloud\"]",
      "instances": [
        {
          "schema_version": 0,
          "attributes": {
            "dns_ptr": "k8s-api.srv.ftsell.de",
            "floating_ip_id": null,
            "id": "s-30380542-2a01:4f8:c012:437a::1",
            "ip_address": "2a01:4f8:c012:437a::1",
            "load_balancer_id": null,
            "server_id": 30380542
          },
          "sensitive_attributes": [],
          "private": "bnVsbA==",
          "dependencies": [
            "hcloud_network.main-net",
            "hcloud_ssh_key.ftsell",
            "module.k8s-api-srv.data.cloudinit_config.cloud-config",
            "module.k8s-api-srv.data.hetznerdns_zone.ftsell_de",
            "module.k8s-api-srv.hcloud_server.server"
          ]
        }
      ]
    },
    {
      "module": "module.k8s-api-srv",
      "mode": "managed",
      "type": "hcloud_server",
      "name": "server",
      "provider": "provider[\"registry.terraform.io/hetznercloud/hcloud\"]",
      "instances": [
        {
          "schema_version": 0,
          "attributes": {
            "allow_deprecated_images": false,
            "backup_window": "10-14",
            "backups": true,
            "datacenter": "fsn1-dc14",
            "delete_protection": true,
            "firewall_ids": [
              793416
            ],
            "id": "30380542",
            "ignore_remote_firewall_ids": false,
            "image": "debian-11",
            "ipv4_address": "5.75.238.9",
            "ipv6_address": "2a01:4f8:c012:437a::1",
            "ipv6_network": "2a01:4f8:c012:437a::/64",
            "iso": null,
            "keep_disk": false,
            "labels": {
              "ftsell.de/firewall": "protected_servers",
              "ftsell.de/public_dns": "k8s-api.srv.ftsell.de",
              "ftsell.de/purpose": "k8s-api-server"
            },
            "location": "fsn1",
            "name": "k8s-api",
            "network": [
              {
                "alias_ips": [],
                "ip": "10.0.0.9",
                "mac_address": "86:00:00:3e:70:96",
                "network_id": 2676074
              }
            ],
            "placement_group_id": null,
            "public_net": [],
            "rebuild_protection": true,
            "rescue": null,
            "server_type": "cpx11",
            "ssh_keys": [
              "10593850"
            ],
            "status": "running",
            "timeouts": null,
            "user_data": "HxxQN+3xGU1wO1MtKpcuo7Locu4="
          },
          "sensitive_attributes": [],
          "private": "eyJlMmJmYjczMC1lY2FhLTExZTYtOGY4OC0zNDM2M2JjN2M0YzAiOnsiY3JlYXRlIjo1NDAwMDAwMDAwMDAwfX0=",
          "dependencies": [
            "hcloud_network.main-net",
            "hcloud_ssh_key.ftsell",
            "module.k8s-api-srv.data.cloudinit_config.cloud-config",
            "module.k8s-api-srv.data.hetznerdns_zone.ftsell_de"
          ]
        }
      ]
    },
    {
      "module": "module.k8s-api-srv",
      "mode": "managed",
      "type": "hetznerdns_record",
      "name": "server_ipv4",
      "provider": "provider[\"registry.terraform.io/timohirt/hetznerdns\"]",
      "instances": [
        {
          "schema_version": 0,
          "attributes": {
            "id": "50cb354a6a1bfe01fc6f55a6d314f7c4",
            "name": "k8s-api.srv",
            "ttl": 0,
            "type": "A",
            "value": "5.75.238.9",
            "zone_id": "CbSKDWuVhnJzokDvskSk2d"
          },
          "sensitive_attributes": [],
          "private": "bnVsbA==",
          "dependencies": [
            "hcloud_network.main-net",
            "hcloud_ssh_key.ftsell",
            "module.k8s-api-srv.data.cloudinit_config.cloud-config",
            "module.k8s-api-srv.data.hetznerdns_zone.ftsell_de",
            "module.k8s-api-srv.hcloud_server.server"
          ]
        }
      ]
    },
    {
      "module": "module.k8s-api-srv",
      "mode": "managed",
      "type": "hetznerdns_record",
      "name": "server_ipv6",
      "provider": "provider[\"registry.terraform.io/timohirt/hetznerdns\"]",
      "instances": [
        {
          "schema_version": 0,
          "attributes": {
            "id": "dd2a18db20cb4d4db261d6e209653be2",
            "name": "k8s-api.srv",
            "ttl": 0,
            "type": "AAAA",
            "value": "2a01:4f8:c012:437a::1",
            "zone_id": "CbSKDWuVhnJzokDvskSk2d"
          },
          "sensitive_attributes": [],
          "private": "bnVsbA==",
          "dependencies": [
            "hcloud_network.main-net",
            "hcloud_ssh_key.ftsell",
            "module.k8s-api-srv.data.cloudinit_config.cloud-config",
            "module.k8s-api-srv.data.hetznerdns_zone.ftsell_de",
            "module.k8s-api-srv.hcloud_server.server"
          ]
        }
      ]
    },
    {
      "module": "module.k8s-worker[0]",
      "mode": "data",
      "type": "cloudinit_config",
      "name": "cloud-config",
      "provider": "provider[\"registry.terraform.io/hashicorp/cloudinit\"]",
      "instances": [
        {
          "schema_version": 0,
          "attributes": {
            "base64_encode": false,
            "boundary": "MIMEBOUNDARY",
            "gzip": false,
            "id": "1636021902",
            "part": [
              {
                "content": "#cloud-config\nssh_pwauth: false\npackage_update: true\npackages:\n  - \"zsh\"\n  - \"git\"\nusers:\n  - name: \"ftsell\"\n    sudo: \"ALL=(ALL) ALL\"\n    shell: \"/usr/bin/bash\"\n    lock_passwd: false\n    passwd: \"$2b$05$Z/9WYtvTdoTh4uf.6BAqLue65tOTTWzR9Ut50Io9FJ8KvmfWtVIga\"\n    ssh_authorized_keys:\n      - \"ssh-rsa AAAAB3NzaC1yc2EAAAADAQABAAABAQCcUOGV3tEfudXOX3JciEmyaGowgGu85OKvmmTPMMcjshh1laHAFnGBjQgizl5jA1wTs0offX9A4Z47RJq7q3PG0OmHeobs4lpPzInMPVKmjoLu9bsllvXgKttGk5I4Epdc2wp7C1T9cfwNAqQOU+H2prC95nbiFPLpFUcQ1R7HEssGkhnyV5zAOQUjsbj1jgyMVCKAPL+Lcc282Auy7qcCk42YnOZSvGJ0Fz3WGOZ2YtL/83OOkbTIXQpGkOYEsOo2pVxd5MjOrebF5XudM4n07w+mBi3PejJnfppDY6AZUwctqcGPXAV2k99ltaakaoZ8kt1QhR/BjpQ6Rw8N99JH\"\n",
                "content_type": "cloud-config",
                "filename": "basic-config.yml",
                "merge_type": null
              }
            ],
            "rendered": "Content-Type: multipart/mixed; boundary=\"MIMEBOUNDARY\"\nMIME-Version: 1.0\r\n\r\n--MIMEBOUNDARY\r\nContent-Disposition: attachment; filename=\"basic-config.yml\"\r\nContent-Transfer-Encoding: 7bit\r\nContent-Type: cloud-config\r\nMime-Version: 1.0\r\n\r\n#cloud-config\nssh_pwauth: false\npackage_update: true\npackages:\n  - \"zsh\"\n  - \"git\"\nusers:\n  - name: \"ftsell\"\n    sudo: \"ALL=(ALL) ALL\"\n    shell: \"/usr/bin/bash\"\n    lock_passwd: false\n    passwd: \"$2b$05$Z/9WYtvTdoTh4uf.6BAqLue65tOTTWzR9Ut50Io9FJ8KvmfWtVIga\"\n    ssh_authorized_keys:\n      - \"ssh-rsa AAAAB3NzaC1yc2EAAAADAQABAAABAQCcUOGV3tEfudXOX3JciEmyaGowgGu85OKvmmTPMMcjshh1laHAFnGBjQgizl5jA1wTs0offX9A4Z47RJq7q3PG0OmHeobs4lpPzInMPVKmjoLu9bsllvXgKttGk5I4Epdc2wp7C1T9cfwNAqQOU+H2prC95nbiFPLpFUcQ1R7HEssGkhnyV5zAOQUjsbj1jgyMVCKAPL+Lcc282Auy7qcCk42YnOZSvGJ0Fz3WGOZ2YtL/83OOkbTIXQpGkOYEsOo2pVxd5MjOrebF5XudM4n07w+mBi3PejJnfppDY6AZUwctqcGPXAV2k99ltaakaoZ8kt1QhR/BjpQ6Rw8N99JH\"\n\r\n--MIMEBOUNDARY--\r\n"
          },
          "sensitive_attributes": []
        }
      ]
    },
    {
      "module": "module.k8s-worker[0]",
      "mode": "data",
      "type": "hetznerdns_zone",
      "name": "ftsell_de",
      "provider": "provider[\"registry.terraform.io/timohirt/hetznerdns\"]",
      "instances": [
        {
          "schema_version": 0,
          "attributes": {
            "id": "CbSKDWuVhnJzokDvskSk2d",
            "name": "ftsell.de",
            "ttl": 86400
          },
          "sensitive_attributes": []
        }
      ]
    },
    {
      "module": "module.k8s-worker[0]",
      "mode": "managed",
      "type": "hcloud_rdns",
      "name": "server_ipv4",
      "provider": "provider[\"registry.terraform.io/hetznercloud/hcloud\"]",
      "instances": [
        {
          "schema_version": 0,
          "attributes": {
            "dns_ptr": "k8s-worker0.srv.ftsell.de",
            "floating_ip_id": null,
            "id": "s-30380543-49.12.221.93",
            "ip_address": "49.12.221.93",
            "load_balancer_id": null,
            "server_id": 30380543
          },
          "sensitive_attributes": [],
          "private": "bnVsbA==",
          "dependencies": [
            "hcloud_network.main-net",
            "hcloud_ssh_key.ftsell",
            "module.k8s-worker.data.cloudinit_config.cloud-config",
            "module.k8s-worker.data.hetznerdns_zone.ftsell_de",
            "module.k8s-worker.hcloud_server.server"
          ]
        }
      ]
    },
    {
      "module": "module.k8s-worker[0]",
      "mode": "managed",
      "type": "hcloud_rdns",
      "name": "server_ipv6",
      "provider": "provider[\"registry.terraform.io/hetznercloud/hcloud\"]",
      "instances": [
        {
          "schema_version": 0,
          "attributes": {
            "dns_ptr": "k8s-worker0.srv.ftsell.de",
            "floating_ip_id": null,
            "id": "s-30380543-2a01:4f8:c012:58f6::1",
            "ip_address": "2a01:4f8:c012:58f6::1",
            "load_balancer_id": null,
            "server_id": 30380543
          },
          "sensitive_attributes": [],
          "private": "bnVsbA==",
          "dependencies": [
            "hcloud_network.main-net",
            "hcloud_ssh_key.ftsell",
            "module.k8s-worker.data.cloudinit_config.cloud-config",
            "module.k8s-worker.data.hetznerdns_zone.ftsell_de",
            "module.k8s-worker.hcloud_server.server"
          ]
        }
      ]
    },
    {
      "module": "module.k8s-worker[0]",
      "mode": "managed",
      "type": "hcloud_server",
      "name": "server",
      "provider": "provider[\"registry.terraform.io/hetznercloud/hcloud\"]",
      "instances": [
        {
          "schema_version": 0,
          "attributes": {
            "allow_deprecated_images": false,
            "backup_window": "02-06",
            "backups": true,
            "datacenter": "fsn1-dc14",
            "delete_protection": true,
            "firewall_ids": [
              793416
            ],
            "id": "30380543",
            "ignore_remote_firewall_ids": false,
            "image": "debian-11",
            "ipv4_address": "49.12.221.93",
            "ipv6_address": "2a01:4f8:c012:58f6::1",
            "ipv6_network": "2a01:4f8:c012:58f6::/64",
            "iso": null,
            "keep_disk": false,
            "labels": {
              "ftsell.de/firewall": "protected_servers",
              "ftsell.de/public_dns": "k8s-worker0.srv.ftsell.de",
              "ftsell.de/purpose": "k8s-worker"
            },
            "location": "fsn1",
            "name": "k8s-worker0",
            "network": [
              {
                "alias_ips": [],
                "ip": "10.0.0.10",
                "mac_address": "86:00:00:3e:70:98",
                "network_id": 2676074
              }
            ],
            "placement_group_id": null,
            "public_net": [],
            "rebuild_protection": true,
            "rescue": null,
            "server_type": "cx21",
            "ssh_keys": [
              "10593850"
            ],
            "status": "running",
            "timeouts": null,
            "user_data": "HxxQN+3xGU1wO1MtKpcuo7Locu4="
          },
          "sensitive_attributes": [],
          "private": "eyJlMmJmYjczMC1lY2FhLTExZTYtOGY4OC0zNDM2M2JjN2M0YzAiOnsiY3JlYXRlIjo1NDAwMDAwMDAwMDAwfX0=",
          "dependencies": [
            "hcloud_network.main-net",
            "hcloud_ssh_key.ftsell",
            "module.k8s-worker.data.cloudinit_config.cloud-config",
            "module.k8s-worker.data.hetznerdns_zone.ftsell_de"
          ]
        }
      ]
    },
    {
      "module": "module.k8s-worker[0]",
      "mode": "managed",
      "type": "hetznerdns_record",
      "name": "server_ipv4",
      "provider": "provider[\"registry.terraform.io/timohirt/hetznerdns\"]",
      "instances": [
        {
          "schema_version": 0,
          "attributes": {
            "id": "84de74cb58575def70de6014c16f9026",
            "name": "k8s-worker0.srv",
            "ttl": 0,
            "type": "A",
            "value": "49.12.221.93",
            "zone_id": "CbSKDWuVhnJzokDvskSk2d"
          },
          "sensitive_attributes": [],
          "private": "bnVsbA==",
          "dependencies": [
            "hcloud_network.main-net",
            "hcloud_ssh_key.ftsell",
            "module.k8s-worker.data.cloudinit_config.cloud-config",
            "module.k8s-worker.data.hetznerdns_zone.ftsell_de",
            "module.k8s-worker.hcloud_server.server"
          ]
        }
      ]
    },
    {
      "module": "module.k8s-worker[0]",
      "mode": "managed",
      "type": "hetznerdns_record",
      "name": "server_ipv6",
      "provider": "provider[\"registry.terraform.io/timohirt/hetznerdns\"]",
      "instances": [
        {
          "schema_version": 0,
          "attributes": {
            "id": "a81dc1deefb504c82645b4a212dbe2ad",
            "name": "k8s-worker0.srv",
            "ttl": 0,
            "type": "AAAA",
            "value": "2a01:4f8:c012:58f6::1",
            "zone_id": "CbSKDWuVhnJzokDvskSk2d"
          },
          "sensitive_attributes": [],
          "private": "bnVsbA==",
          "dependencies": [
            "hcloud_network.main-net",
            "hcloud_ssh_key.ftsell",
            "module.k8s-worker.data.cloudinit_config.cloud-config",
            "module.k8s-worker.data.hetznerdns_zone.ftsell_de",
            "module.k8s-worker.hcloud_server.server"
          ]
        }
      ]
    },
    {
      "module": "module.k8s-worker[1]",
      "mode": "data",
      "type": "cloudinit_config",
      "name": "cloud-config",
      "provider": "provider[\"registry.terraform.io/hashicorp/cloudinit\"]",
      "instances": [
        {
          "schema_version": 0,
          "attributes": {
            "base64_encode": false,
            "boundary": "MIMEBOUNDARY",
            "gzip": false,
            "id": "1636021902",
            "part": [
              {
                "content": "#cloud-config\nssh_pwauth: false\npackage_update: true\npackages:\n  - \"zsh\"\n  - \"git\"\nusers:\n  - name: \"ftsell\"\n    sudo: \"ALL=(ALL) ALL\"\n    shell: \"/usr/bin/bash\"\n    lock_passwd: false\n    passwd: \"$2b$05$Z/9WYtvTdoTh4uf.6BAqLue65tOTTWzR9Ut50Io9FJ8KvmfWtVIga\"\n    ssh_authorized_keys:\n      - \"ssh-rsa AAAAB3NzaC1yc2EAAAADAQABAAABAQCcUOGV3tEfudXOX3JciEmyaGowgGu85OKvmmTPMMcjshh1laHAFnGBjQgizl5jA1wTs0offX9A4Z47RJq7q3PG0OmHeobs4lpPzInMPVKmjoLu9bsllvXgKttGk5I4Epdc2wp7C1T9cfwNAqQOU+H2prC95nbiFPLpFUcQ1R7HEssGkhnyV5zAOQUjsbj1jgyMVCKAPL+Lcc282Auy7qcCk42YnOZSvGJ0Fz3WGOZ2YtL/83OOkbTIXQpGkOYEsOo2pVxd5MjOrebF5XudM4n07w+mBi3PejJnfppDY6AZUwctqcGPXAV2k99ltaakaoZ8kt1QhR/BjpQ6Rw8N99JH\"\n",
                "content_type": "cloud-config",
                "filename": "basic-config.yml",
                "merge_type": null
              }
            ],
            "rendered": "Content-Type: multipart/mixed; boundary=\"MIMEBOUNDARY\"\nMIME-Version: 1.0\r\n\r\n--MIMEBOUNDARY\r\nContent-Disposition: attachment; filename=\"basic-config.yml\"\r\nContent-Transfer-Encoding: 7bit\r\nContent-Type: cloud-config\r\nMime-Version: 1.0\r\n\r\n#cloud-config\nssh_pwauth: false\npackage_update: true\npackages:\n  - \"zsh\"\n  - \"git\"\nusers:\n  - name: \"ftsell\"\n    sudo: \"ALL=(ALL) ALL\"\n    shell: \"/usr/bin/bash\"\n    lock_passwd: false\n    passwd: \"$2b$05$Z/9WYtvTdoTh4uf.6BAqLue65tOTTWzR9Ut50Io9FJ8KvmfWtVIga\"\n    ssh_authorized_keys:\n      - \"ssh-rsa AAAAB3NzaC1yc2EAAAADAQABAAABAQCcUOGV3tEfudXOX3JciEmyaGowgGu85OKvmmTPMMcjshh1laHAFnGBjQgizl5jA1wTs0offX9A4Z47RJq7q3PG0OmHeobs4lpPzInMPVKmjoLu9bsllvXgKttGk5I4Epdc2wp7C1T9cfwNAqQOU+H2prC95nbiFPLpFUcQ1R7HEssGkhnyV5zAOQUjsbj1jgyMVCKAPL+Lcc282Auy7qcCk42YnOZSvGJ0Fz3WGOZ2YtL/83OOkbTIXQpGkOYEsOo2pVxd5MjOrebF5XudM4n07w+mBi3PejJnfppDY6AZUwctqcGPXAV2k99ltaakaoZ8kt1QhR/BjpQ6Rw8N99JH\"\n\r\n--MIMEBOUNDARY--\r\n"
          },
          "sensitive_attributes": []
        }
      ]
    },
    {
      "module": "module.k8s-worker[1]",
      "mode": "data",
      "type": "hetznerdns_zone",
      "name": "ftsell_de",
      "provider": "provider[\"registry.terraform.io/timohirt/hetznerdns\"]",
      "instances": [
        {
          "schema_version": 0,
          "attributes": {
            "id": "CbSKDWuVhnJzokDvskSk2d",
            "name": "ftsell.de",
            "ttl": 86400
          },
          "sensitive_attributes": []
        }
      ]
    },
    {
      "module": "module.k8s-worker[1]",
      "mode": "managed",
      "type": "hcloud_rdns",
      "name": "server_ipv4",
      "provider": "provider[\"registry.terraform.io/hetznercloud/hcloud\"]",
      "instances": [
        {
          "schema_version": 0,
          "attributes": {
            "dns_ptr": "k8s-worker1.srv.ftsell.de",
            "floating_ip_id": null,
            "id": "s-30380544-168.119.107.198",
            "ip_address": "168.119.107.198",
            "load_balancer_id": null,
            "server_id": 30380544
          },
          "sensitive_attributes": [],
          "private": "bnVsbA==",
          "dependencies": [
            "hcloud_network.main-net",
            "hcloud_ssh_key.ftsell",
            "module.k8s-worker.data.cloudinit_config.cloud-config",
            "module.k8s-worker.data.hetznerdns_zone.ftsell_de",
            "module.k8s-worker.hcloud_server.server"
          ]
        }
      ]
    },
    {
      "module": "module.k8s-worker[1]",
      "mode": "managed",
      "type": "hcloud_rdns",
      "name": "server_ipv6",
      "provider": "provider[\"registry.terraform.io/hetznercloud/hcloud\"]",
      "instances": [
        {
          "schema_version": 0,
          "attributes": {
            "dns_ptr": "k8s-worker1.srv.ftsell.de",
            "floating_ip_id": null,
            "id": "s-30380544-2a01:4f8:c17:24e4::1",
            "ip_address": "2a01:4f8:c17:24e4::1",
            "load_balancer_id": null,
            "server_id": 30380544
          },
          "sensitive_attributes": [],
          "private": "bnVsbA==",
          "dependencies": [
            "hcloud_network.main-net",
            "hcloud_ssh_key.ftsell",
            "module.k8s-worker.data.cloudinit_config.cloud-config",
            "module.k8s-worker.data.hetznerdns_zone.ftsell_de",
            "module.k8s-worker.hcloud_server.server"
          ]
        }
      ]
    },
    {
      "module": "module.k8s-worker[1]",
      "mode": "managed",
      "type": "hcloud_server",
      "name": "server",
      "provider": "provider[\"registry.terraform.io/hetznercloud/hcloud\"]",
      "instances": [
        {
          "schema_version": 0,
          "attributes": {
            "allow_deprecated_images": false,
            "backup_window": "06-10",
            "backups": true,
            "datacenter": "fsn1-dc14",
            "delete_protection": true,
            "firewall_ids": [
              793416
            ],
            "id": "30380544",
            "ignore_remote_firewall_ids": false,
            "image": "debian-11",
            "ipv4_address": "168.119.107.198",
            "ipv6_address": "2a01:4f8:c17:24e4::1",
            "ipv6_network": "2a01:4f8:c17:24e4::/64",
            "iso": null,
            "keep_disk": false,
            "labels": {
              "ftsell.de/firewall": "protected_servers",
              "ftsell.de/public_dns": "k8s-worker1.srv.ftsell.de",
              "ftsell.de/purpose": "k8s-worker"
            },
            "location": "fsn1",
            "name": "k8s-worker1",
            "network": [
              {
                "alias_ips": [],
                "ip": "10.0.0.11",
                "mac_address": "86:00:00:3e:70:99",
                "network_id": 2676074
              }
            ],
            "placement_group_id": null,
            "public_net": [],
            "rebuild_protection": true,
            "rescue": null,
            "server_type": "cx21",
            "ssh_keys": [
              "10593850"
            ],
            "status": "running",
            "timeouts": null,
            "user_data": "HxxQN+3xGU1wO1MtKpcuo7Locu4="
          },
          "sensitive_attributes": [],
          "private": "eyJlMmJmYjczMC1lY2FhLTExZTYtOGY4OC0zNDM2M2JjN2M0YzAiOnsiY3JlYXRlIjo1NDAwMDAwMDAwMDAwfX0=",
          "dependencies": [
            "hcloud_network.main-net",
            "hcloud_ssh_key.ftsell",
            "module.k8s-worker.data.cloudinit_config.cloud-config",
            "module.k8s-worker.data.hetznerdns_zone.ftsell_de"
          ]
        }
      ]
    },
    {
      "module": "module.k8s-worker[1]",
      "mode": "managed",
      "type": "hetznerdns_record",
      "name": "server_ipv4",
      "provider": "provider[\"registry.terraform.io/timohirt/hetznerdns\"]",
      "instances": [
        {
          "schema_version": 0,
          "attributes": {
            "id": "3553694a9cc3f9c30e30bef68715bf3b",
            "name": "k8s-worker1.srv",
            "ttl": 0,
            "type": "A",
            "value": "168.119.107.198",
            "zone_id": "CbSKDWuVhnJzokDvskSk2d"
          },
          "sensitive_attributes": [],
          "private": "bnVsbA==",
          "dependencies": [
            "hcloud_network.main-net",
            "hcloud_ssh_key.ftsell",
            "module.k8s-worker.data.cloudinit_config.cloud-config",
            "module.k8s-worker.data.hetznerdns_zone.ftsell_de",
            "module.k8s-worker.hcloud_server.server"
          ]
        }
      ]
    },
    {
      "module": "module.k8s-worker[1]",
      "mode": "managed",
      "type": "hetznerdns_record",
      "name": "server_ipv6",
      "provider": "provider[\"registry.terraform.io/timohirt/hetznerdns\"]",
      "instances": [
        {
          "schema_version": 0,
          "attributes": {
            "id": "def314d2db72209892f69d69f1be2972",
            "name": "k8s-worker1.srv",
            "ttl": 0,
            "type": "AAAA",
            "value": "2a01:4f8:c17:24e4::1",
            "zone_id": "CbSKDWuVhnJzokDvskSk2d"
          },
          "sensitive_attributes": [],
          "private": "bnVsbA==",
          "dependencies": [
            "hcloud_network.main-net",
            "hcloud_ssh_key.ftsell",
            "module.k8s-worker.data.cloudinit_config.cloud-config",
            "module.k8s-worker.data.hetznerdns_zone.ftsell_de",
            "module.k8s-worker.hcloud_server.server"
          ]
        }
      ]
    },
    {
      "module": "module.mail_ip",
      "mode": "data",
      "type": "hetznerdns_zone",
      "name": "ftsell_de",
      "provider": "provider[\"registry.terraform.io/timohirt/hetznerdns\"]",
      "instances": [
        {
          "schema_version": 0,
          "attributes": {
            "id": "CbSKDWuVhnJzokDvskSk2d",
            "name": "ftsell.de",
            "ttl": 86400
          },
          "sensitive_attributes": []
        }
      ]
    },
    {
      "module": "module.mail_ip",
      "mode": "managed",
      "type": "hcloud_floating_ip",
      "name": "main",
      "provider": "provider[\"registry.terraform.io/hetznercloud/hcloud\"]",
      "instances": [
        {
          "schema_version": 0,
          "attributes": {
            "delete_protection": false,
            "description": "",
            "home_location": "fsn1",
            "id": "25879533",
            "ip_address": "116.202.6.114",
            "ip_network": null,
            "labels": {
              "ftsell.de/dns": "mail.svc.ftsell.de"
            },
            "name": "mail",
            "server_id": 30380545,
            "type": "ipv4"
          },
          "sensitive_attributes": [],
          "private": "bnVsbA==",
          "dependencies": [
            "data.hetznerdns_zone.ftsell_de",
            "data.local_file.ftsell_id_rsa_pub",
            "data.template_file.cloud-init-config",
            "hcloud_network.main-net",
            "hcloud_network_subnet.vm-net",
            "hcloud_server.lb1",
            "hcloud_ssh_key.ftsell",
            "module.mail_ip.data.hetznerdns_zone.ftsell_de"
          ]
        }
      ]
    },
    {
      "module": "module.mail_ip",
      "mode": "managed",
      "type": "hcloud_rdns",
      "name": "main",
      "provider": "provider[\"registry.terraform.io/hetznercloud/hcloud\"]",
      "instances": [
        {
          "schema_version": 0,
          "attributes": {
            "dns_ptr": "mail.svc.ftsell.de",
            "floating_ip_id": 25879533,
            "id": "f-25879533-116.202.6.114",
            "ip_address": "116.202.6.114",
            "load_balancer_id": null,
            "server_id": null
          },
          "sensitive_attributes": [],
          "private": "bnVsbA==",
          "dependencies": [
            "data.hetznerdns_zone.ftsell_de",
            "data.local_file.ftsell_id_rsa_pub",
            "data.template_file.cloud-init-config",
            "hcloud_network.main-net",
            "hcloud_network_subnet.vm-net",
            "hcloud_server.lb1",
            "hcloud_ssh_key.ftsell",
            "module.mail_ip.data.hetznerdns_zone.ftsell_de",
            "module.mail_ip.hcloud_floating_ip.main"
          ]
        }
      ]
    },
    {
      "module": "module.mail_ip",
      "mode": "managed",
      "type": "hetznerdns_record",
      "name": "main",
      "provider": "provider[\"registry.terraform.io/timohirt/hetznerdns\"]",
      "instances": [
        {
          "schema_version": 0,
          "attributes": {
            "id": "7e64a15c341008df06f28d6f761f0f06",
            "name": "mail.svc",
            "ttl": 0,
            "type": "A",
            "value": "116.202.6.114",
            "zone_id": "CbSKDWuVhnJzokDvskSk2d"
          },
          "sensitive_attributes": [],
          "private": "bnVsbA==",
          "dependencies": [
            "data.hetznerdns_zone.ftsell_de",
            "data.local_file.ftsell_id_rsa_pub",
            "data.template_file.cloud-init-config",
            "hcloud_network.main-net",
            "hcloud_network_subnet.vm-net",
            "hcloud_server.lb1",
            "hcloud_ssh_key.ftsell",
            "module.mail_ip.data.hetznerdns_zone.ftsell_de",
            "module.mail_ip.hcloud_floating_ip.main"
          ]
        }
      ]
    },
    {
      "module": "module.main_ip",
      "mode": "data",
      "type": "hetznerdns_zone",
      "name": "ftsell_de",
      "provider": "provider[\"registry.terraform.io/timohirt/hetznerdns\"]",
      "instances": [
        {
          "schema_version": 0,
          "attributes": {
            "id": "CbSKDWuVhnJzokDvskSk2d",
            "name": "ftsell.de",
            "ttl": 86400
          },
          "sensitive_attributes": []
        }
      ]
    },
    {
      "module": "module.main_ip",
      "mode": "managed",
      "type": "hcloud_floating_ip",
      "name": "main",
      "provider": "provider[\"registry.terraform.io/hetznercloud/hcloud\"]",
      "instances": [
        {
          "schema_version": 0,
          "attributes": {
            "delete_protection": false,
            "description": "",
            "home_location": "fsn1",
            "id": "25879532",
            "ip_address": "116.202.0.235",
            "ip_network": null,
            "labels": {
              "ftsell.de/dns": "main.svc.ftsell.de"
            },
            "name": "main",
            "server_id": 30380545,
            "type": "ipv4"
          },
          "sensitive_attributes": [],
          "private": "bnVsbA==",
          "dependencies": [
            "data.hetznerdns_zone.ftsell_de",
            "data.local_file.ftsell_id_rsa_pub",
            "data.template_file.cloud-init-config",
            "hcloud_network.main-net",
            "hcloud_network_subnet.vm-net",
            "hcloud_server.lb1",
            "hcloud_ssh_key.ftsell",
            "module.main_ip.data.hetznerdns_zone.ftsell_de"
          ]
        }
      ]
    },
    {
      "module": "module.main_ip",
      "mode": "managed",
      "type": "hcloud_rdns",
      "name": "main",
      "provider": "provider[\"registry.terraform.io/hetznercloud/hcloud\"]",
      "instances": [
        {
          "schema_version": 0,
          "attributes": {
            "dns_ptr": "main.svc.ftsell.de",
            "floating_ip_id": 25879532,
            "id": "f-25879532-116.202.0.235",
            "ip_address": "116.202.0.235",
            "load_balancer_id": null,
            "server_id": null
          },
          "sensitive_attributes": [],
          "private": "bnVsbA==",
          "dependencies": [
            "data.hetznerdns_zone.ftsell_de",
            "data.local_file.ftsell_id_rsa_pub",
            "data.template_file.cloud-init-config",
            "hcloud_network.main-net",
            "hcloud_network_subnet.vm-net",
            "hcloud_server.lb1",
            "hcloud_ssh_key.ftsell",
            "module.main_ip.data.hetznerdns_zone.ftsell_de",
            "module.main_ip.hcloud_floating_ip.main"
          ]
        }
      ]
    },
    {
      "module": "module.main_ip",
      "mode": "managed",
      "type": "hetznerdns_record",
      "name": "main",
      "provider": "provider[\"registry.terraform.io/timohirt/hetznerdns\"]",
      "instances": [
        {
          "schema_version": 0,
          "attributes": {
            "id": "c312b3ef17b07089354c1421e0589fec",
            "name": "main.svc",
            "ttl": 0,
            "type": "A",
            "value": "116.202.0.235",
            "zone_id": "CbSKDWuVhnJzokDvskSk2d"
          },
          "sensitive_attributes": [],
          "private": "bnVsbA==",
          "dependencies": [
            "data.hetznerdns_zone.ftsell_de",
            "data.local_file.ftsell_id_rsa_pub",
            "data.template_file.cloud-init-config",
            "hcloud_network.main-net",
            "hcloud_network_subnet.vm-net",
            "hcloud_server.lb1",
            "hcloud_ssh_key.ftsell",
            "module.main_ip.data.hetznerdns_zone.ftsell_de",
            "module.main_ip.hcloud_floating_ip.main"
          ]
        }
      ]
    }
  ],
  "check_results": null
}
